
Microsoft Visual Studio Solution File, Format Version 12.00
# Visual Studio 15
VisualStudioVersion = 15.0.28307.168
MinimumVisualStudioVersion = 10.0.40219.1
Project("{FAE04EC0-301F-11D3-BF4B-00C04F79EFBC}") = "CDNTokenizers", "CDNTokenizers\CDNTokenizers.csproj", "{ADD7636B-71DB-494D-9DBD-4AF9538D3EDF}"
EndProject
Project("{2150E333-8FDC-42A3-9474-1A3956D46DE8}") = "Core", "Core", "{04D75CFF-936E-40EB-8AFA-F5E8EAFEED75}"
EndProject
Project("{FAE04EC0-301F-11D3-BF4B-00C04F79EFBC}") = "ODBCWrapper", "..\tvmcore\ODBCWrapper\ODBCWrapper.csproj", "{48CB3B25-623B-4500-8E88-2E77A7074238}"
EndProject
Project("{FAE04EC0-301F-11D3-BF4B-00C04F79EFBC}") = "Logger", "..\tvmcore\Logger\Logger.csproj", "{1418DF28-913F-4595-8839-E2C22DA1C269}"
EndProject
Project("{FAE04EC0-301F-11D3-BF4B-00C04F79EFBC}") = "TCMClient", "..\Core\TCMClient\TCMClient.csproj", "{BC7B010E-BFE3-4666-BB4D-6ECC6FAB9472}"
EndProject
Project("{FAE04EC0-301F-11D3-BF4B-00C04F79EFBC}") = "KLogMonitor", "..\tvmcore\KLogMonitor\KLogMonitor.csproj", "{5D56DEA4-3FDA-484D-89E8-5B723D5CD45C}"
EndProject
Global
	GlobalSection(SolutionConfigurationPlatforms) = preSolution
		Debug|Any CPU = Debug|Any CPU
		Release|Any CPU = Release|Any CPU
	EndGlobalSection
	GlobalSection(ProjectConfigurationPlatforms) = postSolution
		{ADD7636B-71DB-494D-9DBD-4AF9538D3EDF}.Debug|Any CPU.ActiveCfg = Debug|Any CPU
		{ADD7636B-71DB-494D-9DBD-4AF9538D3EDF}.Debug|Any CPU.Build.0 = Debug|Any CPU
		{ADD7636B-71DB-494D-9DBD-4AF9538D3EDF}.Release|Any CPU.ActiveCfg = Release|Any CPU
		{ADD7636B-71DB-494D-9DBD-4AF9538D3EDF}.Release|Any CPU.Build.0 = Release|Any CPU
		{48CB3B25-623B-4500-8E88-2E77A7074238}.Debug|Any CPU.ActiveCfg = Debug|Any CPU
		{48CB3B25-623B-4500-8E88-2E77A7074238}.Debug|Any CPU.Build.0 = Debug|Any CPU
		{48CB3B25-623B-4500-8E88-2E77A7074238}.Release|Any CPU.ActiveCfg = Release|Any CPU
		{48CB3B25-623B-4500-8E88-2E77A7074238}.Release|Any CPU.Build.0 = Release|Any CPU
		{1418DF28-913F-4595-8839-E2C22DA1C269}.Debug|Any CPU.ActiveCfg = Debug|Any CPU
		{1418DF28-913F-4595-8839-E2C22DA1C269}.Debug|Any CPU.Build.0 = Debug|Any CPU
		{1418DF28-913F-4595-8839-E2C22DA1C269}.Release|Any CPU.ActiveCfg = Release|Any CPU
		{1418DF28-913F-4595-8839-E2C22DA1C269}.Release|Any CPU.Build.0 = Release|Any CPU
		{BC7B010E-BFE3-4666-BB4D-6ECC6FAB9472}.Debug|Any CPU.ActiveCfg = Debug|Any CPU
		{BC7B010E-BFE3-4666-BB4D-6ECC6FAB9472}.Debug|Any CPU.Build.0 = Debug|Any CPU
		{BC7B010E-BFE3-4666-BB4D-6ECC6FAB9472}.Release|Any CPU.ActiveCfg = Release|Any CPU
		{BC7B010E-BFE3-4666-BB4D-6ECC6FAB9472}.Release|Any CPU.Build.0 = Release|Any CPU
		{5D56DEA4-3FDA-484D-89E8-5B723D5CD45C}.Debug|Any CPU.ActiveCfg = Debug|Any CPU
		{5D56DEA4-3FDA-484D-89E8-5B723D5CD45C}.Debug|Any CPU.Build.0 = Debug|Any CPU
		{5D56DEA4-3FDA-484D-89E8-5B723D5CD45C}.Release|Any CPU.ActiveCfg = Release|Any CPU
		{5D56DEA4-3FDA-484D-89E8-5B723D5CD45C}.Release|Any CPU.Build.0 = Release|Any CPU
	EndGlobalSection
	GlobalSection(SolutionProperties) = preSolution
		HideSolutionNode = FALSE
	EndGlobalSection
	GlobalSection(NestedProjects) = preSolution
		{48CB3B25-623B-4500-8E88-2E77A7074238} = {04D75CFF-936E-40EB-8AFA-F5E8EAFEED75}
		{1418DF28-913F-4595-8839-E2C22DA1C269} = {04D75CFF-936E-40EB-8AFA-F5E8EAFEED75}
		{BC7B010E-BFE3-4666-BB4D-6ECC6FAB9472} = {04D75CFF-936E-40EB-8AFA-F5E8EAFEED75}
		{5D56DEA4-3FDA-484D-89E8-5B723D5CD45C} = {04D75CFF-936E-40EB-8AFA-F5E8EAFEED75}
	EndGlobalSection
	GlobalSection(ExtensibilityGlobals) = postSolution
		SolutionGuid = {804A52F8-7ECE-40A2-86A9-938B725E3ADF}
	EndGlobalSection
EndGlobal
