
Microsoft Visual Studio Solution File, Format Version 12.00
# Visual Studio 2012
Project("{FAE04EC0-301F-11D3-BF4B-00C04F79EFBC}") = "ApiLogic", "Logic\ApiLogic.csproj", "{27C6F3ED-B660-466A-9415-DE2D43E58FF0}"
EndProject
Project("{FAE04EC0-301F-11D3-BF4B-00C04F79EFBC}") = "ApiObjects", "ApiObjects\ApiObjects.csproj", "{6E476AD6-433C-4345-A26D-0E34BC03D9A9}"
EndProject
Project("{2150E333-8FDC-42A3-9474-1A3956D46DE8}") = "Utils", "Utils", "{63B50E12-C9CE-4393-97F7-992586DB1E96}"
EndProject
Project("{2150E333-8FDC-42A3-9474-1A3956D46DE8}") = "Tokenizers", "Tokenizers", "{7FF7E36A-9A5B-465A-8621-7DB55D46B9CD}"
EndProject
Project("{FAE04EC0-301F-11D3-BF4B-00C04F79EFBC}") = "CDNTokenizers", "..\cdntokenizers\CDNTokenizers\CDNTokenizers.csproj", "{ADD7636B-71DB-494D-9DBD-4AF9538D3EDF}"
EndProject
Project("{2150E333-8FDC-42A3-9474-1A3956D46DE8}") = "Managers", "Managers", "{AD962D33-E896-463E-9743-283E07C70A02}"
EndProject
Project("{FAE04EC0-301F-11D3-BF4B-00C04F79EFBC}") = "AdapterControllers", "..\tvmcore\AdapterControllers\AdapterControllers.csproj", "{A1FBDED5-52FE-4B67-9AAB-E71CC366D5CD}"
EndProject
Project("{FAE04EC0-301F-11D3-BF4B-00C04F79EFBC}") = "ADIFeeder", "..\tvmcore\ADIFeeder\ADIFeeder.csproj", "{0B1D4349-8059-48F7-BF8B-31FB1E7A2260}"
EndProject
Project("{FAE04EC0-301F-11D3-BF4B-00C04F79EFBC}") = "AkamaiTokenGenerator", "..\tvmcore\AkamaiTokenGenerator\AkamaiTokenGenerator.csproj", "{4E22204A-9560-4E78-8805-EFED0D0EEC9D}"
EndProject
Project("{FAE04EC0-301F-11D3-BF4B-00C04F79EFBC}") = "CachingHelpers", "..\tvmcore\CachingHelpers\CachingHelpers.csproj", "{C94F4AFF-E892-4055-9D20-07586BE88F3A}"
EndProject
Project("{FAE04EC0-301F-11D3-BF4B-00C04F79EFBC}") = "CachingManager", "..\tvmcore\CachingManager\CachingManager.csproj", "{CCDA61B3-0E68-483C-AB7F-3ED36E3384E2}"
EndProject
Project("{2150E333-8FDC-42A3-9474-1A3956D46DE8}") = "DALs", "DALs", "{E409263E-6E18-4469-A3D1-29CD76A3DBAE}"
EndProject
Project("{FAE04EC0-301F-11D3-BF4B-00C04F79EFBC}") = "DalCB", "..\tvmcore\DalCB\DalCB.csproj", "{CC97D8E8-CFCB-4A33-A8AE-34EBDB0812C3}"
EndProject
Project("{FAE04EC0-301F-11D3-BF4B-00C04F79EFBC}") = "DAL", "..\tvmcore\DAL\DAL.csproj", "{932109FA-5260-4709-BD4B-4A8D77E4CF01}"
EndProject
Project("{FAE04EC0-301F-11D3-BF4B-00C04F79EFBC}") = "ElasticSearch", "..\tvmcore\ElasticSearch\ElasticSearch.csproj", "{C9718E6D-F866-4991-80CD-4BAFDF4D8878}"
EndProject
Project("{FAE04EC0-301F-11D3-BF4B-00C04F79EFBC}") = "ODBCWrapper", "..\tvmcore\ODBCWrapper\ODBCWrapper.csproj", "{48CB3B25-623B-4500-8E88-2E77A7074238}"
EndProject
Project("{FAE04EC0-301F-11D3-BF4B-00C04F79EFBC}") = "CachingProvider", "..\tvmcore\CachingProvider\CachingProvider.csproj", "{4191D9E7-8502-4B00-A488-771240E2CF40}"
EndProject
Project("{FAE04EC0-301F-11D3-BF4B-00C04F79EFBC}") = "EventManager", "..\tvmcore\EventManager\EventManager.csproj", "{1168121B-FB3F-48D8-89B9-7E0BE7E9C901}"
EndProject
Project("{FAE04EC0-301F-11D3-BF4B-00C04F79EFBC}") = "GroupsCacheManager", "..\tvmcore\GroupsCacheManager\GroupsCacheManager.csproj", "{25037A8A-7C6D-4496-B757-6FA85ABDD3CF}"
EndProject
Project("{FAE04EC0-301F-11D3-BF4B-00C04F79EFBC}") = "QueueWrapper", "..\tvmcore\QueueWrapper\QueueWrapper.csproj", "{E4F95CCC-2127-4A5C-90BB-D60A446BEC3B}"
EndProject
Project("{FAE04EC0-301F-11D3-BF4B-00C04F79EFBC}") = "StreamingProvider", "..\tvmcore\StreamingProvider\StreamingProvider.csproj", "{320C9FF3-DA35-42EA-A872-65B1CFE681CB}"
EndProject
Project("{FAE04EC0-301F-11D3-BF4B-00C04F79EFBC}") = "TvinciCache", "..\tvmcore\TvinciCache\TvinciCache.csproj", "{D57B2371-DA31-4035-8B00-6A6D0256EC00}"
EndProject
Project("{FAE04EC0-301F-11D3-BF4B-00C04F79EFBC}") = "Uploader", "..\tvmcore\Uploader\Uploader.csproj", "{A35BD0D3-3055-4206-8B3F-80079F9ECA15}"
EndProject
Project("{FAE04EC0-301F-11D3-BF4B-00C04F79EFBC}") = "EpgIngest", "..\tvmcore\EpgIngest\EpgIngest.csproj", "{13504508-227B-4099-9987-3DF3D2F8E792}"
EndProject
Project("{FAE04EC0-301F-11D3-BF4B-00C04F79EFBC}") = "GoogleAPI", "..\tvmcore\GoogleAPI\GoogleAPI.csproj", "{27572CCD-362B-4F99-900D-72CA3BDD1DDF}"
EndProject
Project("{FAE04EC0-301F-11D3-BF4B-00C04F79EFBC}") = "Mailer", "..\tvmcore\Mailer\Mailer.csproj", "{8C082DFD-81EE-4623-8BE9-32D34DED6407}"
EndProject
Project("{FAE04EC0-301F-11D3-BF4B-00C04F79EFBC}") = "MCGroupRules", "..\tvmcore\MCGroupRules\MCGroupRules.csproj", "{7A9C7A82-02FA-4B2E-9391-175CA212012D}"
EndProject
Project("{FAE04EC0-301F-11D3-BF4B-00C04F79EFBC}") = "Notifiers", "..\tvmcore\Notifiers\Notifiers.csproj", "{31A03896-6FD2-4591-AB2E-A4278C24F8DB}"
EndProject
Project("{FAE04EC0-301F-11D3-BF4B-00C04F79EFBC}") = "ScheduledTasks", "..\tvmcore\ScheduledTasks\ScheduledTasks.csproj", "{4EB719ED-06B1-4C05-A7CA-269D802105EA}"
EndProject
Project("{FAE04EC0-301F-11D3-BF4B-00C04F79EFBC}") = "StaticticsBL", "..\tvmcore\StaticticsBL\StaticticsBL.csproj", "{798ABF79-9CC5-4D97-BAC3-DE1F9B016EC2}"
EndProject
Project("{FAE04EC0-301F-11D3-BF4B-00C04F79EFBC}") = "Synchronizer", "..\tvmcore\Synchronizer\Synchronizer.csproj", "{9B1D6676-614F-4F0D-9BFB-66422F8A5031}"
EndProject
Project("{FAE04EC0-301F-11D3-BF4B-00C04F79EFBC}") = "TVinciShared", "..\tvmcore\TVinciShared\TVinciShared.csproj", "{BF33E5BD-0536-4BF8-9D26-86B6A2DACA5F}"
EndProject
Project("{2150E333-8FDC-42A3-9474-1A3956D46DE8}") = "Logic", "Logic", "{457B38E7-2358-4C31-AED0-FB7AB73428C1}"
EndProject
Project("{FAE04EC0-301F-11D3-BF4B-00C04F79EFBC}") = "EpgBL", "..\tvmcore\EpgBL\EpgBL.csproj", "{D458E586-6306-4111-8080-E3FCDBF82995}"
EndProject
Project("{FAE04EC0-301F-11D3-BF4B-00C04F79EFBC}") = "M1BL", "..\tvmcore\M1BL\M1BL.csproj", "{D5DC1E20-5E10-4D3C-BC6F-6F596D890981}"
EndProject
Project("{FAE04EC0-301F-11D3-BF4B-00C04F79EFBC}") = "NPVR", "..\tvmcore\NPVR\NPVR.csproj", "{EA7E6211-06BC-41AD-8E44-874E5660FBF1}"
EndProject
Project("{FAE04EC0-301F-11D3-BF4B-00C04F79EFBC}") = "TvinciImporter", "..\tvmcore\TvinciImporter\TvinciImporter.csproj", "{0A7D54E6-41A3-4F53-BBDD-81FD9A67A2C1}"
EndProject
Project("{FAE04EC0-301F-11D3-BF4B-00C04F79EFBC}") = "ImageManager", "..\tvmcore\ImageManager\ImageManager.csproj", "{145E19BB-EA2E-430A-8CA6-707877D53D02}"
EndProject
Project("{FAE04EC0-301F-11D3-BF4B-00C04F79EFBC}") = "LLNWMediaVault", "..\tvmcore\LLNWMediaVault\LLNWMediaVault.csproj", "{E56DA89E-EFE0-4077-AB1B-FE00389D5A02}"
EndProject
Project("{FAE04EC0-301F-11D3-BF4B-00C04F79EFBC}") = "UploadQueue", "..\tvmcore\FTPUploadQueue\UploadQueue.csproj", "{8E6BE280-9DCC-42D2-84C2-1A56812AE704}"
EndProject
Project("{2150E333-8FDC-42A3-9474-1A3956D46DE8}") = ".nuget", ".nuget", "{A8E50363-7008-4D2C-A79A-6A70775BD2AD}"
	ProjectSection(SolutionItems) = preProject
		.nuget\NuGet.Config = .nuget\NuGet.Config
		.nuget\NuGet.exe = .nuget\NuGet.exe
		.nuget\NuGet.targets = .nuget\NuGet.targets
	EndProjectSection
EndProject
Project("{FAE04EC0-301F-11D3-BF4B-00C04F79EFBC}") = "CouchbaseManager", "..\tvmcore\CouchbaseManager\CouchbaseManager.csproj", "{B44DC37D-5658-4B85-8CC4-0EC72838CAFC}"
EndProject
Project("{2150E333-8FDC-42A3-9474-1A3956D46DE8}") = "UsersCoreToPS", "UsersCoreToPS", "{E7876CD5-00AB-4F3A-990E-6CF8DE540F33}"
EndProject
Project("{FAE04EC0-301F-11D3-BF4B-00C04F79EFBC}") = "MediaCorp", "UsersCoreToPS\MediaCorp\MediaCorp.csproj", "{AD8E1BFD-BA7B-4DDB-8D55-876AFE16CB65}"
EndProject
Project("{FAE04EC0-301F-11D3-BF4B-00C04F79EFBC}") = "SSOKdgImplementation", "UsersCoreToPS\SSOKdgImplementation\SSOKdgImplementation.csproj", "{F4946ECD-BD5B-4ADB-8057-840767297FA6}"
EndProject
Project("{FAE04EC0-301F-11D3-BF4B-00C04F79EFBC}") = "SSOOAuthImplementation", "UsersCoreToPS\SSOOAuthImplementation\SSOOAuthImplementation.csproj", "{449165B0-160A-4913-AA0C-A916063AB1DD}"
EndProject
Project("{FAE04EC0-301F-11D3-BF4B-00C04F79EFBC}") = "SSOTvinciImplementation", "UsersCoreToPS\SSOTvinciImplementation\SSOTvinciImplementation.csproj", "{3A72DA66-73A1-40AD-B583-2433F5381C8C}"
EndProject
Project("{FAE04EC0-301F-11D3-BF4B-00C04F79EFBC}") = "SSOOSamlImplementation", "UsersCoreToPS\SSOOSamlImplementation\SSOOSamlImplementation.csproj", "{0A069068-9CB4-48A5-9D14-6E0FD4E31CEE}"
EndProject
Project("{FAE04EC0-301F-11D3-BF4B-00C04F79EFBC}") = "Kaltura", "UsersCoreToPS\Kaltura\Kaltura.csproj", "{190501C5-91F6-489D-BC5A-2D80E7AB179F}"
EndProject
Global
	GlobalSection(SolutionConfigurationPlatforms) = preSolution
		Basic|Any CPU = Basic|Any CPU
		Debug|Any CPU = Debug|Any CPU
		Local|Any CPU = Local|Any CPU
		Release|Any CPU = Release|Any CPU
	EndGlobalSection
	GlobalSection(ProjectConfigurationPlatforms) = postSolution
		{27C6F3ED-B660-466A-9415-DE2D43E58FF0}.Basic|Any CPU.ActiveCfg = Local|Any CPU
		{27C6F3ED-B660-466A-9415-DE2D43E58FF0}.Basic|Any CPU.Build.0 = Local|Any CPU
		{27C6F3ED-B660-466A-9415-DE2D43E58FF0}.Debug|Any CPU.ActiveCfg = Debug|Any CPU
		{27C6F3ED-B660-466A-9415-DE2D43E58FF0}.Debug|Any CPU.Build.0 = Debug|Any CPU
		{27C6F3ED-B660-466A-9415-DE2D43E58FF0}.Local|Any CPU.ActiveCfg = Local|Any CPU
		{27C6F3ED-B660-466A-9415-DE2D43E58FF0}.Local|Any CPU.Build.0 = Local|Any CPU
		{27C6F3ED-B660-466A-9415-DE2D43E58FF0}.Release|Any CPU.ActiveCfg = Release|Any CPU
		{27C6F3ED-B660-466A-9415-DE2D43E58FF0}.Release|Any CPU.Build.0 = Release|Any CPU
		{6E476AD6-433C-4345-A26D-0E34BC03D9A9}.Basic|Any CPU.ActiveCfg = Basic|Any CPU
		{6E476AD6-433C-4345-A26D-0E34BC03D9A9}.Basic|Any CPU.Build.0 = Basic|Any CPU
		{6E476AD6-433C-4345-A26D-0E34BC03D9A9}.Debug|Any CPU.ActiveCfg = Debug|Any CPU
		{6E476AD6-433C-4345-A26D-0E34BC03D9A9}.Debug|Any CPU.Build.0 = Debug|Any CPU
		{6E476AD6-433C-4345-A26D-0E34BC03D9A9}.Local|Any CPU.ActiveCfg = Local|Any CPU
		{6E476AD6-433C-4345-A26D-0E34BC03D9A9}.Local|Any CPU.Build.0 = Local|Any CPU
		{6E476AD6-433C-4345-A26D-0E34BC03D9A9}.Release|Any CPU.ActiveCfg = Release|Any CPU
		{6E476AD6-433C-4345-A26D-0E34BC03D9A9}.Release|Any CPU.Build.0 = Release|Any CPU
		{ADD7636B-71DB-494D-9DBD-4AF9538D3EDF}.Basic|Any CPU.ActiveCfg = Release|Any CPU
		{ADD7636B-71DB-494D-9DBD-4AF9538D3EDF}.Basic|Any CPU.Build.0 = Release|Any CPU
		{ADD7636B-71DB-494D-9DBD-4AF9538D3EDF}.Debug|Any CPU.ActiveCfg = Debug|Any CPU
		{ADD7636B-71DB-494D-9DBD-4AF9538D3EDF}.Debug|Any CPU.Build.0 = Debug|Any CPU
		{ADD7636B-71DB-494D-9DBD-4AF9538D3EDF}.Local|Any CPU.ActiveCfg = Release|Any CPU
		{ADD7636B-71DB-494D-9DBD-4AF9538D3EDF}.Local|Any CPU.Build.0 = Release|Any CPU
		{ADD7636B-71DB-494D-9DBD-4AF9538D3EDF}.Release|Any CPU.ActiveCfg = Release|Any CPU
		{ADD7636B-71DB-494D-9DBD-4AF9538D3EDF}.Release|Any CPU.Build.0 = Release|Any CPU
		{A1FBDED5-52FE-4B67-9AAB-E71CC366D5CD}.Basic|Any CPU.ActiveCfg = Release|Any CPU
		{A1FBDED5-52FE-4B67-9AAB-E71CC366D5CD}.Basic|Any CPU.Build.0 = Release|Any CPU
		{A1FBDED5-52FE-4B67-9AAB-E71CC366D5CD}.Debug|Any CPU.ActiveCfg = Debug|Any CPU
		{A1FBDED5-52FE-4B67-9AAB-E71CC366D5CD}.Debug|Any CPU.Build.0 = Debug|Any CPU
		{A1FBDED5-52FE-4B67-9AAB-E71CC366D5CD}.Local|Any CPU.ActiveCfg = Release|Any CPU
		{A1FBDED5-52FE-4B67-9AAB-E71CC366D5CD}.Local|Any CPU.Build.0 = Release|Any CPU
		{A1FBDED5-52FE-4B67-9AAB-E71CC366D5CD}.Release|Any CPU.ActiveCfg = Release|Any CPU
		{A1FBDED5-52FE-4B67-9AAB-E71CC366D5CD}.Release|Any CPU.Build.0 = Release|Any CPU
		{0B1D4349-8059-48F7-BF8B-31FB1E7A2260}.Basic|Any CPU.ActiveCfg = Local|Any CPU
		{0B1D4349-8059-48F7-BF8B-31FB1E7A2260}.Basic|Any CPU.Build.0 = Local|Any CPU
		{0B1D4349-8059-48F7-BF8B-31FB1E7A2260}.Debug|Any CPU.ActiveCfg = Debug|Any CPU
		{0B1D4349-8059-48F7-BF8B-31FB1E7A2260}.Debug|Any CPU.Build.0 = Debug|Any CPU
		{0B1D4349-8059-48F7-BF8B-31FB1E7A2260}.Local|Any CPU.ActiveCfg = Local|Any CPU
		{0B1D4349-8059-48F7-BF8B-31FB1E7A2260}.Local|Any CPU.Build.0 = Local|Any CPU
		{0B1D4349-8059-48F7-BF8B-31FB1E7A2260}.Release|Any CPU.ActiveCfg = Release|Any CPU
		{0B1D4349-8059-48F7-BF8B-31FB1E7A2260}.Release|Any CPU.Build.0 = Release|Any CPU
		{4E22204A-9560-4E78-8805-EFED0D0EEC9D}.Basic|Any CPU.ActiveCfg = Local|Any CPU
		{4E22204A-9560-4E78-8805-EFED0D0EEC9D}.Basic|Any CPU.Build.0 = Local|Any CPU
		{4E22204A-9560-4E78-8805-EFED0D0EEC9D}.Debug|Any CPU.ActiveCfg = Debug|Any CPU
		{4E22204A-9560-4E78-8805-EFED0D0EEC9D}.Debug|Any CPU.Build.0 = Debug|Any CPU
		{4E22204A-9560-4E78-8805-EFED0D0EEC9D}.Local|Any CPU.ActiveCfg = Local|Any CPU
		{4E22204A-9560-4E78-8805-EFED0D0EEC9D}.Local|Any CPU.Build.0 = Local|Any CPU
		{4E22204A-9560-4E78-8805-EFED0D0EEC9D}.Release|Any CPU.ActiveCfg = Release|Any CPU
		{4E22204A-9560-4E78-8805-EFED0D0EEC9D}.Release|Any CPU.Build.0 = Release|Any CPU
		{C94F4AFF-E892-4055-9D20-07586BE88F3A}.Basic|Any CPU.ActiveCfg = Release|Any CPU
		{C94F4AFF-E892-4055-9D20-07586BE88F3A}.Basic|Any CPU.Build.0 = Release|Any CPU
		{C94F4AFF-E892-4055-9D20-07586BE88F3A}.Debug|Any CPU.ActiveCfg = Debug|Any CPU
		{C94F4AFF-E892-4055-9D20-07586BE88F3A}.Debug|Any CPU.Build.0 = Debug|Any CPU
		{C94F4AFF-E892-4055-9D20-07586BE88F3A}.Local|Any CPU.ActiveCfg = Release|Any CPU
		{C94F4AFF-E892-4055-9D20-07586BE88F3A}.Local|Any CPU.Build.0 = Release|Any CPU
		{C94F4AFF-E892-4055-9D20-07586BE88F3A}.Release|Any CPU.ActiveCfg = Release|Any CPU
		{C94F4AFF-E892-4055-9D20-07586BE88F3A}.Release|Any CPU.Build.0 = Release|Any CPU
		{CCDA61B3-0E68-483C-AB7F-3ED36E3384E2}.Basic|Any CPU.ActiveCfg = Local|Any CPU
		{CCDA61B3-0E68-483C-AB7F-3ED36E3384E2}.Basic|Any CPU.Build.0 = Local|Any CPU
		{CCDA61B3-0E68-483C-AB7F-3ED36E3384E2}.Debug|Any CPU.ActiveCfg = Debug|Any CPU
		{CCDA61B3-0E68-483C-AB7F-3ED36E3384E2}.Debug|Any CPU.Build.0 = Debug|Any CPU
		{CCDA61B3-0E68-483C-AB7F-3ED36E3384E2}.Local|Any CPU.ActiveCfg = Local|Any CPU
		{CCDA61B3-0E68-483C-AB7F-3ED36E3384E2}.Local|Any CPU.Build.0 = Local|Any CPU
		{CCDA61B3-0E68-483C-AB7F-3ED36E3384E2}.Release|Any CPU.ActiveCfg = Release|Any CPU
		{CCDA61B3-0E68-483C-AB7F-3ED36E3384E2}.Release|Any CPU.Build.0 = Release|Any CPU
		{CC97D8E8-CFCB-4A33-A8AE-34EBDB0812C3}.Basic|Any CPU.ActiveCfg = Local|Any CPU
		{CC97D8E8-CFCB-4A33-A8AE-34EBDB0812C3}.Basic|Any CPU.Build.0 = Local|Any CPU
		{CC97D8E8-CFCB-4A33-A8AE-34EBDB0812C3}.Debug|Any CPU.ActiveCfg = Debug|Any CPU
		{CC97D8E8-CFCB-4A33-A8AE-34EBDB0812C3}.Debug|Any CPU.Build.0 = Debug|Any CPU
		{CC97D8E8-CFCB-4A33-A8AE-34EBDB0812C3}.Local|Any CPU.ActiveCfg = Local|Any CPU
		{CC97D8E8-CFCB-4A33-A8AE-34EBDB0812C3}.Local|Any CPU.Build.0 = Local|Any CPU
		{CC97D8E8-CFCB-4A33-A8AE-34EBDB0812C3}.Release|Any CPU.ActiveCfg = Release|Any CPU
		{CC97D8E8-CFCB-4A33-A8AE-34EBDB0812C3}.Release|Any CPU.Build.0 = Release|Any CPU
		{932109FA-5260-4709-BD4B-4A8D77E4CF01}.Basic|Any CPU.ActiveCfg = Local|Any CPU
		{932109FA-5260-4709-BD4B-4A8D77E4CF01}.Basic|Any CPU.Build.0 = Local|Any CPU
		{932109FA-5260-4709-BD4B-4A8D77E4CF01}.Debug|Any CPU.ActiveCfg = Debug|Any CPU
		{932109FA-5260-4709-BD4B-4A8D77E4CF01}.Debug|Any CPU.Build.0 = Debug|Any CPU
		{932109FA-5260-4709-BD4B-4A8D77E4CF01}.Local|Any CPU.ActiveCfg = Local|Any CPU
		{932109FA-5260-4709-BD4B-4A8D77E4CF01}.Local|Any CPU.Build.0 = Local|Any CPU
		{932109FA-5260-4709-BD4B-4A8D77E4CF01}.Release|Any CPU.ActiveCfg = Release|Any CPU
		{932109FA-5260-4709-BD4B-4A8D77E4CF01}.Release|Any CPU.Build.0 = Release|Any CPU
		{C9718E6D-F866-4991-80CD-4BAFDF4D8878}.Basic|Any CPU.ActiveCfg = Basic|Any CPU
		{C9718E6D-F866-4991-80CD-4BAFDF4D8878}.Basic|Any CPU.Build.0 = Basic|Any CPU
		{C9718E6D-F866-4991-80CD-4BAFDF4D8878}.Debug|Any CPU.ActiveCfg = Debug|Any CPU
		{C9718E6D-F866-4991-80CD-4BAFDF4D8878}.Debug|Any CPU.Build.0 = Debug|Any CPU
		{C9718E6D-F866-4991-80CD-4BAFDF4D8878}.Local|Any CPU.ActiveCfg = Local|Any CPU
		{C9718E6D-F866-4991-80CD-4BAFDF4D8878}.Local|Any CPU.Build.0 = Local|Any CPU
		{C9718E6D-F866-4991-80CD-4BAFDF4D8878}.Release|Any CPU.ActiveCfg = Release|Any CPU
		{C9718E6D-F866-4991-80CD-4BAFDF4D8878}.Release|Any CPU.Build.0 = Release|Any CPU
		{48CB3B25-623B-4500-8E88-2E77A7074238}.Basic|Any CPU.ActiveCfg = Local|Any CPU
		{48CB3B25-623B-4500-8E88-2E77A7074238}.Basic|Any CPU.Build.0 = Local|Any CPU
		{48CB3B25-623B-4500-8E88-2E77A7074238}.Debug|Any CPU.ActiveCfg = Debug|Any CPU
		{48CB3B25-623B-4500-8E88-2E77A7074238}.Debug|Any CPU.Build.0 = Debug|Any CPU
		{48CB3B25-623B-4500-8E88-2E77A7074238}.Local|Any CPU.ActiveCfg = Local|Any CPU
		{48CB3B25-623B-4500-8E88-2E77A7074238}.Local|Any CPU.Build.0 = Local|Any CPU
		{48CB3B25-623B-4500-8E88-2E77A7074238}.Release|Any CPU.ActiveCfg = Release|Any CPU
		{48CB3B25-623B-4500-8E88-2E77A7074238}.Release|Any CPU.Build.0 = Release|Any CPU
		{4191D9E7-8502-4B00-A488-771240E2CF40}.Basic|Any CPU.ActiveCfg = Local|Any CPU
		{4191D9E7-8502-4B00-A488-771240E2CF40}.Basic|Any CPU.Build.0 = Local|Any CPU
		{4191D9E7-8502-4B00-A488-771240E2CF40}.Debug|Any CPU.ActiveCfg = Debug|Any CPU
		{4191D9E7-8502-4B00-A488-771240E2CF40}.Debug|Any CPU.Build.0 = Debug|Any CPU
		{4191D9E7-8502-4B00-A488-771240E2CF40}.Local|Any CPU.ActiveCfg = Local|Any CPU
		{4191D9E7-8502-4B00-A488-771240E2CF40}.Local|Any CPU.Build.0 = Local|Any CPU
		{4191D9E7-8502-4B00-A488-771240E2CF40}.Release|Any CPU.ActiveCfg = Release|Any CPU
		{4191D9E7-8502-4B00-A488-771240E2CF40}.Release|Any CPU.Build.0 = Release|Any CPU
		{1168121B-FB3F-48D8-89B9-7E0BE7E9C901}.Basic|Any CPU.ActiveCfg = Release|Any CPU
		{1168121B-FB3F-48D8-89B9-7E0BE7E9C901}.Basic|Any CPU.Build.0 = Release|Any CPU
		{1168121B-FB3F-48D8-89B9-7E0BE7E9C901}.Debug|Any CPU.ActiveCfg = Debug|Any CPU
		{1168121B-FB3F-48D8-89B9-7E0BE7E9C901}.Debug|Any CPU.Build.0 = Debug|Any CPU
		{1168121B-FB3F-48D8-89B9-7E0BE7E9C901}.Local|Any CPU.ActiveCfg = Release|Any CPU
		{1168121B-FB3F-48D8-89B9-7E0BE7E9C901}.Local|Any CPU.Build.0 = Release|Any CPU
		{1168121B-FB3F-48D8-89B9-7E0BE7E9C901}.Release|Any CPU.ActiveCfg = Release|Any CPU
		{1168121B-FB3F-48D8-89B9-7E0BE7E9C901}.Release|Any CPU.Build.0 = Release|Any CPU
		{25037A8A-7C6D-4496-B757-6FA85ABDD3CF}.Basic|Any CPU.ActiveCfg = Local|Any CPU
		{25037A8A-7C6D-4496-B757-6FA85ABDD3CF}.Basic|Any CPU.Build.0 = Local|Any CPU
		{25037A8A-7C6D-4496-B757-6FA85ABDD3CF}.Debug|Any CPU.ActiveCfg = Debug|Any CPU
		{25037A8A-7C6D-4496-B757-6FA85ABDD3CF}.Debug|Any CPU.Build.0 = Debug|Any CPU
		{25037A8A-7C6D-4496-B757-6FA85ABDD3CF}.Local|Any CPU.ActiveCfg = Local|Any CPU
		{25037A8A-7C6D-4496-B757-6FA85ABDD3CF}.Local|Any CPU.Build.0 = Local|Any CPU
		{25037A8A-7C6D-4496-B757-6FA85ABDD3CF}.Release|Any CPU.ActiveCfg = Release|Any CPU
		{25037A8A-7C6D-4496-B757-6FA85ABDD3CF}.Release|Any CPU.Build.0 = Release|Any CPU
		{E4F95CCC-2127-4A5C-90BB-D60A446BEC3B}.Basic|Any CPU.ActiveCfg = Local|Any CPU
		{E4F95CCC-2127-4A5C-90BB-D60A446BEC3B}.Basic|Any CPU.Build.0 = Local|Any CPU
		{E4F95CCC-2127-4A5C-90BB-D60A446BEC3B}.Debug|Any CPU.ActiveCfg = Debug|Any CPU
		{E4F95CCC-2127-4A5C-90BB-D60A446BEC3B}.Debug|Any CPU.Build.0 = Debug|Any CPU
		{E4F95CCC-2127-4A5C-90BB-D60A446BEC3B}.Local|Any CPU.ActiveCfg = Local|Any CPU
		{E4F95CCC-2127-4A5C-90BB-D60A446BEC3B}.Local|Any CPU.Build.0 = Local|Any CPU
		{E4F95CCC-2127-4A5C-90BB-D60A446BEC3B}.Release|Any CPU.ActiveCfg = Release|Any CPU
		{E4F95CCC-2127-4A5C-90BB-D60A446BEC3B}.Release|Any CPU.Build.0 = Release|Any CPU
		{320C9FF3-DA35-42EA-A872-65B1CFE681CB}.Basic|Any CPU.ActiveCfg = Local|Any CPU
		{320C9FF3-DA35-42EA-A872-65B1CFE681CB}.Basic|Any CPU.Build.0 = Local|Any CPU
		{320C9FF3-DA35-42EA-A872-65B1CFE681CB}.Debug|Any CPU.ActiveCfg = Debug|Any CPU
		{320C9FF3-DA35-42EA-A872-65B1CFE681CB}.Debug|Any CPU.Build.0 = Debug|Any CPU
		{320C9FF3-DA35-42EA-A872-65B1CFE681CB}.Local|Any CPU.ActiveCfg = Local|Any CPU
		{320C9FF3-DA35-42EA-A872-65B1CFE681CB}.Local|Any CPU.Build.0 = Local|Any CPU
		{320C9FF3-DA35-42EA-A872-65B1CFE681CB}.Release|Any CPU.ActiveCfg = Release|Any CPU
		{320C9FF3-DA35-42EA-A872-65B1CFE681CB}.Release|Any CPU.Build.0 = Release|Any CPU
		{D57B2371-DA31-4035-8B00-6A6D0256EC00}.Basic|Any CPU.ActiveCfg = Local|Any CPU
		{D57B2371-DA31-4035-8B00-6A6D0256EC00}.Basic|Any CPU.Build.0 = Local|Any CPU
		{D57B2371-DA31-4035-8B00-6A6D0256EC00}.Debug|Any CPU.ActiveCfg = Debug|Any CPU
		{D57B2371-DA31-4035-8B00-6A6D0256EC00}.Debug|Any CPU.Build.0 = Debug|Any CPU
		{D57B2371-DA31-4035-8B00-6A6D0256EC00}.Local|Any CPU.ActiveCfg = Local|Any CPU
		{D57B2371-DA31-4035-8B00-6A6D0256EC00}.Local|Any CPU.Build.0 = Local|Any CPU
		{D57B2371-DA31-4035-8B00-6A6D0256EC00}.Release|Any CPU.ActiveCfg = Release|Any CPU
		{D57B2371-DA31-4035-8B00-6A6D0256EC00}.Release|Any CPU.Build.0 = Release|Any CPU
		{A35BD0D3-3055-4206-8B3F-80079F9ECA15}.Basic|Any CPU.ActiveCfg = Local|Any CPU
		{A35BD0D3-3055-4206-8B3F-80079F9ECA15}.Basic|Any CPU.Build.0 = Local|Any CPU
		{A35BD0D3-3055-4206-8B3F-80079F9ECA15}.Debug|Any CPU.ActiveCfg = Debug|Any CPU
		{A35BD0D3-3055-4206-8B3F-80079F9ECA15}.Debug|Any CPU.Build.0 = Debug|Any CPU
		{A35BD0D3-3055-4206-8B3F-80079F9ECA15}.Local|Any CPU.ActiveCfg = Local|Any CPU
		{A35BD0D3-3055-4206-8B3F-80079F9ECA15}.Local|Any CPU.Build.0 = Local|Any CPU
		{A35BD0D3-3055-4206-8B3F-80079F9ECA15}.Release|Any CPU.ActiveCfg = Release|Any CPU
		{A35BD0D3-3055-4206-8B3F-80079F9ECA15}.Release|Any CPU.Build.0 = Release|Any CPU
		{13504508-227B-4099-9987-3DF3D2F8E792}.Basic|Any CPU.ActiveCfg = Release|Any CPU
		{13504508-227B-4099-9987-3DF3D2F8E792}.Basic|Any CPU.Build.0 = Release|Any CPU
		{13504508-227B-4099-9987-3DF3D2F8E792}.Debug|Any CPU.ActiveCfg = Debug|Any CPU
		{13504508-227B-4099-9987-3DF3D2F8E792}.Debug|Any CPU.Build.0 = Debug|Any CPU
		{13504508-227B-4099-9987-3DF3D2F8E792}.Local|Any CPU.ActiveCfg = Release|Any CPU
		{13504508-227B-4099-9987-3DF3D2F8E792}.Local|Any CPU.Build.0 = Release|Any CPU
		{13504508-227B-4099-9987-3DF3D2F8E792}.Release|Any CPU.ActiveCfg = Release|Any CPU
		{13504508-227B-4099-9987-3DF3D2F8E792}.Release|Any CPU.Build.0 = Release|Any CPU
		{27572CCD-362B-4F99-900D-72CA3BDD1DDF}.Basic|Any CPU.ActiveCfg = Local|Any CPU
		{27572CCD-362B-4F99-900D-72CA3BDD1DDF}.Basic|Any CPU.Build.0 = Local|Any CPU
		{27572CCD-362B-4F99-900D-72CA3BDD1DDF}.Debug|Any CPU.ActiveCfg = Debug|Any CPU
		{27572CCD-362B-4F99-900D-72CA3BDD1DDF}.Debug|Any CPU.Build.0 = Debug|Any CPU
		{27572CCD-362B-4F99-900D-72CA3BDD1DDF}.Local|Any CPU.ActiveCfg = Local|Any CPU
		{27572CCD-362B-4F99-900D-72CA3BDD1DDF}.Local|Any CPU.Build.0 = Local|Any CPU
		{27572CCD-362B-4F99-900D-72CA3BDD1DDF}.Release|Any CPU.ActiveCfg = Release|Any CPU
		{27572CCD-362B-4F99-900D-72CA3BDD1DDF}.Release|Any CPU.Build.0 = Release|Any CPU
		{8C082DFD-81EE-4623-8BE9-32D34DED6407}.Basic|Any CPU.ActiveCfg = Local|Any CPU
		{8C082DFD-81EE-4623-8BE9-32D34DED6407}.Basic|Any CPU.Build.0 = Local|Any CPU
		{8C082DFD-81EE-4623-8BE9-32D34DED6407}.Debug|Any CPU.ActiveCfg = Debug|Any CPU
		{8C082DFD-81EE-4623-8BE9-32D34DED6407}.Debug|Any CPU.Build.0 = Debug|Any CPU
		{8C082DFD-81EE-4623-8BE9-32D34DED6407}.Local|Any CPU.ActiveCfg = Local|Any CPU
		{8C082DFD-81EE-4623-8BE9-32D34DED6407}.Local|Any CPU.Build.0 = Local|Any CPU
		{8C082DFD-81EE-4623-8BE9-32D34DED6407}.Release|Any CPU.ActiveCfg = Release|Any CPU
		{8C082DFD-81EE-4623-8BE9-32D34DED6407}.Release|Any CPU.Build.0 = Release|Any CPU
		{7A9C7A82-02FA-4B2E-9391-175CA212012D}.Basic|Any CPU.ActiveCfg = Local|Any CPU
		{7A9C7A82-02FA-4B2E-9391-175CA212012D}.Basic|Any CPU.Build.0 = Local|Any CPU
		{7A9C7A82-02FA-4B2E-9391-175CA212012D}.Debug|Any CPU.ActiveCfg = Debug|Any CPU
		{7A9C7A82-02FA-4B2E-9391-175CA212012D}.Debug|Any CPU.Build.0 = Debug|Any CPU
		{7A9C7A82-02FA-4B2E-9391-175CA212012D}.Local|Any CPU.ActiveCfg = Local|Any CPU
		{7A9C7A82-02FA-4B2E-9391-175CA212012D}.Local|Any CPU.Build.0 = Local|Any CPU
		{7A9C7A82-02FA-4B2E-9391-175CA212012D}.Release|Any CPU.ActiveCfg = Release|Any CPU
		{7A9C7A82-02FA-4B2E-9391-175CA212012D}.Release|Any CPU.Build.0 = Release|Any CPU
		{31A03896-6FD2-4591-AB2E-A4278C24F8DB}.Basic|Any CPU.ActiveCfg = Local|Any CPU
		{31A03896-6FD2-4591-AB2E-A4278C24F8DB}.Basic|Any CPU.Build.0 = Local|Any CPU
		{31A03896-6FD2-4591-AB2E-A4278C24F8DB}.Debug|Any CPU.ActiveCfg = Debug|Any CPU
		{31A03896-6FD2-4591-AB2E-A4278C24F8DB}.Debug|Any CPU.Build.0 = Debug|Any CPU
		{31A03896-6FD2-4591-AB2E-A4278C24F8DB}.Local|Any CPU.ActiveCfg = Local|Any CPU
		{31A03896-6FD2-4591-AB2E-A4278C24F8DB}.Local|Any CPU.Build.0 = Local|Any CPU
		{31A03896-6FD2-4591-AB2E-A4278C24F8DB}.Release|Any CPU.ActiveCfg = Release|Any CPU
		{31A03896-6FD2-4591-AB2E-A4278C24F8DB}.Release|Any CPU.Build.0 = Release|Any CPU
		{4EB719ED-06B1-4C05-A7CA-269D802105EA}.Basic|Any CPU.ActiveCfg = Local|Any CPU
		{4EB719ED-06B1-4C05-A7CA-269D802105EA}.Basic|Any CPU.Build.0 = Local|Any CPU
		{4EB719ED-06B1-4C05-A7CA-269D802105EA}.Debug|Any CPU.ActiveCfg = Debug|Any CPU
		{4EB719ED-06B1-4C05-A7CA-269D802105EA}.Debug|Any CPU.Build.0 = Debug|Any CPU
		{4EB719ED-06B1-4C05-A7CA-269D802105EA}.Local|Any CPU.ActiveCfg = Local|Any CPU
		{4EB719ED-06B1-4C05-A7CA-269D802105EA}.Local|Any CPU.Build.0 = Local|Any CPU
		{4EB719ED-06B1-4C05-A7CA-269D802105EA}.Release|Any CPU.ActiveCfg = Release|Any CPU
		{4EB719ED-06B1-4C05-A7CA-269D802105EA}.Release|Any CPU.Build.0 = Release|Any CPU
		{798ABF79-9CC5-4D97-BAC3-DE1F9B016EC2}.Basic|Any CPU.ActiveCfg = Local|Any CPU
		{798ABF79-9CC5-4D97-BAC3-DE1F9B016EC2}.Basic|Any CPU.Build.0 = Local|Any CPU
		{798ABF79-9CC5-4D97-BAC3-DE1F9B016EC2}.Debug|Any CPU.ActiveCfg = Debug|Any CPU
		{798ABF79-9CC5-4D97-BAC3-DE1F9B016EC2}.Debug|Any CPU.Build.0 = Debug|Any CPU
		{798ABF79-9CC5-4D97-BAC3-DE1F9B016EC2}.Local|Any CPU.ActiveCfg = Local|Any CPU
		{798ABF79-9CC5-4D97-BAC3-DE1F9B016EC2}.Local|Any CPU.Build.0 = Local|Any CPU
		{798ABF79-9CC5-4D97-BAC3-DE1F9B016EC2}.Release|Any CPU.ActiveCfg = Release|Any CPU
		{798ABF79-9CC5-4D97-BAC3-DE1F9B016EC2}.Release|Any CPU.Build.0 = Release|Any CPU
		{9B1D6676-614F-4F0D-9BFB-66422F8A5031}.Basic|Any CPU.ActiveCfg = Release|Any CPU
		{9B1D6676-614F-4F0D-9BFB-66422F8A5031}.Basic|Any CPU.Build.0 = Release|Any CPU
		{9B1D6676-614F-4F0D-9BFB-66422F8A5031}.Debug|Any CPU.ActiveCfg = Debug|Any CPU
		{9B1D6676-614F-4F0D-9BFB-66422F8A5031}.Debug|Any CPU.Build.0 = Debug|Any CPU
		{9B1D6676-614F-4F0D-9BFB-66422F8A5031}.Local|Any CPU.ActiveCfg = Release|Any CPU
		{9B1D6676-614F-4F0D-9BFB-66422F8A5031}.Local|Any CPU.Build.0 = Release|Any CPU
		{9B1D6676-614F-4F0D-9BFB-66422F8A5031}.Release|Any CPU.ActiveCfg = Release|Any CPU
		{9B1D6676-614F-4F0D-9BFB-66422F8A5031}.Release|Any CPU.Build.0 = Release|Any CPU
		{BF33E5BD-0536-4BF8-9D26-86B6A2DACA5F}.Basic|Any CPU.ActiveCfg = Local|Any CPU
		{BF33E5BD-0536-4BF8-9D26-86B6A2DACA5F}.Basic|Any CPU.Build.0 = Local|Any CPU
		{BF33E5BD-0536-4BF8-9D26-86B6A2DACA5F}.Debug|Any CPU.ActiveCfg = Debug|Any CPU
		{BF33E5BD-0536-4BF8-9D26-86B6A2DACA5F}.Debug|Any CPU.Build.0 = Debug|Any CPU
		{BF33E5BD-0536-4BF8-9D26-86B6A2DACA5F}.Local|Any CPU.ActiveCfg = Local|Any CPU
		{BF33E5BD-0536-4BF8-9D26-86B6A2DACA5F}.Local|Any CPU.Build.0 = Local|Any CPU
		{BF33E5BD-0536-4BF8-9D26-86B6A2DACA5F}.Release|Any CPU.ActiveCfg = Release|Any CPU
		{BF33E5BD-0536-4BF8-9D26-86B6A2DACA5F}.Release|Any CPU.Build.0 = Release|Any CPU
		{D458E586-6306-4111-8080-E3FCDBF82995}.Basic|Any CPU.ActiveCfg = Local|Any CPU
		{D458E586-6306-4111-8080-E3FCDBF82995}.Basic|Any CPU.Build.0 = Local|Any CPU
		{D458E586-6306-4111-8080-E3FCDBF82995}.Debug|Any CPU.ActiveCfg = Debug|Any CPU
		{D458E586-6306-4111-8080-E3FCDBF82995}.Debug|Any CPU.Build.0 = Debug|Any CPU
		{D458E586-6306-4111-8080-E3FCDBF82995}.Local|Any CPU.ActiveCfg = Local|Any CPU
		{D458E586-6306-4111-8080-E3FCDBF82995}.Local|Any CPU.Build.0 = Local|Any CPU
		{D458E586-6306-4111-8080-E3FCDBF82995}.Release|Any CPU.ActiveCfg = Release|Any CPU
		{D458E586-6306-4111-8080-E3FCDBF82995}.Release|Any CPU.Build.0 = Release|Any CPU
		{D5DC1E20-5E10-4D3C-BC6F-6F596D890981}.Basic|Any CPU.ActiveCfg = Local|Any CPU
		{D5DC1E20-5E10-4D3C-BC6F-6F596D890981}.Basic|Any CPU.Build.0 = Local|Any CPU
		{D5DC1E20-5E10-4D3C-BC6F-6F596D890981}.Debug|Any CPU.ActiveCfg = Debug|Any CPU
		{D5DC1E20-5E10-4D3C-BC6F-6F596D890981}.Debug|Any CPU.Build.0 = Debug|Any CPU
		{D5DC1E20-5E10-4D3C-BC6F-6F596D890981}.Local|Any CPU.ActiveCfg = Local|Any CPU
		{D5DC1E20-5E10-4D3C-BC6F-6F596D890981}.Local|Any CPU.Build.0 = Local|Any CPU
		{D5DC1E20-5E10-4D3C-BC6F-6F596D890981}.Release|Any CPU.ActiveCfg = Release|Any CPU
		{D5DC1E20-5E10-4D3C-BC6F-6F596D890981}.Release|Any CPU.Build.0 = Release|Any CPU
		{EA7E6211-06BC-41AD-8E44-874E5660FBF1}.Basic|Any CPU.ActiveCfg = Local|Any CPU
		{EA7E6211-06BC-41AD-8E44-874E5660FBF1}.Basic|Any CPU.Build.0 = Local|Any CPU
		{EA7E6211-06BC-41AD-8E44-874E5660FBF1}.Debug|Any CPU.ActiveCfg = Debug|Any CPU
		{EA7E6211-06BC-41AD-8E44-874E5660FBF1}.Debug|Any CPU.Build.0 = Debug|Any CPU
		{EA7E6211-06BC-41AD-8E44-874E5660FBF1}.Local|Any CPU.ActiveCfg = Local|Any CPU
		{EA7E6211-06BC-41AD-8E44-874E5660FBF1}.Local|Any CPU.Build.0 = Local|Any CPU
		{EA7E6211-06BC-41AD-8E44-874E5660FBF1}.Release|Any CPU.ActiveCfg = Release|Any CPU
		{EA7E6211-06BC-41AD-8E44-874E5660FBF1}.Release|Any CPU.Build.0 = Release|Any CPU
		{0A7D54E6-41A3-4F53-BBDD-81FD9A67A2C1}.Basic|Any CPU.ActiveCfg = Local|Any CPU
		{0A7D54E6-41A3-4F53-BBDD-81FD9A67A2C1}.Basic|Any CPU.Build.0 = Local|Any CPU
		{0A7D54E6-41A3-4F53-BBDD-81FD9A67A2C1}.Debug|Any CPU.ActiveCfg = Debug|Any CPU
		{0A7D54E6-41A3-4F53-BBDD-81FD9A67A2C1}.Debug|Any CPU.Build.0 = Debug|Any CPU
		{0A7D54E6-41A3-4F53-BBDD-81FD9A67A2C1}.Local|Any CPU.ActiveCfg = Local|Any CPU
		{0A7D54E6-41A3-4F53-BBDD-81FD9A67A2C1}.Local|Any CPU.Build.0 = Local|Any CPU
		{0A7D54E6-41A3-4F53-BBDD-81FD9A67A2C1}.Release|Any CPU.ActiveCfg = Release|Any CPU
		{0A7D54E6-41A3-4F53-BBDD-81FD9A67A2C1}.Release|Any CPU.Build.0 = Release|Any CPU
		{145E19BB-EA2E-430A-8CA6-707877D53D02}.Basic|Any CPU.ActiveCfg = Local|Any CPU
		{145E19BB-EA2E-430A-8CA6-707877D53D02}.Basic|Any CPU.Build.0 = Local|Any CPU
		{145E19BB-EA2E-430A-8CA6-707877D53D02}.Debug|Any CPU.ActiveCfg = Debug|Any CPU
		{145E19BB-EA2E-430A-8CA6-707877D53D02}.Debug|Any CPU.Build.0 = Debug|Any CPU
		{145E19BB-EA2E-430A-8CA6-707877D53D02}.Local|Any CPU.ActiveCfg = Local|Any CPU
		{145E19BB-EA2E-430A-8CA6-707877D53D02}.Local|Any CPU.Build.0 = Local|Any CPU
		{145E19BB-EA2E-430A-8CA6-707877D53D02}.Release|Any CPU.ActiveCfg = Release|Any CPU
		{145E19BB-EA2E-430A-8CA6-707877D53D02}.Release|Any CPU.Build.0 = Release|Any CPU
		{E56DA89E-EFE0-4077-AB1B-FE00389D5A02}.Basic|Any CPU.ActiveCfg = Local|Any CPU
		{E56DA89E-EFE0-4077-AB1B-FE00389D5A02}.Basic|Any CPU.Build.0 = Local|Any CPU
		{E56DA89E-EFE0-4077-AB1B-FE00389D5A02}.Debug|Any CPU.ActiveCfg = Debug|Any CPU
		{E56DA89E-EFE0-4077-AB1B-FE00389D5A02}.Debug|Any CPU.Build.0 = Debug|Any CPU
		{E56DA89E-EFE0-4077-AB1B-FE00389D5A02}.Local|Any CPU.ActiveCfg = Local|Any CPU
		{E56DA89E-EFE0-4077-AB1B-FE00389D5A02}.Local|Any CPU.Build.0 = Local|Any CPU
		{E56DA89E-EFE0-4077-AB1B-FE00389D5A02}.Release|Any CPU.ActiveCfg = Release|Any CPU
		{E56DA89E-EFE0-4077-AB1B-FE00389D5A02}.Release|Any CPU.Build.0 = Release|Any CPU
		{8E6BE280-9DCC-42D2-84C2-1A56812AE704}.Basic|Any CPU.ActiveCfg = Local|Any CPU
		{8E6BE280-9DCC-42D2-84C2-1A56812AE704}.Basic|Any CPU.Build.0 = Local|Any CPU
		{8E6BE280-9DCC-42D2-84C2-1A56812AE704}.Debug|Any CPU.ActiveCfg = Debug|Any CPU
		{8E6BE280-9DCC-42D2-84C2-1A56812AE704}.Debug|Any CPU.Build.0 = Debug|Any CPU
		{8E6BE280-9DCC-42D2-84C2-1A56812AE704}.Local|Any CPU.ActiveCfg = Local|Any CPU
		{8E6BE280-9DCC-42D2-84C2-1A56812AE704}.Local|Any CPU.Build.0 = Local|Any CPU
		{8E6BE280-9DCC-42D2-84C2-1A56812AE704}.Release|Any CPU.ActiveCfg = Release|Any CPU
		{8E6BE280-9DCC-42D2-84C2-1A56812AE704}.Release|Any CPU.Build.0 = Release|Any CPU
		{B44DC37D-5658-4B85-8CC4-0EC72838CAFC}.Basic|Any CPU.ActiveCfg = Local|Any CPU
		{B44DC37D-5658-4B85-8CC4-0EC72838CAFC}.Basic|Any CPU.Build.0 = Local|Any CPU
		{B44DC37D-5658-4B85-8CC4-0EC72838CAFC}.Debug|Any CPU.ActiveCfg = Debug|Any CPU
		{B44DC37D-5658-4B85-8CC4-0EC72838CAFC}.Debug|Any CPU.Build.0 = Debug|Any CPU
		{B44DC37D-5658-4B85-8CC4-0EC72838CAFC}.Local|Any CPU.ActiveCfg = Local|Any CPU
		{B44DC37D-5658-4B85-8CC4-0EC72838CAFC}.Local|Any CPU.Build.0 = Local|Any CPU
		{B44DC37D-5658-4B85-8CC4-0EC72838CAFC}.Release|Any CPU.ActiveCfg = Release|Any CPU
		{B44DC37D-5658-4B85-8CC4-0EC72838CAFC}.Release|Any CPU.Build.0 = Release|Any CPU
		{AD8E1BFD-BA7B-4DDB-8D55-876AFE16CB65}.Basic|Any CPU.ActiveCfg = Release|Any CPU
		{AD8E1BFD-BA7B-4DDB-8D55-876AFE16CB65}.Basic|Any CPU.Build.0 = Release|Any CPU
		{AD8E1BFD-BA7B-4DDB-8D55-876AFE16CB65}.Debug|Any CPU.ActiveCfg = Debug|Any CPU
		{AD8E1BFD-BA7B-4DDB-8D55-876AFE16CB65}.Debug|Any CPU.Build.0 = Debug|Any CPU
		{AD8E1BFD-BA7B-4DDB-8D55-876AFE16CB65}.Local|Any CPU.ActiveCfg = Release|Any CPU
		{AD8E1BFD-BA7B-4DDB-8D55-876AFE16CB65}.Local|Any CPU.Build.0 = Release|Any CPU
		{AD8E1BFD-BA7B-4DDB-8D55-876AFE16CB65}.Release|Any CPU.ActiveCfg = Release|Any CPU
		{AD8E1BFD-BA7B-4DDB-8D55-876AFE16CB65}.Release|Any CPU.Build.0 = Release|Any CPU
		{F4946ECD-BD5B-4ADB-8057-840767297FA6}.Basic|Any CPU.ActiveCfg = Release|Any CPU
		{F4946ECD-BD5B-4ADB-8057-840767297FA6}.Basic|Any CPU.Build.0 = Release|Any CPU
		{F4946ECD-BD5B-4ADB-8057-840767297FA6}.Debug|Any CPU.ActiveCfg = Debug|Any CPU
		{F4946ECD-BD5B-4ADB-8057-840767297FA6}.Debug|Any CPU.Build.0 = Debug|Any CPU
		{F4946ECD-BD5B-4ADB-8057-840767297FA6}.Local|Any CPU.ActiveCfg = Release|Any CPU
		{F4946ECD-BD5B-4ADB-8057-840767297FA6}.Local|Any CPU.Build.0 = Release|Any CPU
		{F4946ECD-BD5B-4ADB-8057-840767297FA6}.Release|Any CPU.ActiveCfg = Release|Any CPU
		{F4946ECD-BD5B-4ADB-8057-840767297FA6}.Release|Any CPU.Build.0 = Release|Any CPU
		{449165B0-160A-4913-AA0C-A916063AB1DD}.Basic|Any CPU.ActiveCfg = Release|Any CPU
		{449165B0-160A-4913-AA0C-A916063AB1DD}.Basic|Any CPU.Build.0 = Release|Any CPU
		{449165B0-160A-4913-AA0C-A916063AB1DD}.Debug|Any CPU.ActiveCfg = Debug|Any CPU
		{449165B0-160A-4913-AA0C-A916063AB1DD}.Debug|Any CPU.Build.0 = Debug|Any CPU
		{449165B0-160A-4913-AA0C-A916063AB1DD}.Local|Any CPU.ActiveCfg = Release|Any CPU
		{449165B0-160A-4913-AA0C-A916063AB1DD}.Local|Any CPU.Build.0 = Release|Any CPU
		{449165B0-160A-4913-AA0C-A916063AB1DD}.Release|Any CPU.ActiveCfg = Release|Any CPU
		{449165B0-160A-4913-AA0C-A916063AB1DD}.Release|Any CPU.Build.0 = Release|Any CPU
		{3A72DA66-73A1-40AD-B583-2433F5381C8C}.Basic|Any CPU.ActiveCfg = Release|Any CPU
		{3A72DA66-73A1-40AD-B583-2433F5381C8C}.Basic|Any CPU.Build.0 = Release|Any CPU
		{3A72DA66-73A1-40AD-B583-2433F5381C8C}.Debug|Any CPU.ActiveCfg = Debug|Any CPU
		{3A72DA66-73A1-40AD-B583-2433F5381C8C}.Debug|Any CPU.Build.0 = Debug|Any CPU
		{3A72DA66-73A1-40AD-B583-2433F5381C8C}.Local|Any CPU.ActiveCfg = Release|Any CPU
		{3A72DA66-73A1-40AD-B583-2433F5381C8C}.Local|Any CPU.Build.0 = Release|Any CPU
		{3A72DA66-73A1-40AD-B583-2433F5381C8C}.Release|Any CPU.ActiveCfg = Release|Any CPU
		{3A72DA66-73A1-40AD-B583-2433F5381C8C}.Release|Any CPU.Build.0 = Release|Any CPU
		{0A069068-9CB4-48A5-9D14-6E0FD4E31CEE}.Basic|Any CPU.ActiveCfg = Release|Any CPU
		{0A069068-9CB4-48A5-9D14-6E0FD4E31CEE}.Basic|Any CPU.Build.0 = Release|Any CPU
		{0A069068-9CB4-48A5-9D14-6E0FD4E31CEE}.Debug|Any CPU.ActiveCfg = Debug|Any CPU
		{0A069068-9CB4-48A5-9D14-6E0FD4E31CEE}.Debug|Any CPU.Build.0 = Debug|Any CPU
		{0A069068-9CB4-48A5-9D14-6E0FD4E31CEE}.Local|Any CPU.ActiveCfg = Release|Any CPU
		{0A069068-9CB4-48A5-9D14-6E0FD4E31CEE}.Local|Any CPU.Build.0 = Release|Any CPU
		{0A069068-9CB4-48A5-9D14-6E0FD4E31CEE}.Release|Any CPU.ActiveCfg = Release|Any CPU
		{0A069068-9CB4-48A5-9D14-6E0FD4E31CEE}.Release|Any CPU.Build.0 = Release|Any CPU
		{190501C5-91F6-489D-BC5A-2D80E7AB179F}.Basic|Any CPU.ActiveCfg = Release|Any CPU
		{190501C5-91F6-489D-BC5A-2D80E7AB179F}.Basic|Any CPU.Build.0 = Release|Any CPU
		{190501C5-91F6-489D-BC5A-2D80E7AB179F}.Debug|Any CPU.ActiveCfg = Debug|Any CPU
		{190501C5-91F6-489D-BC5A-2D80E7AB179F}.Debug|Any CPU.Build.0 = Debug|Any CPU
		{190501C5-91F6-489D-BC5A-2D80E7AB179F}.Local|Any CPU.ActiveCfg = Release|Any CPU
		{190501C5-91F6-489D-BC5A-2D80E7AB179F}.Local|Any CPU.Build.0 = Release|Any CPU
		{190501C5-91F6-489D-BC5A-2D80E7AB179F}.Release|Any CPU.ActiveCfg = Release|Any CPU
		{190501C5-91F6-489D-BC5A-2D80E7AB179F}.Release|Any CPU.Build.0 = Release|Any CPU
	EndGlobalSection
	GlobalSection(SolutionProperties) = preSolution
		HideSolutionNode = FALSE
	EndGlobalSection
	GlobalSection(NestedProjects) = preSolution
		{7FF7E36A-9A5B-465A-8621-7DB55D46B9CD} = {63B50E12-C9CE-4393-97F7-992586DB1E96}
		{0B1D4349-8059-48F7-BF8B-31FB1E7A2260} = {63B50E12-C9CE-4393-97F7-992586DB1E96}
		{C94F4AFF-E892-4055-9D20-07586BE88F3A} = {63B50E12-C9CE-4393-97F7-992586DB1E96}
		{13504508-227B-4099-9987-3DF3D2F8E792} = {63B50E12-C9CE-4393-97F7-992586DB1E96}
		{27572CCD-362B-4F99-900D-72CA3BDD1DDF} = {63B50E12-C9CE-4393-97F7-992586DB1E96}
		{8C082DFD-81EE-4623-8BE9-32D34DED6407} = {63B50E12-C9CE-4393-97F7-992586DB1E96}
		{7A9C7A82-02FA-4B2E-9391-175CA212012D} = {63B50E12-C9CE-4393-97F7-992586DB1E96}
		{31A03896-6FD2-4591-AB2E-A4278C24F8DB} = {63B50E12-C9CE-4393-97F7-992586DB1E96}
		{4EB719ED-06B1-4C05-A7CA-269D802105EA} = {63B50E12-C9CE-4393-97F7-992586DB1E96}
		{798ABF79-9CC5-4D97-BAC3-DE1F9B016EC2} = {63B50E12-C9CE-4393-97F7-992586DB1E96}
		{9B1D6676-614F-4F0D-9BFB-66422F8A5031} = {63B50E12-C9CE-4393-97F7-992586DB1E96}
		{BF33E5BD-0536-4BF8-9D26-86B6A2DACA5F} = {63B50E12-C9CE-4393-97F7-992586DB1E96}
		{8E6BE280-9DCC-42D2-84C2-1A56812AE704} = {63B50E12-C9CE-4393-97F7-992586DB1E96}
		{ADD7636B-71DB-494D-9DBD-4AF9538D3EDF} = {7FF7E36A-9A5B-465A-8621-7DB55D46B9CD}
		{4E22204A-9560-4E78-8805-EFED0D0EEC9D} = {7FF7E36A-9A5B-465A-8621-7DB55D46B9CD}
		{E56DA89E-EFE0-4077-AB1B-FE00389D5A02} = {7FF7E36A-9A5B-465A-8621-7DB55D46B9CD}
		{A1FBDED5-52FE-4B67-9AAB-E71CC366D5CD} = {AD962D33-E896-463E-9743-283E07C70A02}
		{CCDA61B3-0E68-483C-AB7F-3ED36E3384E2} = {AD962D33-E896-463E-9743-283E07C70A02}
		{1168121B-FB3F-48D8-89B9-7E0BE7E9C901} = {AD962D33-E896-463E-9743-283E07C70A02}
		{25037A8A-7C6D-4496-B757-6FA85ABDD3CF} = {AD962D33-E896-463E-9743-283E07C70A02}
		{E4F95CCC-2127-4A5C-90BB-D60A446BEC3B} = {AD962D33-E896-463E-9743-283E07C70A02}
		{320C9FF3-DA35-42EA-A872-65B1CFE681CB} = {AD962D33-E896-463E-9743-283E07C70A02}
		{D57B2371-DA31-4035-8B00-6A6D0256EC00} = {AD962D33-E896-463E-9743-283E07C70A02}
		{A35BD0D3-3055-4206-8B3F-80079F9ECA15} = {AD962D33-E896-463E-9743-283E07C70A02}
		{145E19BB-EA2E-430A-8CA6-707877D53D02} = {AD962D33-E896-463E-9743-283E07C70A02}
		{B44DC37D-5658-4B85-8CC4-0EC72838CAFC} = {AD962D33-E896-463E-9743-283E07C70A02}
		{CC97D8E8-CFCB-4A33-A8AE-34EBDB0812C3} = {E409263E-6E18-4469-A3D1-29CD76A3DBAE}
		{932109FA-5260-4709-BD4B-4A8D77E4CF01} = {E409263E-6E18-4469-A3D1-29CD76A3DBAE}
		{C9718E6D-F866-4991-80CD-4BAFDF4D8878} = {E409263E-6E18-4469-A3D1-29CD76A3DBAE}
		{48CB3B25-623B-4500-8E88-2E77A7074238} = {E409263E-6E18-4469-A3D1-29CD76A3DBAE}
		{4191D9E7-8502-4B00-A488-771240E2CF40} = {E409263E-6E18-4469-A3D1-29CD76A3DBAE}
		{D458E586-6306-4111-8080-E3FCDBF82995} = {457B38E7-2358-4C31-AED0-FB7AB73428C1}
		{D5DC1E20-5E10-4D3C-BC6F-6F596D890981} = {457B38E7-2358-4C31-AED0-FB7AB73428C1}
		{EA7E6211-06BC-41AD-8E44-874E5660FBF1} = {457B38E7-2358-4C31-AED0-FB7AB73428C1}
		{0A7D54E6-41A3-4F53-BBDD-81FD9A67A2C1} = {457B38E7-2358-4C31-AED0-FB7AB73428C1}
		{AD8E1BFD-BA7B-4DDB-8D55-876AFE16CB65} = {E7876CD5-00AB-4F3A-990E-6CF8DE540F33}
		{F4946ECD-BD5B-4ADB-8057-840767297FA6} = {E7876CD5-00AB-4F3A-990E-6CF8DE540F33}
		{449165B0-160A-4913-AA0C-A916063AB1DD} = {E7876CD5-00AB-4F3A-990E-6CF8DE540F33}
		{3A72DA66-73A1-40AD-B583-2433F5381C8C} = {E7876CD5-00AB-4F3A-990E-6CF8DE540F33}
		{0A069068-9CB4-48A5-9D14-6E0FD4E31CEE} = {E7876CD5-00AB-4F3A-990E-6CF8DE540F33}
		{190501C5-91F6-489D-BC5A-2D80E7AB179F} = {E7876CD5-00AB-4F3A-990E-6CF8DE540F33}
	EndGlobalSection
EndGlobal
