
Microsoft Visual Studio Solution File, Format Version 12.00
# Visual Studio 2012
Project("{FAE04EC0-301F-11D3-BF4B-00C04F79EFBC}") = "ApiObjects", "ApiObjects\ApiObjects.csproj", "{6E476AD6-433C-4345-A26D-0E34BC03D9A9}"
EndProject
Project("{FAE04EC0-301F-11D3-BF4B-00C04F79EFBC}") = "QueueWrapper", "QueueWrapper\QueueWrapper.csproj", "{E4F95CCC-2127-4A5C-90BB-D60A446BEC3B}"
EndProject
Project("{FAE04EC0-301F-11D3-BF4B-00C04F79EFBC}") = "DAL", "DAL\DAL.csproj", "{932109FA-5260-4709-BD4B-4A8D77E4CF01}"
EndProject
Project("{FAE04EC0-301F-11D3-BF4B-00C04F79EFBC}") = "ODBCWrapper", "ODBCWrapper\ODBCWrapper.csproj", "{48CB3B25-623B-4500-8E88-2E77A7074238}"
EndProject
Project("{FAE04EC0-301F-11D3-BF4B-00C04F79EFBC}") = "CachingManager", "CachingManager\CachingManager.csproj", "{CCDA61B3-0E68-483C-AB7F-3ED36E3384E2}"
EndProject
Project("{FAE04EC0-301F-11D3-BF4B-00C04F79EFBC}") = "CouchbaseManager", "CouchbaseManager\CouchbaseManager.csproj", "{B44DC37D-5658-4B85-8CC4-0EC72838CAFC}"
EndProject
Project("{FAE04EC0-301F-11D3-BF4B-00C04F79EFBC}") = "ScheduledTasks", "ScheduledTasks\ScheduledTasks.csproj", "{4EB719ED-06B1-4C05-A7CA-269D802105EA}"
EndProject
Project("{FAE04EC0-301F-11D3-BF4B-00C04F79EFBC}") = "UploadQueue", "FTPUploadQueue\UploadQueue.csproj", "{8E6BE280-9DCC-42D2-84C2-1A56812AE704}"
EndProject
Project("{FAE04EC0-301F-11D3-BF4B-00C04F79EFBC}") = "LLNWMediaVault", "LLNWMediaVault\LLNWMediaVault.csproj", "{E56DA89E-EFE0-4077-AB1B-FE00389D5A02}"
EndProject
Project("{FAE04EC0-301F-11D3-BF4B-00C04F79EFBC}") = "TVinciShared", "TVinciShared\TVinciShared.csproj", "{BF33E5BD-0536-4BF8-9D26-86B6A2DACA5F}"
EndProject
Project("{FAE04EC0-301F-11D3-BF4B-00C04F79EFBC}") = "AkamaiTokenGenerator", "AkamaiTokenGenerator\AkamaiTokenGenerator.csproj", "{4E22204A-9560-4E78-8805-EFED0D0EEC9D}"
EndProject
Project("{FAE04EC0-301F-11D3-BF4B-00C04F79EFBC}") = "TvinciImporter", "TvinciImporter\TvinciImporter.csproj", "{0A7D54E6-41A3-4F53-BBDD-81FD9A67A2C1}"
EndProject
Project("{FAE04EC0-301F-11D3-BF4B-00C04F79EFBC}") = "ImageManager", "ImageManager\ImageManager.csproj", "{145E19BB-EA2E-430A-8CA6-707877D53D02}"
EndProject
Project("{FAE04EC0-301F-11D3-BF4B-00C04F79EFBC}") = "Mailer", "Mailer\Mailer.csproj", "{8C082DFD-81EE-4623-8BE9-32D34DED6407}"
EndProject
Project("{FAE04EC0-301F-11D3-BF4B-00C04F79EFBC}") = "GoogleAPI", "GoogleAPI\GoogleAPI.csproj", "{27572CCD-362B-4F99-900D-72CA3BDD1DDF}"
EndProject
Project("{FAE04EC0-301F-11D3-BF4B-00C04F79EFBC}") = "CDNetworksVault", "CDNetworksVault\CDNetworksVault.csproj", "{65F14E50-B281-4524-84C4-0ACA05C71FBC}"
EndProject
Project("{FAE04EC0-301F-11D3-BF4B-00C04F79EFBC}") = "MCGroupRules", "MCGroupRules\MCGroupRules.csproj", "{7A9C7A82-02FA-4B2E-9391-175CA212012D}"
EndProject
Project("{FAE04EC0-301F-11D3-BF4B-00C04F79EFBC}") = "Notifiers", "Notifiers\Notifiers.csproj", "{31A03896-6FD2-4591-AB2E-A4278C24F8DB}"
EndProject
Project("{FAE04EC0-301F-11D3-BF4B-00C04F79EFBC}") = "XMLAdapter", "XMLAdapter\XMLAdapter.csproj", "{42FB923F-D2ED-4B68-94FD-EA8C5A86D28C}"
EndProject
Project("{FAE04EC0-301F-11D3-BF4B-00C04F79EFBC}") = "ElasticSearch", "ElasticSearch\ElasticSearch.csproj", "{C9718E6D-F866-4991-80CD-4BAFDF4D8878}"
EndProject
Project("{FAE04EC0-301F-11D3-BF4B-00C04F79EFBC}") = "Catalog", "Catalog\Catalog.csproj", "{1C524197-E2B6-437E-80DE-7F307A9B36F1}"
	ProjectSection(ProjectDependencies) = postProject
		{5368DB6D-5AC3-432C-B1B6-43276D42A869} = {5368DB6D-5AC3-432C-B1B6-43276D42A869}
		{BEF1DF84-21C1-47DA-BB2D-BB607EE1978E} = {BEF1DF84-21C1-47DA-BB2D-BB607EE1978E}
		{7A491492-FD8E-47DA-AD3E-7FDC5FDF5E03} = {7A491492-FD8E-47DA-AD3E-7FDC5FDF5E03}
	EndProjectSection
EndProject
Project("{FAE04EC0-301F-11D3-BF4B-00C04F79EFBC}") = "EpgBL", "EpgBL\EpgBL.csproj", "{D458E586-6306-4111-8080-E3FCDBF82995}"
EndProject
Project("{FAE04EC0-301F-11D3-BF4B-00C04F79EFBC}") = "DalCB", "DalCB\DalCB.csproj", "{CC97D8E8-CFCB-4A33-A8AE-34EBDB0812C3}"
EndProject
Project("{FAE04EC0-301F-11D3-BF4B-00C04F79EFBC}") = "ADIFeeder", "ADIFeeder\ADIFeeder.csproj", "{0B1D4349-8059-48F7-BF8B-31FB1E7A2260}"
EndProject
Project("{FAE04EC0-301F-11D3-BF4B-00C04F79EFBC}") = "NotificationInterface", "NotificationInterface\NotificationInterface.csproj", "{1C21E97D-6309-4A6B-8C0B-013CD3168332}"
	ProjectSection(ProjectDependencies) = postProject
		{B21B1D6B-46AF-40CA-9585-5506B1596AFF} = {B21B1D6B-46AF-40CA-9585-5506B1596AFF}
		{BEF1DF84-21C1-47DA-BB2D-BB607EE1978E} = {BEF1DF84-21C1-47DA-BB2D-BB607EE1978E}
		{7A491492-FD8E-47DA-AD3E-7FDC5FDF5E03} = {7A491492-FD8E-47DA-AD3E-7FDC5FDF5E03}
	EndProjectSection
EndProject
Project("{FAE04EC0-301F-11D3-BF4B-00C04F79EFBC}") = "NotificationObj", "NotificationObj\NotificationObj.csproj", "{8ED93100-FECA-4AEB-9E33-7B2761FEFE72}"
EndProject
Project("{FAE04EC0-301F-11D3-BF4B-00C04F79EFBC}") = "ConditionalAccess", "ConditionalAccess\ConditionalAccess.csproj", "{D36BC548-5359-4DB0-8692-ED3D1E9C38E7}"
	ProjectSection(ProjectDependencies) = postProject
		{BEF1DF84-21C1-47DA-BB2D-BB607EE1978E} = {BEF1DF84-21C1-47DA-BB2D-BB607EE1978E}
		{2C08F19B-40E0-4EF1-9F7D-5132C795A184} = {2C08F19B-40E0-4EF1-9F7D-5132C795A184}
		{944128C1-804A-4444-A697-37E019AF5850} = {944128C1-804A-4444-A697-37E019AF5850}
	EndProjectSection
EndProject
Project("{FAE04EC0-301F-11D3-BF4B-00C04F79EFBC}") = "M1BL", "M1BL\M1BL.csproj", "{D5DC1E20-5E10-4D3C-BC6F-6F596D890981}"
EndProject
Project("{FAE04EC0-301F-11D3-BF4B-00C04F79EFBC}") = "Users", "Users\Users.csproj", "{B21B1D6B-46AF-40CA-9585-5506B1596AFF}"
EndProject
Project("{FAE04EC0-301F-11D3-BF4B-00C04F79EFBC}") = "Uploader", "Uploader\Uploader.csproj", "{A35BD0D3-3055-4206-8B3F-80079F9ECA15}"
EndProject
Project("{FAE04EC0-301F-11D3-BF4B-00C04F79EFBC}") = "StaticticsBL", "StaticticsBL\StaticticsBL.csproj", "{798ABF79-9CC5-4D97-BAC3-DE1F9B016EC2}"
EndProject
Project("{FAE04EC0-301F-11D3-BF4B-00C04F79EFBC}") = "ServiceExtensions", "ServiceExtensions\ServiceExtensions.csproj", "{2E48DC40-A9AB-485D-A847-8E3662C69696}"
EndProject
Project("{FAE04EC0-301F-11D3-BF4B-00C04F79EFBC}") = "CachingProvider", "CachingProvider\CachingProvider.csproj", "{4191D9E7-8502-4B00-A488-771240E2CF40}"
EndProject
Project("{FAE04EC0-301F-11D3-BF4B-00C04F79EFBC}") = "EnumProject", "EnumProject\EnumProject.csproj", "{B085A841-F0F0-4EA7-8AF3-B8C5440836DB}"
EndProject
Project("{FAE04EC0-301F-11D3-BF4B-00C04F79EFBC}") = "CDNTokenizers", "..\cdntokenizers\CDNTokenizers\CDNTokenizers.csproj", "{ADD7636B-71DB-494D-9DBD-4AF9538D3EDF}"
EndProject
Project("{FAE04EC0-301F-11D3-BF4B-00C04F79EFBC}") = "GroupsCacheManager", "GroupsCacheManager\GroupsCacheManager.csproj", "{25037A8A-7C6D-4496-B757-6FA85ABDD3CF}"
EndProject
Project("{FAE04EC0-301F-11D3-BF4B-00C04F79EFBC}") = "TvinciCache", "TvinciCache\TvinciCache.csproj", "{D57B2371-DA31-4035-8B00-6A6D0256EC00}"
EndProject
Project("{FAE04EC0-301F-11D3-BF4B-00C04F79EFBC}") = "StreamingProvider", "StreamingProvider\StreamingProvider.csproj", "{320C9FF3-DA35-42EA-A872-65B1CFE681CB}"
EndProject
Project("{FAE04EC0-301F-11D3-BF4B-00C04F79EFBC}") = "NPVR", "NPVR\NPVR.csproj", "{EA7E6211-06BC-41AD-8E44-874E5660FBF1}"
EndProject
Project("{FAE04EC0-301F-11D3-BF4B-00C04F79EFBC}") = "EpgIngest", "EpgIngest\EpgIngest.csproj", "{13504508-227B-4099-9987-3DF3D2F8E792}"
EndProject
Project("{FAE04EC0-301F-11D3-BF4B-00C04F79EFBC}") = "KlogMonitorHelper", "KlogMonitorHelper\KlogMonitorHelper.csproj", "{FA277E9A-4C82-4FF7-A6E7-60FEAEB363E2}"
EndProject
Project("{FAE04EC0-301F-11D3-BF4B-00C04F79EFBC}") = "Synchronizer", "Synchronizer\Synchronizer.csproj", "{9B1D6676-614F-4F0D-9BFB-66422F8A5031}"
EndProject
Project("{FAE04EC0-301F-11D3-BF4B-00C04F79EFBC}") = "CachingHelpers", "CachingHelpers\CachingHelpers.csproj", "{C94F4AFF-E892-4055-9D20-07586BE88F3A}"
EndProject
Project("{FAE04EC0-301F-11D3-BF4B-00C04F79EFBC}") = "AdapterControllers", "AdapterControllers\AdapterControllers.csproj", "{A1FBDED5-52FE-4B67-9AAB-E71CC366D5CD}"
EndProject
Project("{2150E333-8FDC-42A3-9474-1A3956D46DE8}") = ".nuget", ".nuget", "{F6225A58-54E8-445D-BF83-F66E482F323A}"
	ProjectSection(SolutionItems) = preProject
		.nuget\NuGet.Config = .nuget\NuGet.Config
		.nuget\NuGet.exe = .nuget\NuGet.exe
		.nuget\NuGet.targets = .nuget\NuGet.targets
	EndProjectSection
EndProject
Project("{FAE04EC0-301F-11D3-BF4B-00C04F79EFBC}") = "WS_API", "..\ws_api\WS_API.csproj", "{BEF1DF84-21C1-47DA-BB2D-BB607EE1978E}"
	ProjectSection(ProjectDependencies) = postProject
		{27C6F3ED-B660-466A-9415-DE2D43E58FF0} = {27C6F3ED-B660-466A-9415-DE2D43E58FF0}
	EndProjectSection
EndProject
Project("{FAE04EC0-301F-11D3-BF4B-00C04F79EFBC}") = "WS_Pricing", "..\ws_pricing\WS_Pricing.csproj", "{2C08F19B-40E0-4EF1-9F7D-5132C795A184}"
	ProjectSection(ProjectDependencies) = postProject
		{143A9361-B461-42A7-B579-A75C0E7B1EA3} = {143A9361-B461-42A7-B579-A75C0E7B1EA3}
	EndProjectSection
EndProject
Project("{FAE04EC0-301F-11D3-BF4B-00C04F79EFBC}") = "ApiLogic", "..\ws_api\Api_Logic\ApiLogic.csproj", "{27C6F3ED-B660-466A-9415-DE2D43E58FF0}"
	ProjectSection(ProjectDependencies) = postProject
		{359CFA7E-BEE9-4BC8-B1F7-E53E64F28AA7} = {359CFA7E-BEE9-4BC8-B1F7-E53E64F28AA7}
	EndProjectSection
EndProject
Project("{FAE04EC0-301F-11D3-BF4B-00C04F79EFBC}") = "Pricing", "..\ws_pricing\Pricing\Pricing.csproj", "{143A9361-B461-42A7-B579-A75C0E7B1EA3}"
EndProject
Project("{FAE04EC0-301F-11D3-BF4B-00C04F79EFBC}") = "WS_Billing", "..\ws_billing\WS_Billing.csproj", "{944128C1-804A-4444-A697-37E019AF5850}"
	ProjectSection(ProjectDependencies) = postProject
		{0B4A22F7-E733-4BF3-A77D-FC2CF4F61A5A} = {0B4A22F7-E733-4BF3-A77D-FC2CF4F61A5A}
	EndProjectSection
EndProject
Project("{FAE04EC0-301F-11D3-BF4B-00C04F79EFBC}") = "Billing", "..\ws_billing\Billing\Billing.csproj", "{0B4A22F7-E733-4BF3-A77D-FC2CF4F61A5A}"
EndProject
Project("{FAE04EC0-301F-11D3-BF4B-00C04F79EFBC}") = "WS_Users", "..\ws_users\WS_Users.csproj", "{7A491492-FD8E-47DA-AD3E-7FDC5FDF5E03}"
EndProject
Project("{FAE04EC0-301F-11D3-BF4B-00C04F79EFBC}") = "WS_Domains", "..\ws_domains\WS_Domains.csproj", "{359CFA7E-BEE9-4BC8-B1F7-E53E64F28AA7}"
EndProject
Project("{FAE04EC0-301F-11D3-BF4B-00C04F79EFBC}") = "WS_ConditionalAccess", "..\ws_conditionalaccess\WS_ConditionalAccess.csproj", "{5368DB6D-5AC3-432C-B1B6-43276D42A869}"
EndProject
Project("{FAE04EC0-301F-11D3-BF4B-00C04F79EFBC}") = "EventManager", "EventManager\EventManager.csproj", "{1168121B-FB3F-48D8-89B9-7E0BE7E9C901}"
EndProject
Global
	GlobalSection(SolutionConfigurationPlatforms) = preSolution
		Basic|Any CPU = Basic|Any CPU
		Basic|x86 = Basic|x86
		Debug|Any CPU = Debug|Any CPU
		Debug|x86 = Debug|x86
		Local|Any CPU = Local|Any CPU
		Local|x86 = Local|x86
		Release|Any CPU = Release|Any CPU
		Release|x86 = Release|x86
	EndGlobalSection
	GlobalSection(ProjectConfigurationPlatforms) = postSolution
		{6E476AD6-433C-4345-A26D-0E34BC03D9A9}.Basic|Any CPU.ActiveCfg = Basic|Any CPU
		{6E476AD6-433C-4345-A26D-0E34BC03D9A9}.Basic|Any CPU.Build.0 = Basic|Any CPU
		{6E476AD6-433C-4345-A26D-0E34BC03D9A9}.Basic|x86.ActiveCfg = Basic|Any CPU
		{6E476AD6-433C-4345-A26D-0E34BC03D9A9}.Debug|Any CPU.ActiveCfg = Debug|Any CPU
		{6E476AD6-433C-4345-A26D-0E34BC03D9A9}.Debug|Any CPU.Build.0 = Debug|Any CPU
		{6E476AD6-433C-4345-A26D-0E34BC03D9A9}.Debug|x86.ActiveCfg = Debug|Any CPU
		{6E476AD6-433C-4345-A26D-0E34BC03D9A9}.Local|Any CPU.ActiveCfg = Local|Any CPU
		{6E476AD6-433C-4345-A26D-0E34BC03D9A9}.Local|Any CPU.Build.0 = Local|Any CPU
		{6E476AD6-433C-4345-A26D-0E34BC03D9A9}.Local|x86.ActiveCfg = Local|Any CPU
		{6E476AD6-433C-4345-A26D-0E34BC03D9A9}.Release|Any CPU.ActiveCfg = Release|Any CPU
		{6E476AD6-433C-4345-A26D-0E34BC03D9A9}.Release|Any CPU.Build.0 = Release|Any CPU
		{6E476AD6-433C-4345-A26D-0E34BC03D9A9}.Release|x86.ActiveCfg = Release|Any CPU
		{E4F95CCC-2127-4A5C-90BB-D60A446BEC3B}.Basic|Any CPU.ActiveCfg = Release|Any CPU
		{E4F95CCC-2127-4A5C-90BB-D60A446BEC3B}.Basic|Any CPU.Build.0 = Release|Any CPU
		{E4F95CCC-2127-4A5C-90BB-D60A446BEC3B}.Basic|x86.ActiveCfg = Debug|Any CPU
		{E4F95CCC-2127-4A5C-90BB-D60A446BEC3B}.Debug|Any CPU.ActiveCfg = Debug|Any CPU
		{E4F95CCC-2127-4A5C-90BB-D60A446BEC3B}.Debug|Any CPU.Build.0 = Debug|Any CPU
		{E4F95CCC-2127-4A5C-90BB-D60A446BEC3B}.Debug|x86.ActiveCfg = Debug|Any CPU
		{E4F95CCC-2127-4A5C-90BB-D60A446BEC3B}.Local|Any CPU.ActiveCfg = Local|Any CPU
		{E4F95CCC-2127-4A5C-90BB-D60A446BEC3B}.Local|Any CPU.Build.0 = Local|Any CPU
		{E4F95CCC-2127-4A5C-90BB-D60A446BEC3B}.Local|x86.ActiveCfg = Local|Any CPU
		{E4F95CCC-2127-4A5C-90BB-D60A446BEC3B}.Release|Any CPU.ActiveCfg = Release|Any CPU
		{E4F95CCC-2127-4A5C-90BB-D60A446BEC3B}.Release|Any CPU.Build.0 = Release|Any CPU
		{E4F95CCC-2127-4A5C-90BB-D60A446BEC3B}.Release|x86.ActiveCfg = Release|Any CPU
		{932109FA-5260-4709-BD4B-4A8D77E4CF01}.Basic|Any CPU.ActiveCfg = Release|Any CPU
		{932109FA-5260-4709-BD4B-4A8D77E4CF01}.Basic|Any CPU.Build.0 = Release|Any CPU
		{932109FA-5260-4709-BD4B-4A8D77E4CF01}.Basic|x86.ActiveCfg = Debug|Any CPU
		{932109FA-5260-4709-BD4B-4A8D77E4CF01}.Debug|Any CPU.ActiveCfg = Debug|Any CPU
		{932109FA-5260-4709-BD4B-4A8D77E4CF01}.Debug|Any CPU.Build.0 = Debug|Any CPU
		{932109FA-5260-4709-BD4B-4A8D77E4CF01}.Debug|x86.ActiveCfg = Debug|Any CPU
		{932109FA-5260-4709-BD4B-4A8D77E4CF01}.Local|Any CPU.ActiveCfg = Local|Any CPU
		{932109FA-5260-4709-BD4B-4A8D77E4CF01}.Local|Any CPU.Build.0 = Local|Any CPU
		{932109FA-5260-4709-BD4B-4A8D77E4CF01}.Local|x86.ActiveCfg = Local|Any CPU
		{932109FA-5260-4709-BD4B-4A8D77E4CF01}.Release|Any CPU.ActiveCfg = Release|Any CPU
		{932109FA-5260-4709-BD4B-4A8D77E4CF01}.Release|Any CPU.Build.0 = Release|Any CPU
		{932109FA-5260-4709-BD4B-4A8D77E4CF01}.Release|x86.ActiveCfg = Release|Any CPU
		{48CB3B25-623B-4500-8E88-2E77A7074238}.Basic|Any CPU.ActiveCfg = Release|Any CPU
		{48CB3B25-623B-4500-8E88-2E77A7074238}.Basic|Any CPU.Build.0 = Release|Any CPU
		{48CB3B25-623B-4500-8E88-2E77A7074238}.Basic|x86.ActiveCfg = Debug|Any CPU
		{48CB3B25-623B-4500-8E88-2E77A7074238}.Debug|Any CPU.ActiveCfg = Debug|Any CPU
		{48CB3B25-623B-4500-8E88-2E77A7074238}.Debug|Any CPU.Build.0 = Debug|Any CPU
		{48CB3B25-623B-4500-8E88-2E77A7074238}.Debug|x86.ActiveCfg = Debug|Any CPU
		{48CB3B25-623B-4500-8E88-2E77A7074238}.Local|Any CPU.ActiveCfg = Local|Any CPU
		{48CB3B25-623B-4500-8E88-2E77A7074238}.Local|Any CPU.Build.0 = Local|Any CPU
		{48CB3B25-623B-4500-8E88-2E77A7074238}.Local|x86.ActiveCfg = Local|Any CPU
		{48CB3B25-623B-4500-8E88-2E77A7074238}.Release|Any CPU.ActiveCfg = Release|Any CPU
		{48CB3B25-623B-4500-8E88-2E77A7074238}.Release|Any CPU.Build.0 = Release|Any CPU
		{48CB3B25-623B-4500-8E88-2E77A7074238}.Release|x86.ActiveCfg = Release|Any CPU
		{CCDA61B3-0E68-483C-AB7F-3ED36E3384E2}.Basic|Any CPU.ActiveCfg = Release|Any CPU
		{CCDA61B3-0E68-483C-AB7F-3ED36E3384E2}.Basic|Any CPU.Build.0 = Release|Any CPU
		{CCDA61B3-0E68-483C-AB7F-3ED36E3384E2}.Basic|x86.ActiveCfg = Debug|Any CPU
		{CCDA61B3-0E68-483C-AB7F-3ED36E3384E2}.Debug|Any CPU.ActiveCfg = Debug|Any CPU
		{CCDA61B3-0E68-483C-AB7F-3ED36E3384E2}.Debug|Any CPU.Build.0 = Debug|Any CPU
		{CCDA61B3-0E68-483C-AB7F-3ED36E3384E2}.Debug|x86.ActiveCfg = Debug|Any CPU
		{CCDA61B3-0E68-483C-AB7F-3ED36E3384E2}.Local|Any CPU.ActiveCfg = Local|Any CPU
		{CCDA61B3-0E68-483C-AB7F-3ED36E3384E2}.Local|Any CPU.Build.0 = Local|Any CPU
		{CCDA61B3-0E68-483C-AB7F-3ED36E3384E2}.Local|x86.ActiveCfg = Local|Any CPU
		{CCDA61B3-0E68-483C-AB7F-3ED36E3384E2}.Release|Any CPU.ActiveCfg = Release|Any CPU
		{CCDA61B3-0E68-483C-AB7F-3ED36E3384E2}.Release|Any CPU.Build.0 = Release|Any CPU
		{CCDA61B3-0E68-483C-AB7F-3ED36E3384E2}.Release|x86.ActiveCfg = Release|Any CPU
		{B44DC37D-5658-4B85-8CC4-0EC72838CAFC}.Basic|Any CPU.ActiveCfg = Release|Any CPU
		{B44DC37D-5658-4B85-8CC4-0EC72838CAFC}.Basic|Any CPU.Build.0 = Release|Any CPU
		{B44DC37D-5658-4B85-8CC4-0EC72838CAFC}.Basic|x86.ActiveCfg = Debug|Any CPU
		{B44DC37D-5658-4B85-8CC4-0EC72838CAFC}.Debug|Any CPU.ActiveCfg = Debug|Any CPU
		{B44DC37D-5658-4B85-8CC4-0EC72838CAFC}.Debug|Any CPU.Build.0 = Debug|Any CPU
		{B44DC37D-5658-4B85-8CC4-0EC72838CAFC}.Debug|x86.ActiveCfg = Debug|Any CPU
		{B44DC37D-5658-4B85-8CC4-0EC72838CAFC}.Local|Any CPU.ActiveCfg = Local|Any CPU
		{B44DC37D-5658-4B85-8CC4-0EC72838CAFC}.Local|Any CPU.Build.0 = Local|Any CPU
		{B44DC37D-5658-4B85-8CC4-0EC72838CAFC}.Local|x86.ActiveCfg = Local|Any CPU
		{B44DC37D-5658-4B85-8CC4-0EC72838CAFC}.Release|Any CPU.ActiveCfg = Release|Any CPU
		{B44DC37D-5658-4B85-8CC4-0EC72838CAFC}.Release|Any CPU.Build.0 = Release|Any CPU
		{B44DC37D-5658-4B85-8CC4-0EC72838CAFC}.Release|x86.ActiveCfg = Release|Any CPU
		{4EB719ED-06B1-4C05-A7CA-269D802105EA}.Basic|Any CPU.ActiveCfg = Release|Any CPU
		{4EB719ED-06B1-4C05-A7CA-269D802105EA}.Basic|Any CPU.Build.0 = Release|Any CPU
		{4EB719ED-06B1-4C05-A7CA-269D802105EA}.Basic|x86.ActiveCfg = Debug|Any CPU
		{4EB719ED-06B1-4C05-A7CA-269D802105EA}.Debug|Any CPU.ActiveCfg = Debug|Any CPU
		{4EB719ED-06B1-4C05-A7CA-269D802105EA}.Debug|Any CPU.Build.0 = Debug|Any CPU
		{4EB719ED-06B1-4C05-A7CA-269D802105EA}.Debug|x86.ActiveCfg = Debug|Any CPU
		{4EB719ED-06B1-4C05-A7CA-269D802105EA}.Local|Any CPU.ActiveCfg = Local|Any CPU
		{4EB719ED-06B1-4C05-A7CA-269D802105EA}.Local|Any CPU.Build.0 = Local|Any CPU
		{4EB719ED-06B1-4C05-A7CA-269D802105EA}.Local|x86.ActiveCfg = Local|Any CPU
		{4EB719ED-06B1-4C05-A7CA-269D802105EA}.Release|Any CPU.ActiveCfg = Release|Any CPU
		{4EB719ED-06B1-4C05-A7CA-269D802105EA}.Release|Any CPU.Build.0 = Release|Any CPU
		{4EB719ED-06B1-4C05-A7CA-269D802105EA}.Release|x86.ActiveCfg = Release|Any CPU
		{8E6BE280-9DCC-42D2-84C2-1A56812AE704}.Basic|Any CPU.ActiveCfg = Release|Any CPU
		{8E6BE280-9DCC-42D2-84C2-1A56812AE704}.Basic|Any CPU.Build.0 = Release|Any CPU
		{8E6BE280-9DCC-42D2-84C2-1A56812AE704}.Basic|x86.ActiveCfg = Debug|Any CPU
		{8E6BE280-9DCC-42D2-84C2-1A56812AE704}.Debug|Any CPU.ActiveCfg = Debug|Any CPU
		{8E6BE280-9DCC-42D2-84C2-1A56812AE704}.Debug|Any CPU.Build.0 = Debug|Any CPU
		{8E6BE280-9DCC-42D2-84C2-1A56812AE704}.Debug|x86.ActiveCfg = Debug|Any CPU
		{8E6BE280-9DCC-42D2-84C2-1A56812AE704}.Local|Any CPU.ActiveCfg = Local|Any CPU
		{8E6BE280-9DCC-42D2-84C2-1A56812AE704}.Local|Any CPU.Build.0 = Local|Any CPU
		{8E6BE280-9DCC-42D2-84C2-1A56812AE704}.Local|x86.ActiveCfg = Local|Any CPU
		{8E6BE280-9DCC-42D2-84C2-1A56812AE704}.Release|Any CPU.ActiveCfg = Release|Any CPU
		{8E6BE280-9DCC-42D2-84C2-1A56812AE704}.Release|Any CPU.Build.0 = Release|Any CPU
		{8E6BE280-9DCC-42D2-84C2-1A56812AE704}.Release|x86.ActiveCfg = Release|Any CPU
		{E56DA89E-EFE0-4077-AB1B-FE00389D5A02}.Basic|Any CPU.ActiveCfg = Release|Any CPU
		{E56DA89E-EFE0-4077-AB1B-FE00389D5A02}.Basic|Any CPU.Build.0 = Release|Any CPU
		{E56DA89E-EFE0-4077-AB1B-FE00389D5A02}.Basic|x86.ActiveCfg = Debug|Any CPU
		{E56DA89E-EFE0-4077-AB1B-FE00389D5A02}.Debug|Any CPU.ActiveCfg = Debug|Any CPU
		{E56DA89E-EFE0-4077-AB1B-FE00389D5A02}.Debug|Any CPU.Build.0 = Debug|Any CPU
		{E56DA89E-EFE0-4077-AB1B-FE00389D5A02}.Debug|x86.ActiveCfg = Debug|Any CPU
		{E56DA89E-EFE0-4077-AB1B-FE00389D5A02}.Local|Any CPU.ActiveCfg = Local|Any CPU
		{E56DA89E-EFE0-4077-AB1B-FE00389D5A02}.Local|Any CPU.Build.0 = Local|Any CPU
		{E56DA89E-EFE0-4077-AB1B-FE00389D5A02}.Local|x86.ActiveCfg = Local|Any CPU
		{E56DA89E-EFE0-4077-AB1B-FE00389D5A02}.Release|Any CPU.ActiveCfg = Release|Any CPU
		{E56DA89E-EFE0-4077-AB1B-FE00389D5A02}.Release|Any CPU.Build.0 = Release|Any CPU
		{E56DA89E-EFE0-4077-AB1B-FE00389D5A02}.Release|x86.ActiveCfg = Release|Any CPU
		{BF33E5BD-0536-4BF8-9D26-86B6A2DACA5F}.Basic|Any CPU.ActiveCfg = Release|Any CPU
		{BF33E5BD-0536-4BF8-9D26-86B6A2DACA5F}.Basic|Any CPU.Build.0 = Release|Any CPU
		{BF33E5BD-0536-4BF8-9D26-86B6A2DACA5F}.Basic|x86.ActiveCfg = Debug|Any CPU
		{BF33E5BD-0536-4BF8-9D26-86B6A2DACA5F}.Debug|Any CPU.ActiveCfg = Debug|Any CPU
		{BF33E5BD-0536-4BF8-9D26-86B6A2DACA5F}.Debug|Any CPU.Build.0 = Debug|Any CPU
		{BF33E5BD-0536-4BF8-9D26-86B6A2DACA5F}.Debug|x86.ActiveCfg = Debug|Any CPU
		{BF33E5BD-0536-4BF8-9D26-86B6A2DACA5F}.Local|Any CPU.ActiveCfg = Local|Any CPU
		{BF33E5BD-0536-4BF8-9D26-86B6A2DACA5F}.Local|Any CPU.Build.0 = Local|Any CPU
		{BF33E5BD-0536-4BF8-9D26-86B6A2DACA5F}.Local|x86.ActiveCfg = Local|Any CPU
		{BF33E5BD-0536-4BF8-9D26-86B6A2DACA5F}.Release|Any CPU.ActiveCfg = Release|Any CPU
		{BF33E5BD-0536-4BF8-9D26-86B6A2DACA5F}.Release|Any CPU.Build.0 = Release|Any CPU
		{BF33E5BD-0536-4BF8-9D26-86B6A2DACA5F}.Release|x86.ActiveCfg = Release|Any CPU
		{4E22204A-9560-4E78-8805-EFED0D0EEC9D}.Basic|Any CPU.ActiveCfg = Release|Any CPU
		{4E22204A-9560-4E78-8805-EFED0D0EEC9D}.Basic|Any CPU.Build.0 = Release|Any CPU
		{4E22204A-9560-4E78-8805-EFED0D0EEC9D}.Basic|x86.ActiveCfg = Debug|Any CPU
		{4E22204A-9560-4E78-8805-EFED0D0EEC9D}.Debug|Any CPU.ActiveCfg = Debug|Any CPU
		{4E22204A-9560-4E78-8805-EFED0D0EEC9D}.Debug|Any CPU.Build.0 = Debug|Any CPU
		{4E22204A-9560-4E78-8805-EFED0D0EEC9D}.Debug|x86.ActiveCfg = Debug|Any CPU
		{4E22204A-9560-4E78-8805-EFED0D0EEC9D}.Local|Any CPU.ActiveCfg = Local|Any CPU
		{4E22204A-9560-4E78-8805-EFED0D0EEC9D}.Local|Any CPU.Build.0 = Local|Any CPU
		{4E22204A-9560-4E78-8805-EFED0D0EEC9D}.Local|x86.ActiveCfg = Local|Any CPU
		{4E22204A-9560-4E78-8805-EFED0D0EEC9D}.Release|Any CPU.ActiveCfg = Release|Any CPU
		{4E22204A-9560-4E78-8805-EFED0D0EEC9D}.Release|Any CPU.Build.0 = Release|Any CPU
		{4E22204A-9560-4E78-8805-EFED0D0EEC9D}.Release|x86.ActiveCfg = Release|Any CPU
		{0A7D54E6-41A3-4F53-BBDD-81FD9A67A2C1}.Basic|Any CPU.ActiveCfg = Release|Any CPU
		{0A7D54E6-41A3-4F53-BBDD-81FD9A67A2C1}.Basic|Any CPU.Build.0 = Release|Any CPU
		{0A7D54E6-41A3-4F53-BBDD-81FD9A67A2C1}.Basic|x86.ActiveCfg = Debug|Any CPU
		{0A7D54E6-41A3-4F53-BBDD-81FD9A67A2C1}.Debug|Any CPU.ActiveCfg = Debug|Any CPU
		{0A7D54E6-41A3-4F53-BBDD-81FD9A67A2C1}.Debug|Any CPU.Build.0 = Debug|Any CPU
		{0A7D54E6-41A3-4F53-BBDD-81FD9A67A2C1}.Debug|x86.ActiveCfg = Debug|Any CPU
		{0A7D54E6-41A3-4F53-BBDD-81FD9A67A2C1}.Local|Any CPU.ActiveCfg = Local|Any CPU
		{0A7D54E6-41A3-4F53-BBDD-81FD9A67A2C1}.Local|Any CPU.Build.0 = Local|Any CPU
		{0A7D54E6-41A3-4F53-BBDD-81FD9A67A2C1}.Local|x86.ActiveCfg = Local|Any CPU
		{0A7D54E6-41A3-4F53-BBDD-81FD9A67A2C1}.Release|Any CPU.ActiveCfg = Release|Any CPU
		{0A7D54E6-41A3-4F53-BBDD-81FD9A67A2C1}.Release|Any CPU.Build.0 = Release|Any CPU
		{0A7D54E6-41A3-4F53-BBDD-81FD9A67A2C1}.Release|x86.ActiveCfg = Release|Any CPU
		{145E19BB-EA2E-430A-8CA6-707877D53D02}.Basic|Any CPU.ActiveCfg = Release|Any CPU
		{145E19BB-EA2E-430A-8CA6-707877D53D02}.Basic|Any CPU.Build.0 = Release|Any CPU
		{145E19BB-EA2E-430A-8CA6-707877D53D02}.Basic|x86.ActiveCfg = Debug|Any CPU
		{145E19BB-EA2E-430A-8CA6-707877D53D02}.Debug|Any CPU.ActiveCfg = Debug|Any CPU
		{145E19BB-EA2E-430A-8CA6-707877D53D02}.Debug|Any CPU.Build.0 = Debug|Any CPU
		{145E19BB-EA2E-430A-8CA6-707877D53D02}.Debug|x86.ActiveCfg = Debug|Any CPU
		{145E19BB-EA2E-430A-8CA6-707877D53D02}.Local|Any CPU.ActiveCfg = Local|Any CPU
		{145E19BB-EA2E-430A-8CA6-707877D53D02}.Local|Any CPU.Build.0 = Local|Any CPU
		{145E19BB-EA2E-430A-8CA6-707877D53D02}.Local|x86.ActiveCfg = Local|Any CPU
		{145E19BB-EA2E-430A-8CA6-707877D53D02}.Release|Any CPU.ActiveCfg = Release|Any CPU
		{145E19BB-EA2E-430A-8CA6-707877D53D02}.Release|Any CPU.Build.0 = Release|Any CPU
		{145E19BB-EA2E-430A-8CA6-707877D53D02}.Release|x86.ActiveCfg = Release|Any CPU
		{8C082DFD-81EE-4623-8BE9-32D34DED6407}.Basic|Any CPU.ActiveCfg = Release|Any CPU
		{8C082DFD-81EE-4623-8BE9-32D34DED6407}.Basic|Any CPU.Build.0 = Release|Any CPU
		{8C082DFD-81EE-4623-8BE9-32D34DED6407}.Basic|x86.ActiveCfg = Debug|Any CPU
		{8C082DFD-81EE-4623-8BE9-32D34DED6407}.Debug|Any CPU.ActiveCfg = Debug|Any CPU
		{8C082DFD-81EE-4623-8BE9-32D34DED6407}.Debug|Any CPU.Build.0 = Debug|Any CPU
		{8C082DFD-81EE-4623-8BE9-32D34DED6407}.Debug|x86.ActiveCfg = Debug|Any CPU
		{8C082DFD-81EE-4623-8BE9-32D34DED6407}.Local|Any CPU.ActiveCfg = Local|Any CPU
		{8C082DFD-81EE-4623-8BE9-32D34DED6407}.Local|Any CPU.Build.0 = Local|Any CPU
		{8C082DFD-81EE-4623-8BE9-32D34DED6407}.Local|x86.ActiveCfg = Local|Any CPU
		{8C082DFD-81EE-4623-8BE9-32D34DED6407}.Release|Any CPU.ActiveCfg = Release|Any CPU
		{8C082DFD-81EE-4623-8BE9-32D34DED6407}.Release|Any CPU.Build.0 = Release|Any CPU
		{8C082DFD-81EE-4623-8BE9-32D34DED6407}.Release|x86.ActiveCfg = Release|Any CPU
		{27572CCD-362B-4F99-900D-72CA3BDD1DDF}.Basic|Any CPU.ActiveCfg = Release|Any CPU
		{27572CCD-362B-4F99-900D-72CA3BDD1DDF}.Basic|Any CPU.Build.0 = Release|Any CPU
		{27572CCD-362B-4F99-900D-72CA3BDD1DDF}.Basic|x86.ActiveCfg = Debug|Any CPU
		{27572CCD-362B-4F99-900D-72CA3BDD1DDF}.Debug|Any CPU.ActiveCfg = Debug|Any CPU
		{27572CCD-362B-4F99-900D-72CA3BDD1DDF}.Debug|Any CPU.Build.0 = Debug|Any CPU
		{27572CCD-362B-4F99-900D-72CA3BDD1DDF}.Debug|x86.ActiveCfg = Debug|Any CPU
		{27572CCD-362B-4F99-900D-72CA3BDD1DDF}.Local|Any CPU.ActiveCfg = Local|Any CPU
		{27572CCD-362B-4F99-900D-72CA3BDD1DDF}.Local|Any CPU.Build.0 = Local|Any CPU
		{27572CCD-362B-4F99-900D-72CA3BDD1DDF}.Local|x86.ActiveCfg = Local|Any CPU
		{27572CCD-362B-4F99-900D-72CA3BDD1DDF}.Release|Any CPU.ActiveCfg = Release|Any CPU
		{27572CCD-362B-4F99-900D-72CA3BDD1DDF}.Release|Any CPU.Build.0 = Release|Any CPU
		{27572CCD-362B-4F99-900D-72CA3BDD1DDF}.Release|x86.ActiveCfg = Release|Any CPU
		{65F14E50-B281-4524-84C4-0ACA05C71FBC}.Basic|Any CPU.ActiveCfg = Release|Any CPU
		{65F14E50-B281-4524-84C4-0ACA05C71FBC}.Basic|Any CPU.Build.0 = Release|Any CPU
		{65F14E50-B281-4524-84C4-0ACA05C71FBC}.Basic|x86.ActiveCfg = Debug|Any CPU
		{65F14E50-B281-4524-84C4-0ACA05C71FBC}.Debug|Any CPU.ActiveCfg = Debug|Any CPU
		{65F14E50-B281-4524-84C4-0ACA05C71FBC}.Debug|Any CPU.Build.0 = Debug|Any CPU
		{65F14E50-B281-4524-84C4-0ACA05C71FBC}.Debug|x86.ActiveCfg = Debug|Any CPU
		{65F14E50-B281-4524-84C4-0ACA05C71FBC}.Local|Any CPU.ActiveCfg = Local|Any CPU
		{65F14E50-B281-4524-84C4-0ACA05C71FBC}.Local|Any CPU.Build.0 = Local|Any CPU
		{65F14E50-B281-4524-84C4-0ACA05C71FBC}.Local|x86.ActiveCfg = Local|Any CPU
		{65F14E50-B281-4524-84C4-0ACA05C71FBC}.Release|Any CPU.ActiveCfg = Release|Any CPU
		{65F14E50-B281-4524-84C4-0ACA05C71FBC}.Release|Any CPU.Build.0 = Release|Any CPU
		{65F14E50-B281-4524-84C4-0ACA05C71FBC}.Release|x86.ActiveCfg = Release|Any CPU
		{7A9C7A82-02FA-4B2E-9391-175CA212012D}.Basic|Any CPU.ActiveCfg = Release|Any CPU
		{7A9C7A82-02FA-4B2E-9391-175CA212012D}.Basic|Any CPU.Build.0 = Release|Any CPU
		{7A9C7A82-02FA-4B2E-9391-175CA212012D}.Basic|x86.ActiveCfg = Debug|Any CPU
		{7A9C7A82-02FA-4B2E-9391-175CA212012D}.Debug|Any CPU.ActiveCfg = Debug|Any CPU
		{7A9C7A82-02FA-4B2E-9391-175CA212012D}.Debug|Any CPU.Build.0 = Debug|Any CPU
		{7A9C7A82-02FA-4B2E-9391-175CA212012D}.Debug|x86.ActiveCfg = Debug|Any CPU
		{7A9C7A82-02FA-4B2E-9391-175CA212012D}.Local|Any CPU.ActiveCfg = Local|Any CPU
		{7A9C7A82-02FA-4B2E-9391-175CA212012D}.Local|Any CPU.Build.0 = Local|Any CPU
		{7A9C7A82-02FA-4B2E-9391-175CA212012D}.Local|x86.ActiveCfg = Local|Any CPU
		{7A9C7A82-02FA-4B2E-9391-175CA212012D}.Release|Any CPU.ActiveCfg = Release|Any CPU
		{7A9C7A82-02FA-4B2E-9391-175CA212012D}.Release|Any CPU.Build.0 = Release|Any CPU
		{7A9C7A82-02FA-4B2E-9391-175CA212012D}.Release|x86.ActiveCfg = Release|Any CPU
		{31A03896-6FD2-4591-AB2E-A4278C24F8DB}.Basic|Any CPU.ActiveCfg = Release|Any CPU
		{31A03896-6FD2-4591-AB2E-A4278C24F8DB}.Basic|Any CPU.Build.0 = Release|Any CPU
		{31A03896-6FD2-4591-AB2E-A4278C24F8DB}.Basic|x86.ActiveCfg = Debug|Any CPU
		{31A03896-6FD2-4591-AB2E-A4278C24F8DB}.Debug|Any CPU.ActiveCfg = Debug|Any CPU
		{31A03896-6FD2-4591-AB2E-A4278C24F8DB}.Debug|Any CPU.Build.0 = Debug|Any CPU
		{31A03896-6FD2-4591-AB2E-A4278C24F8DB}.Debug|x86.ActiveCfg = Debug|Any CPU
		{31A03896-6FD2-4591-AB2E-A4278C24F8DB}.Local|Any CPU.ActiveCfg = Local|Any CPU
		{31A03896-6FD2-4591-AB2E-A4278C24F8DB}.Local|Any CPU.Build.0 = Local|Any CPU
		{31A03896-6FD2-4591-AB2E-A4278C24F8DB}.Local|x86.ActiveCfg = Local|Any CPU
		{31A03896-6FD2-4591-AB2E-A4278C24F8DB}.Release|Any CPU.ActiveCfg = Release|Any CPU
		{31A03896-6FD2-4591-AB2E-A4278C24F8DB}.Release|Any CPU.Build.0 = Release|Any CPU
		{31A03896-6FD2-4591-AB2E-A4278C24F8DB}.Release|x86.ActiveCfg = Release|Any CPU
		{42FB923F-D2ED-4B68-94FD-EA8C5A86D28C}.Basic|Any CPU.ActiveCfg = Release|Any CPU
		{42FB923F-D2ED-4B68-94FD-EA8C5A86D28C}.Basic|Any CPU.Build.0 = Release|Any CPU
		{42FB923F-D2ED-4B68-94FD-EA8C5A86D28C}.Basic|x86.ActiveCfg = Release|x86
		{42FB923F-D2ED-4B68-94FD-EA8C5A86D28C}.Basic|x86.Build.0 = Release|x86
		{42FB923F-D2ED-4B68-94FD-EA8C5A86D28C}.Debug|Any CPU.ActiveCfg = Debug|Any CPU
		{42FB923F-D2ED-4B68-94FD-EA8C5A86D28C}.Debug|Any CPU.Build.0 = Debug|Any CPU
		{42FB923F-D2ED-4B68-94FD-EA8C5A86D28C}.Debug|x86.ActiveCfg = Debug|x86
		{42FB923F-D2ED-4B68-94FD-EA8C5A86D28C}.Debug|x86.Build.0 = Debug|x86
		{42FB923F-D2ED-4B68-94FD-EA8C5A86D28C}.Local|Any CPU.ActiveCfg = Local|Any CPU
		{42FB923F-D2ED-4B68-94FD-EA8C5A86D28C}.Local|Any CPU.Build.0 = Local|Any CPU
		{42FB923F-D2ED-4B68-94FD-EA8C5A86D28C}.Local|x86.ActiveCfg = Local|x86
		{42FB923F-D2ED-4B68-94FD-EA8C5A86D28C}.Local|x86.Build.0 = Local|x86
		{42FB923F-D2ED-4B68-94FD-EA8C5A86D28C}.Release|Any CPU.ActiveCfg = Release|Any CPU
		{42FB923F-D2ED-4B68-94FD-EA8C5A86D28C}.Release|Any CPU.Build.0 = Release|Any CPU
		{42FB923F-D2ED-4B68-94FD-EA8C5A86D28C}.Release|x86.ActiveCfg = Release|x86
		{42FB923F-D2ED-4B68-94FD-EA8C5A86D28C}.Release|x86.Build.0 = Release|x86
		{C9718E6D-F866-4991-80CD-4BAFDF4D8878}.Basic|Any CPU.ActiveCfg = Basic|Any CPU
		{C9718E6D-F866-4991-80CD-4BAFDF4D8878}.Basic|Any CPU.Build.0 = Basic|Any CPU
		{C9718E6D-F866-4991-80CD-4BAFDF4D8878}.Basic|x86.ActiveCfg = Basic|Any CPU
		{C9718E6D-F866-4991-80CD-4BAFDF4D8878}.Debug|Any CPU.ActiveCfg = Debug|Any CPU
		{C9718E6D-F866-4991-80CD-4BAFDF4D8878}.Debug|Any CPU.Build.0 = Debug|Any CPU
		{C9718E6D-F866-4991-80CD-4BAFDF4D8878}.Debug|x86.ActiveCfg = Debug|Any CPU
		{C9718E6D-F866-4991-80CD-4BAFDF4D8878}.Local|Any CPU.ActiveCfg = Local|Any CPU
		{C9718E6D-F866-4991-80CD-4BAFDF4D8878}.Local|Any CPU.Build.0 = Local|Any CPU
		{C9718E6D-F866-4991-80CD-4BAFDF4D8878}.Local|x86.ActiveCfg = Local|Any CPU
		{C9718E6D-F866-4991-80CD-4BAFDF4D8878}.Release|Any CPU.ActiveCfg = Release|Any CPU
		{C9718E6D-F866-4991-80CD-4BAFDF4D8878}.Release|Any CPU.Build.0 = Release|Any CPU
		{C9718E6D-F866-4991-80CD-4BAFDF4D8878}.Release|x86.ActiveCfg = Release|Any CPU
		{1C524197-E2B6-437E-80DE-7F307A9B36F1}.Basic|Any CPU.ActiveCfg = Basic|Any CPU
		{1C524197-E2B6-437E-80DE-7F307A9B36F1}.Basic|Any CPU.Build.0 = Basic|Any CPU
		{1C524197-E2B6-437E-80DE-7F307A9B36F1}.Basic|x86.ActiveCfg = Basic|x86
		{1C524197-E2B6-437E-80DE-7F307A9B36F1}.Basic|x86.Build.0 = Basic|x86
		{1C524197-E2B6-437E-80DE-7F307A9B36F1}.Debug|Any CPU.ActiveCfg = Debug|Any CPU
		{1C524197-E2B6-437E-80DE-7F307A9B36F1}.Debug|Any CPU.Build.0 = Debug|Any CPU
		{1C524197-E2B6-437E-80DE-7F307A9B36F1}.Debug|x86.ActiveCfg = Debug|x86
		{1C524197-E2B6-437E-80DE-7F307A9B36F1}.Debug|x86.Build.0 = Debug|x86
		{1C524197-E2B6-437E-80DE-7F307A9B36F1}.Local|Any CPU.ActiveCfg = Local|Any CPU
		{1C524197-E2B6-437E-80DE-7F307A9B36F1}.Local|Any CPU.Build.0 = Local|Any CPU
		{1C524197-E2B6-437E-80DE-7F307A9B36F1}.Local|x86.ActiveCfg = Local|x86
		{1C524197-E2B6-437E-80DE-7F307A9B36F1}.Local|x86.Build.0 = Local|x86
		{1C524197-E2B6-437E-80DE-7F307A9B36F1}.Release|Any CPU.ActiveCfg = Release|Any CPU
		{1C524197-E2B6-437E-80DE-7F307A9B36F1}.Release|Any CPU.Build.0 = Release|Any CPU
		{1C524197-E2B6-437E-80DE-7F307A9B36F1}.Release|x86.ActiveCfg = Release|x86
		{1C524197-E2B6-437E-80DE-7F307A9B36F1}.Release|x86.Build.0 = Release|x86
		{D458E586-6306-4111-8080-E3FCDBF82995}.Basic|Any CPU.ActiveCfg = Release|Any CPU
		{D458E586-6306-4111-8080-E3FCDBF82995}.Basic|Any CPU.Build.0 = Release|Any CPU
		{D458E586-6306-4111-8080-E3FCDBF82995}.Basic|x86.ActiveCfg = Release|Any CPU
		{D458E586-6306-4111-8080-E3FCDBF82995}.Debug|Any CPU.ActiveCfg = Debug|Any CPU
		{D458E586-6306-4111-8080-E3FCDBF82995}.Debug|Any CPU.Build.0 = Debug|Any CPU
		{D458E586-6306-4111-8080-E3FCDBF82995}.Debug|x86.ActiveCfg = Debug|Any CPU
		{D458E586-6306-4111-8080-E3FCDBF82995}.Local|Any CPU.ActiveCfg = Local|Any CPU
		{D458E586-6306-4111-8080-E3FCDBF82995}.Local|Any CPU.Build.0 = Local|Any CPU
		{D458E586-6306-4111-8080-E3FCDBF82995}.Local|x86.ActiveCfg = Local|Any CPU
		{D458E586-6306-4111-8080-E3FCDBF82995}.Release|Any CPU.ActiveCfg = Release|Any CPU
		{D458E586-6306-4111-8080-E3FCDBF82995}.Release|Any CPU.Build.0 = Release|Any CPU
		{D458E586-6306-4111-8080-E3FCDBF82995}.Release|x86.ActiveCfg = Release|Any CPU
		{CC97D8E8-CFCB-4A33-A8AE-34EBDB0812C3}.Basic|Any CPU.ActiveCfg = Release|Any CPU
		{CC97D8E8-CFCB-4A33-A8AE-34EBDB0812C3}.Basic|Any CPU.Build.0 = Release|Any CPU
		{CC97D8E8-CFCB-4A33-A8AE-34EBDB0812C3}.Basic|x86.ActiveCfg = Release|Any CPU
		{CC97D8E8-CFCB-4A33-A8AE-34EBDB0812C3}.Debug|Any CPU.ActiveCfg = Debug|Any CPU
		{CC97D8E8-CFCB-4A33-A8AE-34EBDB0812C3}.Debug|Any CPU.Build.0 = Debug|Any CPU
		{CC97D8E8-CFCB-4A33-A8AE-34EBDB0812C3}.Debug|x86.ActiveCfg = Debug|Any CPU
		{CC97D8E8-CFCB-4A33-A8AE-34EBDB0812C3}.Local|Any CPU.ActiveCfg = Local|Any CPU
		{CC97D8E8-CFCB-4A33-A8AE-34EBDB0812C3}.Local|Any CPU.Build.0 = Local|Any CPU
		{CC97D8E8-CFCB-4A33-A8AE-34EBDB0812C3}.Local|x86.ActiveCfg = Local|Any CPU
		{CC97D8E8-CFCB-4A33-A8AE-34EBDB0812C3}.Release|Any CPU.ActiveCfg = Release|Any CPU
		{CC97D8E8-CFCB-4A33-A8AE-34EBDB0812C3}.Release|Any CPU.Build.0 = Release|Any CPU
		{CC97D8E8-CFCB-4A33-A8AE-34EBDB0812C3}.Release|x86.ActiveCfg = Release|Any CPU
		{0B1D4349-8059-48F7-BF8B-31FB1E7A2260}.Basic|Any CPU.ActiveCfg = Release|Any CPU
		{0B1D4349-8059-48F7-BF8B-31FB1E7A2260}.Basic|Any CPU.Build.0 = Release|Any CPU
		{0B1D4349-8059-48F7-BF8B-31FB1E7A2260}.Basic|x86.ActiveCfg = Release|Any CPU
		{0B1D4349-8059-48F7-BF8B-31FB1E7A2260}.Debug|Any CPU.ActiveCfg = Debug|Any CPU
		{0B1D4349-8059-48F7-BF8B-31FB1E7A2260}.Debug|Any CPU.Build.0 = Debug|Any CPU
		{0B1D4349-8059-48F7-BF8B-31FB1E7A2260}.Debug|x86.ActiveCfg = Debug|Any CPU
		{0B1D4349-8059-48F7-BF8B-31FB1E7A2260}.Local|Any CPU.ActiveCfg = Local|Any CPU
		{0B1D4349-8059-48F7-BF8B-31FB1E7A2260}.Local|Any CPU.Build.0 = Local|Any CPU
		{0B1D4349-8059-48F7-BF8B-31FB1E7A2260}.Local|x86.ActiveCfg = Local|Any CPU
		{0B1D4349-8059-48F7-BF8B-31FB1E7A2260}.Release|Any CPU.ActiveCfg = Release|Any CPU
		{0B1D4349-8059-48F7-BF8B-31FB1E7A2260}.Release|Any CPU.Build.0 = Release|Any CPU
		{0B1D4349-8059-48F7-BF8B-31FB1E7A2260}.Release|x86.ActiveCfg = Release|Any CPU
		{1C21E97D-6309-4A6B-8C0B-013CD3168332}.Basic|Any CPU.ActiveCfg = Release|Any CPU
		{1C21E97D-6309-4A6B-8C0B-013CD3168332}.Basic|Any CPU.Build.0 = Release|Any CPU
		{1C21E97D-6309-4A6B-8C0B-013CD3168332}.Basic|x86.ActiveCfg = Release|Any CPU
		{1C21E97D-6309-4A6B-8C0B-013CD3168332}.Debug|Any CPU.ActiveCfg = Debug|Any CPU
		{1C21E97D-6309-4A6B-8C0B-013CD3168332}.Debug|Any CPU.Build.0 = Debug|Any CPU
		{1C21E97D-6309-4A6B-8C0B-013CD3168332}.Debug|x86.ActiveCfg = Debug|Any CPU
		{1C21E97D-6309-4A6B-8C0B-013CD3168332}.Local|Any CPU.ActiveCfg = Local|Any CPU
		{1C21E97D-6309-4A6B-8C0B-013CD3168332}.Local|Any CPU.Build.0 = Local|Any CPU
		{1C21E97D-6309-4A6B-8C0B-013CD3168332}.Local|x86.ActiveCfg = Local|Any CPU
		{1C21E97D-6309-4A6B-8C0B-013CD3168332}.Release|Any CPU.ActiveCfg = Release|Any CPU
		{1C21E97D-6309-4A6B-8C0B-013CD3168332}.Release|Any CPU.Build.0 = Release|Any CPU
		{1C21E97D-6309-4A6B-8C0B-013CD3168332}.Release|x86.ActiveCfg = Release|Any CPU
		{8ED93100-FECA-4AEB-9E33-7B2761FEFE72}.Basic|Any CPU.ActiveCfg = Release|Any CPU
		{8ED93100-FECA-4AEB-9E33-7B2761FEFE72}.Basic|Any CPU.Build.0 = Release|Any CPU
		{8ED93100-FECA-4AEB-9E33-7B2761FEFE72}.Basic|x86.ActiveCfg = Release|Any CPU
		{8ED93100-FECA-4AEB-9E33-7B2761FEFE72}.Debug|Any CPU.ActiveCfg = Debug|Any CPU
		{8ED93100-FECA-4AEB-9E33-7B2761FEFE72}.Debug|Any CPU.Build.0 = Debug|Any CPU
		{8ED93100-FECA-4AEB-9E33-7B2761FEFE72}.Debug|x86.ActiveCfg = Debug|Any CPU
		{8ED93100-FECA-4AEB-9E33-7B2761FEFE72}.Local|Any CPU.ActiveCfg = Local|Any CPU
		{8ED93100-FECA-4AEB-9E33-7B2761FEFE72}.Local|Any CPU.Build.0 = Local|Any CPU
		{8ED93100-FECA-4AEB-9E33-7B2761FEFE72}.Local|x86.ActiveCfg = Local|Any CPU
		{8ED93100-FECA-4AEB-9E33-7B2761FEFE72}.Release|Any CPU.ActiveCfg = Release|Any CPU
		{8ED93100-FECA-4AEB-9E33-7B2761FEFE72}.Release|Any CPU.Build.0 = Release|Any CPU
		{8ED93100-FECA-4AEB-9E33-7B2761FEFE72}.Release|x86.ActiveCfg = Release|Any CPU
		{D36BC548-5359-4DB0-8692-ED3D1E9C38E7}.Basic|Any CPU.ActiveCfg = Release|Any CPU
		{D36BC548-5359-4DB0-8692-ED3D1E9C38E7}.Basic|Any CPU.Build.0 = Release|Any CPU
		{D36BC548-5359-4DB0-8692-ED3D1E9C38E7}.Basic|x86.ActiveCfg = Release|Any CPU
		{D36BC548-5359-4DB0-8692-ED3D1E9C38E7}.Debug|Any CPU.ActiveCfg = Debug|Any CPU
		{D36BC548-5359-4DB0-8692-ED3D1E9C38E7}.Debug|Any CPU.Build.0 = Debug|Any CPU
		{D36BC548-5359-4DB0-8692-ED3D1E9C38E7}.Debug|x86.ActiveCfg = Debug|Any CPU
		{D36BC548-5359-4DB0-8692-ED3D1E9C38E7}.Local|Any CPU.ActiveCfg = Local|Any CPU
		{D36BC548-5359-4DB0-8692-ED3D1E9C38E7}.Local|Any CPU.Build.0 = Local|Any CPU
		{D36BC548-5359-4DB0-8692-ED3D1E9C38E7}.Local|x86.ActiveCfg = Local|Any CPU
		{D36BC548-5359-4DB0-8692-ED3D1E9C38E7}.Release|Any CPU.ActiveCfg = Release|Any CPU
		{D36BC548-5359-4DB0-8692-ED3D1E9C38E7}.Release|Any CPU.Build.0 = Release|Any CPU
		{D36BC548-5359-4DB0-8692-ED3D1E9C38E7}.Release|x86.ActiveCfg = Release|Any CPU
		{D5DC1E20-5E10-4D3C-BC6F-6F596D890981}.Basic|Any CPU.ActiveCfg = Release|Any CPU
		{D5DC1E20-5E10-4D3C-BC6F-6F596D890981}.Basic|Any CPU.Build.0 = Release|Any CPU
		{D5DC1E20-5E10-4D3C-BC6F-6F596D890981}.Basic|x86.ActiveCfg = Release|Any CPU
		{D5DC1E20-5E10-4D3C-BC6F-6F596D890981}.Debug|Any CPU.ActiveCfg = Debug|Any CPU
		{D5DC1E20-5E10-4D3C-BC6F-6F596D890981}.Debug|Any CPU.Build.0 = Debug|Any CPU
		{D5DC1E20-5E10-4D3C-BC6F-6F596D890981}.Debug|x86.ActiveCfg = Debug|Any CPU
		{D5DC1E20-5E10-4D3C-BC6F-6F596D890981}.Local|Any CPU.ActiveCfg = Local|Any CPU
		{D5DC1E20-5E10-4D3C-BC6F-6F596D890981}.Local|Any CPU.Build.0 = Local|Any CPU
		{D5DC1E20-5E10-4D3C-BC6F-6F596D890981}.Local|x86.ActiveCfg = Local|Any CPU
		{D5DC1E20-5E10-4D3C-BC6F-6F596D890981}.Release|Any CPU.ActiveCfg = Release|Any CPU
		{D5DC1E20-5E10-4D3C-BC6F-6F596D890981}.Release|Any CPU.Build.0 = Release|Any CPU
		{D5DC1E20-5E10-4D3C-BC6F-6F596D890981}.Release|x86.ActiveCfg = Release|Any CPU
		{B21B1D6B-46AF-40CA-9585-5506B1596AFF}.Basic|Any CPU.ActiveCfg = Release|Any CPU
		{B21B1D6B-46AF-40CA-9585-5506B1596AFF}.Basic|Any CPU.Build.0 = Release|Any CPU
		{B21B1D6B-46AF-40CA-9585-5506B1596AFF}.Basic|x86.ActiveCfg = Release|Any CPU
		{B21B1D6B-46AF-40CA-9585-5506B1596AFF}.Debug|Any CPU.ActiveCfg = Debug|Any CPU
		{B21B1D6B-46AF-40CA-9585-5506B1596AFF}.Debug|Any CPU.Build.0 = Debug|Any CPU
		{B21B1D6B-46AF-40CA-9585-5506B1596AFF}.Debug|x86.ActiveCfg = Debug|Any CPU
		{B21B1D6B-46AF-40CA-9585-5506B1596AFF}.Local|Any CPU.ActiveCfg = Local|Any CPU
		{B21B1D6B-46AF-40CA-9585-5506B1596AFF}.Local|Any CPU.Build.0 = Local|Any CPU
		{B21B1D6B-46AF-40CA-9585-5506B1596AFF}.Local|x86.ActiveCfg = Local|Any CPU
		{B21B1D6B-46AF-40CA-9585-5506B1596AFF}.Release|Any CPU.ActiveCfg = Release|Any CPU
		{B21B1D6B-46AF-40CA-9585-5506B1596AFF}.Release|Any CPU.Build.0 = Release|Any CPU
		{B21B1D6B-46AF-40CA-9585-5506B1596AFF}.Release|x86.ActiveCfg = Release|Any CPU
		{A35BD0D3-3055-4206-8B3F-80079F9ECA15}.Basic|Any CPU.ActiveCfg = Release|Any CPU
		{A35BD0D3-3055-4206-8B3F-80079F9ECA15}.Basic|Any CPU.Build.0 = Release|Any CPU
		{A35BD0D3-3055-4206-8B3F-80079F9ECA15}.Basic|x86.ActiveCfg = Release|Any CPU
		{A35BD0D3-3055-4206-8B3F-80079F9ECA15}.Debug|Any CPU.ActiveCfg = Debug|Any CPU
		{A35BD0D3-3055-4206-8B3F-80079F9ECA15}.Debug|Any CPU.Build.0 = Debug|Any CPU
		{A35BD0D3-3055-4206-8B3F-80079F9ECA15}.Debug|x86.ActiveCfg = Debug|Any CPU
		{A35BD0D3-3055-4206-8B3F-80079F9ECA15}.Local|Any CPU.ActiveCfg = Local|Any CPU
		{A35BD0D3-3055-4206-8B3F-80079F9ECA15}.Local|Any CPU.Build.0 = Local|Any CPU
		{A35BD0D3-3055-4206-8B3F-80079F9ECA15}.Local|x86.ActiveCfg = Local|Any CPU
		{A35BD0D3-3055-4206-8B3F-80079F9ECA15}.Release|Any CPU.ActiveCfg = Release|Any CPU
		{A35BD0D3-3055-4206-8B3F-80079F9ECA15}.Release|Any CPU.Build.0 = Release|Any CPU
		{A35BD0D3-3055-4206-8B3F-80079F9ECA15}.Release|x86.ActiveCfg = Release|Any CPU
		{798ABF79-9CC5-4D97-BAC3-DE1F9B016EC2}.Basic|Any CPU.ActiveCfg = Release|Any CPU
		{798ABF79-9CC5-4D97-BAC3-DE1F9B016EC2}.Basic|Any CPU.Build.0 = Release|Any CPU
		{798ABF79-9CC5-4D97-BAC3-DE1F9B016EC2}.Basic|x86.ActiveCfg = Release|Any CPU
		{798ABF79-9CC5-4D97-BAC3-DE1F9B016EC2}.Debug|Any CPU.ActiveCfg = Debug|Any CPU
		{798ABF79-9CC5-4D97-BAC3-DE1F9B016EC2}.Debug|Any CPU.Build.0 = Debug|Any CPU
		{798ABF79-9CC5-4D97-BAC3-DE1F9B016EC2}.Debug|x86.ActiveCfg = Debug|Any CPU
		{798ABF79-9CC5-4D97-BAC3-DE1F9B016EC2}.Local|Any CPU.ActiveCfg = Local|Any CPU
		{798ABF79-9CC5-4D97-BAC3-DE1F9B016EC2}.Local|Any CPU.Build.0 = Local|Any CPU
		{798ABF79-9CC5-4D97-BAC3-DE1F9B016EC2}.Local|x86.ActiveCfg = Local|Any CPU
		{798ABF79-9CC5-4D97-BAC3-DE1F9B016EC2}.Release|Any CPU.ActiveCfg = Release|Any CPU
		{798ABF79-9CC5-4D97-BAC3-DE1F9B016EC2}.Release|Any CPU.Build.0 = Release|Any CPU
		{798ABF79-9CC5-4D97-BAC3-DE1F9B016EC2}.Release|x86.ActiveCfg = Release|Any CPU
		{2E48DC40-A9AB-485D-A847-8E3662C69696}.Basic|Any CPU.ActiveCfg = Release|Any CPU
		{2E48DC40-A9AB-485D-A847-8E3662C69696}.Basic|Any CPU.Build.0 = Release|Any CPU
		{2E48DC40-A9AB-485D-A847-8E3662C69696}.Basic|x86.ActiveCfg = Release|Any CPU
		{2E48DC40-A9AB-485D-A847-8E3662C69696}.Debug|Any CPU.ActiveCfg = Debug|Any CPU
		{2E48DC40-A9AB-485D-A847-8E3662C69696}.Debug|Any CPU.Build.0 = Debug|Any CPU
		{2E48DC40-A9AB-485D-A847-8E3662C69696}.Debug|x86.ActiveCfg = Debug|Any CPU
		{2E48DC40-A9AB-485D-A847-8E3662C69696}.Local|Any CPU.ActiveCfg = Local|Any CPU
		{2E48DC40-A9AB-485D-A847-8E3662C69696}.Local|Any CPU.Build.0 = Local|Any CPU
		{2E48DC40-A9AB-485D-A847-8E3662C69696}.Local|x86.ActiveCfg = Local|Any CPU
		{2E48DC40-A9AB-485D-A847-8E3662C69696}.Release|Any CPU.ActiveCfg = Release|Any CPU
		{2E48DC40-A9AB-485D-A847-8E3662C69696}.Release|Any CPU.Build.0 = Release|Any CPU
		{2E48DC40-A9AB-485D-A847-8E3662C69696}.Release|x86.ActiveCfg = Release|Any CPU
		{4191D9E7-8502-4B00-A488-771240E2CF40}.Basic|Any CPU.ActiveCfg = Release|Any CPU
		{4191D9E7-8502-4B00-A488-771240E2CF40}.Basic|Any CPU.Build.0 = Release|Any CPU
		{4191D9E7-8502-4B00-A488-771240E2CF40}.Basic|x86.ActiveCfg = Release|Any CPU
		{4191D9E7-8502-4B00-A488-771240E2CF40}.Debug|Any CPU.ActiveCfg = Debug|Any CPU
		{4191D9E7-8502-4B00-A488-771240E2CF40}.Debug|Any CPU.Build.0 = Debug|Any CPU
		{4191D9E7-8502-4B00-A488-771240E2CF40}.Debug|x86.ActiveCfg = Debug|Any CPU
		{4191D9E7-8502-4B00-A488-771240E2CF40}.Local|Any CPU.ActiveCfg = Local|Any CPU
		{4191D9E7-8502-4B00-A488-771240E2CF40}.Local|Any CPU.Build.0 = Local|Any CPU
		{4191D9E7-8502-4B00-A488-771240E2CF40}.Local|x86.ActiveCfg = Local|Any CPU
		{4191D9E7-8502-4B00-A488-771240E2CF40}.Release|Any CPU.ActiveCfg = Release|Any CPU
		{4191D9E7-8502-4B00-A488-771240E2CF40}.Release|Any CPU.Build.0 = Release|Any CPU
		{4191D9E7-8502-4B00-A488-771240E2CF40}.Release|x86.ActiveCfg = Release|Any CPU
		{B085A841-F0F0-4EA7-8AF3-B8C5440836DB}.Basic|Any CPU.ActiveCfg = Release|Any CPU
		{B085A841-F0F0-4EA7-8AF3-B8C5440836DB}.Basic|Any CPU.Build.0 = Release|Any CPU
		{B085A841-F0F0-4EA7-8AF3-B8C5440836DB}.Basic|x86.ActiveCfg = Release|Any CPU
		{B085A841-F0F0-4EA7-8AF3-B8C5440836DB}.Debug|Any CPU.ActiveCfg = Debug|Any CPU
		{B085A841-F0F0-4EA7-8AF3-B8C5440836DB}.Debug|Any CPU.Build.0 = Debug|Any CPU
		{B085A841-F0F0-4EA7-8AF3-B8C5440836DB}.Debug|x86.ActiveCfg = Debug|Any CPU
		{B085A841-F0F0-4EA7-8AF3-B8C5440836DB}.Local|Any CPU.ActiveCfg = Local|Any CPU
		{B085A841-F0F0-4EA7-8AF3-B8C5440836DB}.Local|Any CPU.Build.0 = Local|Any CPU
		{B085A841-F0F0-4EA7-8AF3-B8C5440836DB}.Local|x86.ActiveCfg = Local|Any CPU
		{B085A841-F0F0-4EA7-8AF3-B8C5440836DB}.Release|Any CPU.ActiveCfg = Release|Any CPU
		{B085A841-F0F0-4EA7-8AF3-B8C5440836DB}.Release|Any CPU.Build.0 = Release|Any CPU
		{B085A841-F0F0-4EA7-8AF3-B8C5440836DB}.Release|x86.ActiveCfg = Release|Any CPU
		{ADD7636B-71DB-494D-9DBD-4AF9538D3EDF}.Basic|Any CPU.ActiveCfg = Release|Any CPU
		{ADD7636B-71DB-494D-9DBD-4AF9538D3EDF}.Basic|Any CPU.Build.0 = Release|Any CPU
		{ADD7636B-71DB-494D-9DBD-4AF9538D3EDF}.Basic|x86.ActiveCfg = Release|Any CPU
		{ADD7636B-71DB-494D-9DBD-4AF9538D3EDF}.Debug|Any CPU.ActiveCfg = Debug|Any CPU
		{ADD7636B-71DB-494D-9DBD-4AF9538D3EDF}.Debug|Any CPU.Build.0 = Debug|Any CPU
		{ADD7636B-71DB-494D-9DBD-4AF9538D3EDF}.Debug|x86.ActiveCfg = Debug|Any CPU
		{ADD7636B-71DB-494D-9DBD-4AF9538D3EDF}.Local|Any CPU.ActiveCfg = Debug|Any CPU
		{ADD7636B-71DB-494D-9DBD-4AF9538D3EDF}.Local|Any CPU.Build.0 = Debug|Any CPU
		{ADD7636B-71DB-494D-9DBD-4AF9538D3EDF}.Local|x86.ActiveCfg = Debug|Any CPU
		{ADD7636B-71DB-494D-9DBD-4AF9538D3EDF}.Release|Any CPU.ActiveCfg = Release|Any CPU
		{ADD7636B-71DB-494D-9DBD-4AF9538D3EDF}.Release|Any CPU.Build.0 = Release|Any CPU
		{ADD7636B-71DB-494D-9DBD-4AF9538D3EDF}.Release|x86.ActiveCfg = Release|Any CPU
		{25037A8A-7C6D-4496-B757-6FA85ABDD3CF}.Basic|Any CPU.ActiveCfg = Release|Any CPU
		{25037A8A-7C6D-4496-B757-6FA85ABDD3CF}.Basic|Any CPU.Build.0 = Release|Any CPU
		{25037A8A-7C6D-4496-B757-6FA85ABDD3CF}.Basic|x86.ActiveCfg = Release|Any CPU
		{25037A8A-7C6D-4496-B757-6FA85ABDD3CF}.Debug|Any CPU.ActiveCfg = Debug|Any CPU
		{25037A8A-7C6D-4496-B757-6FA85ABDD3CF}.Debug|Any CPU.Build.0 = Debug|Any CPU
		{25037A8A-7C6D-4496-B757-6FA85ABDD3CF}.Debug|x86.ActiveCfg = Debug|Any CPU
		{25037A8A-7C6D-4496-B757-6FA85ABDD3CF}.Local|Any CPU.ActiveCfg = Local|Any CPU
		{25037A8A-7C6D-4496-B757-6FA85ABDD3CF}.Local|Any CPU.Build.0 = Local|Any CPU
		{25037A8A-7C6D-4496-B757-6FA85ABDD3CF}.Local|x86.ActiveCfg = Local|Any CPU
		{25037A8A-7C6D-4496-B757-6FA85ABDD3CF}.Release|Any CPU.ActiveCfg = Release|Any CPU
		{25037A8A-7C6D-4496-B757-6FA85ABDD3CF}.Release|Any CPU.Build.0 = Release|Any CPU
		{25037A8A-7C6D-4496-B757-6FA85ABDD3CF}.Release|x86.ActiveCfg = Release|Any CPU
		{D57B2371-DA31-4035-8B00-6A6D0256EC00}.Basic|Any CPU.ActiveCfg = Release|Any CPU
		{D57B2371-DA31-4035-8B00-6A6D0256EC00}.Basic|Any CPU.Build.0 = Release|Any CPU
		{D57B2371-DA31-4035-8B00-6A6D0256EC00}.Basic|x86.ActiveCfg = Release|Any CPU
		{D57B2371-DA31-4035-8B00-6A6D0256EC00}.Debug|Any CPU.ActiveCfg = Debug|Any CPU
		{D57B2371-DA31-4035-8B00-6A6D0256EC00}.Debug|Any CPU.Build.0 = Debug|Any CPU
		{D57B2371-DA31-4035-8B00-6A6D0256EC00}.Debug|x86.ActiveCfg = Debug|Any CPU
		{D57B2371-DA31-4035-8B00-6A6D0256EC00}.Local|Any CPU.ActiveCfg = Local|Any CPU
		{D57B2371-DA31-4035-8B00-6A6D0256EC00}.Local|Any CPU.Build.0 = Local|Any CPU
		{D57B2371-DA31-4035-8B00-6A6D0256EC00}.Local|x86.ActiveCfg = Local|Any CPU
		{D57B2371-DA31-4035-8B00-6A6D0256EC00}.Release|Any CPU.ActiveCfg = Release|Any CPU
		{D57B2371-DA31-4035-8B00-6A6D0256EC00}.Release|Any CPU.Build.0 = Release|Any CPU
		{D57B2371-DA31-4035-8B00-6A6D0256EC00}.Release|x86.ActiveCfg = Release|Any CPU
		{320C9FF3-DA35-42EA-A872-65B1CFE681CB}.Basic|Any CPU.ActiveCfg = Release|Any CPU
		{320C9FF3-DA35-42EA-A872-65B1CFE681CB}.Basic|Any CPU.Build.0 = Release|Any CPU
		{320C9FF3-DA35-42EA-A872-65B1CFE681CB}.Basic|x86.ActiveCfg = Release|Any CPU
		{320C9FF3-DA35-42EA-A872-65B1CFE681CB}.Debug|Any CPU.ActiveCfg = Debug|Any CPU
		{320C9FF3-DA35-42EA-A872-65B1CFE681CB}.Debug|Any CPU.Build.0 = Debug|Any CPU
		{320C9FF3-DA35-42EA-A872-65B1CFE681CB}.Debug|x86.ActiveCfg = Debug|Any CPU
		{320C9FF3-DA35-42EA-A872-65B1CFE681CB}.Local|Any CPU.ActiveCfg = Local|Any CPU
		{320C9FF3-DA35-42EA-A872-65B1CFE681CB}.Local|Any CPU.Build.0 = Local|Any CPU
		{320C9FF3-DA35-42EA-A872-65B1CFE681CB}.Local|x86.ActiveCfg = Local|Any CPU
		{320C9FF3-DA35-42EA-A872-65B1CFE681CB}.Release|Any CPU.ActiveCfg = Release|Any CPU
		{320C9FF3-DA35-42EA-A872-65B1CFE681CB}.Release|Any CPU.Build.0 = Release|Any CPU
		{320C9FF3-DA35-42EA-A872-65B1CFE681CB}.Release|x86.ActiveCfg = Release|Any CPU
		{EA7E6211-06BC-41AD-8E44-874E5660FBF1}.Basic|Any CPU.ActiveCfg = Release|Any CPU
		{EA7E6211-06BC-41AD-8E44-874E5660FBF1}.Basic|Any CPU.Build.0 = Release|Any CPU
		{EA7E6211-06BC-41AD-8E44-874E5660FBF1}.Basic|x86.ActiveCfg = Release|Any CPU
		{EA7E6211-06BC-41AD-8E44-874E5660FBF1}.Debug|Any CPU.ActiveCfg = Debug|Any CPU
		{EA7E6211-06BC-41AD-8E44-874E5660FBF1}.Debug|Any CPU.Build.0 = Debug|Any CPU
		{EA7E6211-06BC-41AD-8E44-874E5660FBF1}.Debug|x86.ActiveCfg = Debug|Any CPU
		{EA7E6211-06BC-41AD-8E44-874E5660FBF1}.Local|Any CPU.ActiveCfg = Local|Any CPU
		{EA7E6211-06BC-41AD-8E44-874E5660FBF1}.Local|Any CPU.Build.0 = Local|Any CPU
		{EA7E6211-06BC-41AD-8E44-874E5660FBF1}.Local|x86.ActiveCfg = Local|Any CPU
		{EA7E6211-06BC-41AD-8E44-874E5660FBF1}.Release|Any CPU.ActiveCfg = Release|Any CPU
		{EA7E6211-06BC-41AD-8E44-874E5660FBF1}.Release|Any CPU.Build.0 = Release|Any CPU
		{EA7E6211-06BC-41AD-8E44-874E5660FBF1}.Release|x86.ActiveCfg = Release|Any CPU
		{13504508-227B-4099-9987-3DF3D2F8E792}.Basic|Any CPU.ActiveCfg = Release|Any CPU
		{13504508-227B-4099-9987-3DF3D2F8E792}.Basic|Any CPU.Build.0 = Release|Any CPU
		{13504508-227B-4099-9987-3DF3D2F8E792}.Basic|x86.ActiveCfg = Release|Any CPU
		{13504508-227B-4099-9987-3DF3D2F8E792}.Debug|Any CPU.ActiveCfg = Debug|Any CPU
		{13504508-227B-4099-9987-3DF3D2F8E792}.Debug|Any CPU.Build.0 = Debug|Any CPU
		{13504508-227B-4099-9987-3DF3D2F8E792}.Debug|x86.ActiveCfg = Debug|Any CPU
		{13504508-227B-4099-9987-3DF3D2F8E792}.Local|Any CPU.ActiveCfg = Debug|Any CPU
		{13504508-227B-4099-9987-3DF3D2F8E792}.Local|Any CPU.Build.0 = Debug|Any CPU
		{13504508-227B-4099-9987-3DF3D2F8E792}.Local|x86.ActiveCfg = Debug|Any CPU
		{13504508-227B-4099-9987-3DF3D2F8E792}.Release|Any CPU.ActiveCfg = Release|Any CPU
		{13504508-227B-4099-9987-3DF3D2F8E792}.Release|Any CPU.Build.0 = Release|Any CPU
		{13504508-227B-4099-9987-3DF3D2F8E792}.Release|x86.ActiveCfg = Release|Any CPU
		{FA277E9A-4C82-4FF7-A6E7-60FEAEB363E2}.Basic|Any CPU.ActiveCfg = Release|Any CPU
		{FA277E9A-4C82-4FF7-A6E7-60FEAEB363E2}.Basic|Any CPU.Build.0 = Release|Any CPU
		{FA277E9A-4C82-4FF7-A6E7-60FEAEB363E2}.Basic|x86.ActiveCfg = Release|Any CPU
		{FA277E9A-4C82-4FF7-A6E7-60FEAEB363E2}.Debug|Any CPU.ActiveCfg = Debug|Any CPU
		{FA277E9A-4C82-4FF7-A6E7-60FEAEB363E2}.Debug|Any CPU.Build.0 = Debug|Any CPU
		{FA277E9A-4C82-4FF7-A6E7-60FEAEB363E2}.Debug|x86.ActiveCfg = Debug|Any CPU
		{FA277E9A-4C82-4FF7-A6E7-60FEAEB363E2}.Local|Any CPU.ActiveCfg = Debug|Any CPU
		{FA277E9A-4C82-4FF7-A6E7-60FEAEB363E2}.Local|Any CPU.Build.0 = Debug|Any CPU
		{FA277E9A-4C82-4FF7-A6E7-60FEAEB363E2}.Local|x86.ActiveCfg = Debug|Any CPU
		{FA277E9A-4C82-4FF7-A6E7-60FEAEB363E2}.Release|Any CPU.ActiveCfg = Release|Any CPU
		{FA277E9A-4C82-4FF7-A6E7-60FEAEB363E2}.Release|Any CPU.Build.0 = Release|Any CPU
		{FA277E9A-4C82-4FF7-A6E7-60FEAEB363E2}.Release|x86.ActiveCfg = Release|Any CPU
		{9B1D6676-614F-4F0D-9BFB-66422F8A5031}.Basic|Any CPU.ActiveCfg = Release|Any CPU
		{9B1D6676-614F-4F0D-9BFB-66422F8A5031}.Basic|Any CPU.Build.0 = Release|Any CPU
		{9B1D6676-614F-4F0D-9BFB-66422F8A5031}.Basic|x86.ActiveCfg = Release|Any CPU
		{9B1D6676-614F-4F0D-9BFB-66422F8A5031}.Debug|Any CPU.ActiveCfg = Debug|Any CPU
		{9B1D6676-614F-4F0D-9BFB-66422F8A5031}.Debug|Any CPU.Build.0 = Debug|Any CPU
		{9B1D6676-614F-4F0D-9BFB-66422F8A5031}.Debug|x86.ActiveCfg = Debug|Any CPU
		{9B1D6676-614F-4F0D-9BFB-66422F8A5031}.Local|Any CPU.ActiveCfg = Debug|Any CPU
		{9B1D6676-614F-4F0D-9BFB-66422F8A5031}.Local|Any CPU.Build.0 = Debug|Any CPU
		{9B1D6676-614F-4F0D-9BFB-66422F8A5031}.Local|x86.ActiveCfg = Debug|Any CPU
		{9B1D6676-614F-4F0D-9BFB-66422F8A5031}.Release|Any CPU.ActiveCfg = Release|Any CPU
		{9B1D6676-614F-4F0D-9BFB-66422F8A5031}.Release|Any CPU.Build.0 = Release|Any CPU
		{9B1D6676-614F-4F0D-9BFB-66422F8A5031}.Release|x86.ActiveCfg = Release|Any CPU
		{C94F4AFF-E892-4055-9D20-07586BE88F3A}.Basic|Any CPU.ActiveCfg = Release|Any CPU
		{C94F4AFF-E892-4055-9D20-07586BE88F3A}.Basic|Any CPU.Build.0 = Release|Any CPU
		{C94F4AFF-E892-4055-9D20-07586BE88F3A}.Basic|x86.ActiveCfg = Release|Any CPU
		{C94F4AFF-E892-4055-9D20-07586BE88F3A}.Debug|Any CPU.ActiveCfg = Debug|Any CPU
		{C94F4AFF-E892-4055-9D20-07586BE88F3A}.Debug|Any CPU.Build.0 = Debug|Any CPU
		{C94F4AFF-E892-4055-9D20-07586BE88F3A}.Debug|x86.ActiveCfg = Debug|Any CPU
		{C94F4AFF-E892-4055-9D20-07586BE88F3A}.Local|Any CPU.ActiveCfg = Debug|Any CPU
		{C94F4AFF-E892-4055-9D20-07586BE88F3A}.Local|Any CPU.Build.0 = Debug|Any CPU
		{C94F4AFF-E892-4055-9D20-07586BE88F3A}.Local|x86.ActiveCfg = Debug|Any CPU
		{C94F4AFF-E892-4055-9D20-07586BE88F3A}.Release|Any CPU.ActiveCfg = Release|Any CPU
		{C94F4AFF-E892-4055-9D20-07586BE88F3A}.Release|Any CPU.Build.0 = Release|Any CPU
		{C94F4AFF-E892-4055-9D20-07586BE88F3A}.Release|x86.ActiveCfg = Release|Any CPU
		{A1FBDED5-52FE-4B67-9AAB-E71CC366D5CD}.Basic|Any CPU.ActiveCfg = Release|Any CPU
		{A1FBDED5-52FE-4B67-9AAB-E71CC366D5CD}.Basic|Any CPU.Build.0 = Release|Any CPU
		{A1FBDED5-52FE-4B67-9AAB-E71CC366D5CD}.Basic|x86.ActiveCfg = Release|Any CPU
		{A1FBDED5-52FE-4B67-9AAB-E71CC366D5CD}.Debug|Any CPU.ActiveCfg = Debug|Any CPU
		{A1FBDED5-52FE-4B67-9AAB-E71CC366D5CD}.Debug|Any CPU.Build.0 = Debug|Any CPU
		{A1FBDED5-52FE-4B67-9AAB-E71CC366D5CD}.Debug|x86.ActiveCfg = Debug|Any CPU
		{A1FBDED5-52FE-4B67-9AAB-E71CC366D5CD}.Local|Any CPU.ActiveCfg = Debug|Any CPU
		{A1FBDED5-52FE-4B67-9AAB-E71CC366D5CD}.Local|Any CPU.Build.0 = Debug|Any CPU
		{A1FBDED5-52FE-4B67-9AAB-E71CC366D5CD}.Local|x86.ActiveCfg = Debug|Any CPU
		{A1FBDED5-52FE-4B67-9AAB-E71CC366D5CD}.Release|Any CPU.ActiveCfg = Release|Any CPU
		{A1FBDED5-52FE-4B67-9AAB-E71CC366D5CD}.Release|Any CPU.Build.0 = Release|Any CPU
		{A1FBDED5-52FE-4B67-9AAB-E71CC366D5CD}.Release|x86.ActiveCfg = Release|Any CPU
		{BEF1DF84-21C1-47DA-BB2D-BB607EE1978E}.Basic|Any CPU.ActiveCfg = Local|Any CPU
		{BEF1DF84-21C1-47DA-BB2D-BB607EE1978E}.Basic|Any CPU.Build.0 = Local|Any CPU
		{BEF1DF84-21C1-47DA-BB2D-BB607EE1978E}.Basic|x86.ActiveCfg = Local|Any CPU
		{BEF1DF84-21C1-47DA-BB2D-BB607EE1978E}.Debug|Any CPU.ActiveCfg = Debug|Any CPU
		{BEF1DF84-21C1-47DA-BB2D-BB607EE1978E}.Debug|Any CPU.Build.0 = Debug|Any CPU
		{BEF1DF84-21C1-47DA-BB2D-BB607EE1978E}.Debug|x86.ActiveCfg = Debug|Any CPU
		{BEF1DF84-21C1-47DA-BB2D-BB607EE1978E}.Local|Any CPU.ActiveCfg = Local|Any CPU
		{BEF1DF84-21C1-47DA-BB2D-BB607EE1978E}.Local|Any CPU.Build.0 = Local|Any CPU
		{BEF1DF84-21C1-47DA-BB2D-BB607EE1978E}.Local|x86.ActiveCfg = Local|Any CPU
		{BEF1DF84-21C1-47DA-BB2D-BB607EE1978E}.Release|Any CPU.ActiveCfg = Release|Any CPU
		{BEF1DF84-21C1-47DA-BB2D-BB607EE1978E}.Release|Any CPU.Build.0 = Release|Any CPU
		{BEF1DF84-21C1-47DA-BB2D-BB607EE1978E}.Release|x86.ActiveCfg = Release|Any CPU
		{2C08F19B-40E0-4EF1-9F7D-5132C795A184}.Basic|Any CPU.ActiveCfg = Local|Any CPU
		{2C08F19B-40E0-4EF1-9F7D-5132C795A184}.Basic|Any CPU.Build.0 = Local|Any CPU
		{2C08F19B-40E0-4EF1-9F7D-5132C795A184}.Basic|x86.ActiveCfg = Local|Any CPU
		{2C08F19B-40E0-4EF1-9F7D-5132C795A184}.Debug|Any CPU.ActiveCfg = Debug|Any CPU
		{2C08F19B-40E0-4EF1-9F7D-5132C795A184}.Debug|Any CPU.Build.0 = Debug|Any CPU
		{2C08F19B-40E0-4EF1-9F7D-5132C795A184}.Debug|x86.ActiveCfg = Debug|Any CPU
		{2C08F19B-40E0-4EF1-9F7D-5132C795A184}.Local|Any CPU.ActiveCfg = Local|Any CPU
		{2C08F19B-40E0-4EF1-9F7D-5132C795A184}.Local|Any CPU.Build.0 = Local|Any CPU
		{2C08F19B-40E0-4EF1-9F7D-5132C795A184}.Local|x86.ActiveCfg = Local|Any CPU
		{2C08F19B-40E0-4EF1-9F7D-5132C795A184}.Release|Any CPU.ActiveCfg = Release|Any CPU
		{2C08F19B-40E0-4EF1-9F7D-5132C795A184}.Release|Any CPU.Build.0 = Release|Any CPU
		{2C08F19B-40E0-4EF1-9F7D-5132C795A184}.Release|x86.ActiveCfg = Release|Any CPU
		{27C6F3ED-B660-466A-9415-DE2D43E58FF0}.Basic|Any CPU.ActiveCfg = Local|Any CPU
		{27C6F3ED-B660-466A-9415-DE2D43E58FF0}.Basic|Any CPU.Build.0 = Local|Any CPU
		{27C6F3ED-B660-466A-9415-DE2D43E58FF0}.Basic|x86.ActiveCfg = Local|Any CPU
		{27C6F3ED-B660-466A-9415-DE2D43E58FF0}.Debug|Any CPU.ActiveCfg = Debug|Any CPU
		{27C6F3ED-B660-466A-9415-DE2D43E58FF0}.Debug|Any CPU.Build.0 = Debug|Any CPU
		{27C6F3ED-B660-466A-9415-DE2D43E58FF0}.Debug|x86.ActiveCfg = Debug|Any CPU
		{27C6F3ED-B660-466A-9415-DE2D43E58FF0}.Local|Any CPU.ActiveCfg = Local|Any CPU
		{27C6F3ED-B660-466A-9415-DE2D43E58FF0}.Local|Any CPU.Build.0 = Local|Any CPU
		{27C6F3ED-B660-466A-9415-DE2D43E58FF0}.Local|x86.ActiveCfg = Local|Any CPU
		{27C6F3ED-B660-466A-9415-DE2D43E58FF0}.Release|Any CPU.ActiveCfg = Release|Any CPU
		{27C6F3ED-B660-466A-9415-DE2D43E58FF0}.Release|Any CPU.Build.0 = Release|Any CPU
		{27C6F3ED-B660-466A-9415-DE2D43E58FF0}.Release|x86.ActiveCfg = Release|Any CPU
		{143A9361-B461-42A7-B579-A75C0E7B1EA3}.Basic|Any CPU.ActiveCfg = Local|Any CPU
		{143A9361-B461-42A7-B579-A75C0E7B1EA3}.Basic|Any CPU.Build.0 = Local|Any CPU
		{143A9361-B461-42A7-B579-A75C0E7B1EA3}.Basic|x86.ActiveCfg = Local|Any CPU
		{143A9361-B461-42A7-B579-A75C0E7B1EA3}.Debug|Any CPU.ActiveCfg = Debug|Any CPU
		{143A9361-B461-42A7-B579-A75C0E7B1EA3}.Debug|Any CPU.Build.0 = Debug|Any CPU
		{143A9361-B461-42A7-B579-A75C0E7B1EA3}.Debug|x86.ActiveCfg = Debug|Any CPU
		{143A9361-B461-42A7-B579-A75C0E7B1EA3}.Local|Any CPU.ActiveCfg = Local|Any CPU
		{143A9361-B461-42A7-B579-A75C0E7B1EA3}.Local|Any CPU.Build.0 = Local|Any CPU
		{143A9361-B461-42A7-B579-A75C0E7B1EA3}.Local|x86.ActiveCfg = Local|Any CPU
		{143A9361-B461-42A7-B579-A75C0E7B1EA3}.Release|Any CPU.ActiveCfg = Release|Any CPU
		{143A9361-B461-42A7-B579-A75C0E7B1EA3}.Release|Any CPU.Build.0 = Release|Any CPU
		{143A9361-B461-42A7-B579-A75C0E7B1EA3}.Release|x86.ActiveCfg = Release|Any CPU
		{944128C1-804A-4444-A697-37E019AF5850}.Basic|Any CPU.ActiveCfg = Local|Any CPU
		{944128C1-804A-4444-A697-37E019AF5850}.Basic|Any CPU.Build.0 = Local|Any CPU
		{944128C1-804A-4444-A697-37E019AF5850}.Basic|x86.ActiveCfg = Local|Any CPU
		{944128C1-804A-4444-A697-37E019AF5850}.Debug|Any CPU.ActiveCfg = Debug|Any CPU
		{944128C1-804A-4444-A697-37E019AF5850}.Debug|Any CPU.Build.0 = Debug|Any CPU
		{944128C1-804A-4444-A697-37E019AF5850}.Debug|x86.ActiveCfg = Debug|Any CPU
		{944128C1-804A-4444-A697-37E019AF5850}.Local|Any CPU.ActiveCfg = Local|Any CPU
		{944128C1-804A-4444-A697-37E019AF5850}.Local|Any CPU.Build.0 = Local|Any CPU
		{944128C1-804A-4444-A697-37E019AF5850}.Local|x86.ActiveCfg = Local|Any CPU
		{944128C1-804A-4444-A697-37E019AF5850}.Release|Any CPU.ActiveCfg = Release|Any CPU
		{944128C1-804A-4444-A697-37E019AF5850}.Release|Any CPU.Build.0 = Release|Any CPU
		{944128C1-804A-4444-A697-37E019AF5850}.Release|x86.ActiveCfg = Release|Any CPU
		{0B4A22F7-E733-4BF3-A77D-FC2CF4F61A5A}.Basic|Any CPU.ActiveCfg = Local|Any CPU
		{0B4A22F7-E733-4BF3-A77D-FC2CF4F61A5A}.Basic|Any CPU.Build.0 = Local|Any CPU
		{0B4A22F7-E733-4BF3-A77D-FC2CF4F61A5A}.Basic|x86.ActiveCfg = Local|Any CPU
		{0B4A22F7-E733-4BF3-A77D-FC2CF4F61A5A}.Debug|Any CPU.ActiveCfg = Debug|Any CPU
		{0B4A22F7-E733-4BF3-A77D-FC2CF4F61A5A}.Debug|Any CPU.Build.0 = Debug|Any CPU
		{0B4A22F7-E733-4BF3-A77D-FC2CF4F61A5A}.Debug|x86.ActiveCfg = Debug|Any CPU
		{0B4A22F7-E733-4BF3-A77D-FC2CF4F61A5A}.Local|Any CPU.ActiveCfg = Local|Any CPU
		{0B4A22F7-E733-4BF3-A77D-FC2CF4F61A5A}.Local|Any CPU.Build.0 = Local|Any CPU
		{0B4A22F7-E733-4BF3-A77D-FC2CF4F61A5A}.Local|x86.ActiveCfg = Local|Any CPU
		{0B4A22F7-E733-4BF3-A77D-FC2CF4F61A5A}.Release|Any CPU.ActiveCfg = Release|Any CPU
		{0B4A22F7-E733-4BF3-A77D-FC2CF4F61A5A}.Release|Any CPU.Build.0 = Release|Any CPU
		{0B4A22F7-E733-4BF3-A77D-FC2CF4F61A5A}.Release|x86.ActiveCfg = Release|Any CPU
		{7A491492-FD8E-47DA-AD3E-7FDC5FDF5E03}.Basic|Any CPU.ActiveCfg = Local|Any CPU
		{7A491492-FD8E-47DA-AD3E-7FDC5FDF5E03}.Basic|Any CPU.Build.0 = Local|Any CPU
		{7A491492-FD8E-47DA-AD3E-7FDC5FDF5E03}.Basic|x86.ActiveCfg = Local|Any CPU
		{7A491492-FD8E-47DA-AD3E-7FDC5FDF5E03}.Debug|Any CPU.ActiveCfg = Debug|Any CPU
		{7A491492-FD8E-47DA-AD3E-7FDC5FDF5E03}.Debug|Any CPU.Build.0 = Debug|Any CPU
		{7A491492-FD8E-47DA-AD3E-7FDC5FDF5E03}.Debug|x86.ActiveCfg = Debug|Any CPU
		{7A491492-FD8E-47DA-AD3E-7FDC5FDF5E03}.Local|Any CPU.ActiveCfg = Local|Any CPU
		{7A491492-FD8E-47DA-AD3E-7FDC5FDF5E03}.Local|Any CPU.Build.0 = Local|Any CPU
		{7A491492-FD8E-47DA-AD3E-7FDC5FDF5E03}.Local|x86.ActiveCfg = Local|Any CPU
		{7A491492-FD8E-47DA-AD3E-7FDC5FDF5E03}.Release|Any CPU.ActiveCfg = Release|Any CPU
		{7A491492-FD8E-47DA-AD3E-7FDC5FDF5E03}.Release|Any CPU.Build.0 = Release|Any CPU
		{7A491492-FD8E-47DA-AD3E-7FDC5FDF5E03}.Release|x86.ActiveCfg = Release|Any CPU
		{359CFA7E-BEE9-4BC8-B1F7-E53E64F28AA7}.Basic|Any CPU.ActiveCfg = Local|Any CPU
		{359CFA7E-BEE9-4BC8-B1F7-E53E64F28AA7}.Basic|Any CPU.Build.0 = Local|Any CPU
		{359CFA7E-BEE9-4BC8-B1F7-E53E64F28AA7}.Basic|x86.ActiveCfg = Local|Any CPU
		{359CFA7E-BEE9-4BC8-B1F7-E53E64F28AA7}.Debug|Any CPU.ActiveCfg = Debug|Any CPU
		{359CFA7E-BEE9-4BC8-B1F7-E53E64F28AA7}.Debug|Any CPU.Build.0 = Debug|Any CPU
		{359CFA7E-BEE9-4BC8-B1F7-E53E64F28AA7}.Debug|x86.ActiveCfg = Debug|Any CPU
		{359CFA7E-BEE9-4BC8-B1F7-E53E64F28AA7}.Local|Any CPU.ActiveCfg = Local|Any CPU
		{359CFA7E-BEE9-4BC8-B1F7-E53E64F28AA7}.Local|Any CPU.Build.0 = Local|Any CPU
		{359CFA7E-BEE9-4BC8-B1F7-E53E64F28AA7}.Local|x86.ActiveCfg = Local|Any CPU
		{359CFA7E-BEE9-4BC8-B1F7-E53E64F28AA7}.Release|Any CPU.ActiveCfg = Release|Any CPU
		{359CFA7E-BEE9-4BC8-B1F7-E53E64F28AA7}.Release|Any CPU.Build.0 = Release|Any CPU
		{359CFA7E-BEE9-4BC8-B1F7-E53E64F28AA7}.Release|x86.ActiveCfg = Release|Any CPU
		{5368DB6D-5AC3-432C-B1B6-43276D42A869}.Basic|Any CPU.ActiveCfg = Local|Any CPU
		{5368DB6D-5AC3-432C-B1B6-43276D42A869}.Basic|Any CPU.Build.0 = Local|Any CPU
		{5368DB6D-5AC3-432C-B1B6-43276D42A869}.Basic|x86.ActiveCfg = Local|Any CPU
		{5368DB6D-5AC3-432C-B1B6-43276D42A869}.Debug|Any CPU.ActiveCfg = Debug|Any CPU
		{5368DB6D-5AC3-432C-B1B6-43276D42A869}.Debug|Any CPU.Build.0 = Debug|Any CPU
		{5368DB6D-5AC3-432C-B1B6-43276D42A869}.Debug|x86.ActiveCfg = Debug|Any CPU
		{5368DB6D-5AC3-432C-B1B6-43276D42A869}.Local|Any CPU.ActiveCfg = Local|Any CPU
		{5368DB6D-5AC3-432C-B1B6-43276D42A869}.Local|Any CPU.Build.0 = Local|Any CPU
		{5368DB6D-5AC3-432C-B1B6-43276D42A869}.Local|x86.ActiveCfg = Local|Any CPU
		{5368DB6D-5AC3-432C-B1B6-43276D42A869}.Release|Any CPU.ActiveCfg = Release|Any CPU
		{5368DB6D-5AC3-432C-B1B6-43276D42A869}.Release|Any CPU.Build.0 = Release|Any CPU
		{5368DB6D-5AC3-432C-B1B6-43276D42A869}.Release|x86.ActiveCfg = Release|Any CPU
		{1168121B-FB3F-48D8-89B9-7E0BE7E9C901}.Basic|Any CPU.ActiveCfg = Release|Any CPU
		{1168121B-FB3F-48D8-89B9-7E0BE7E9C901}.Basic|Any CPU.Build.0 = Release|Any CPU
		{1168121B-FB3F-48D8-89B9-7E0BE7E9C901}.Basic|x86.ActiveCfg = Release|Any CPU
		{1168121B-FB3F-48D8-89B9-7E0BE7E9C901}.Debug|Any CPU.ActiveCfg = Debug|Any CPU
		{1168121B-FB3F-48D8-89B9-7E0BE7E9C901}.Debug|Any CPU.Build.0 = Debug|Any CPU
		{1168121B-FB3F-48D8-89B9-7E0BE7E9C901}.Debug|x86.ActiveCfg = Debug|Any CPU
		{1168121B-FB3F-48D8-89B9-7E0BE7E9C901}.Local|Any CPU.ActiveCfg = Release|Any CPU
		{1168121B-FB3F-48D8-89B9-7E0BE7E9C901}.Local|Any CPU.Build.0 = Release|Any CPU
		{1168121B-FB3F-48D8-89B9-7E0BE7E9C901}.Local|x86.ActiveCfg = Release|Any CPU
		{1168121B-FB3F-48D8-89B9-7E0BE7E9C901}.Release|Any CPU.ActiveCfg = Release|Any CPU
		{1168121B-FB3F-48D8-89B9-7E0BE7E9C901}.Release|Any CPU.Build.0 = Release|Any CPU
		{1168121B-FB3F-48D8-89B9-7E0BE7E9C901}.Release|x86.ActiveCfg = Release|Any CPU
	EndGlobalSection
	GlobalSection(SolutionProperties) = preSolution
		HideSolutionNode = FALSE
	EndGlobalSection
EndGlobal
