
Microsoft Visual Studio Solution File, Format Version 12.00
# Visual Studio Version 16
VisualStudioVersion = 16.0.29424.173
MinimumVisualStudioVersion = 10.0.40219.1
Project("{2150E333-8FDC-42A3-9474-1A3956D46DE8}") = "z - Libs", "z - Libs", "{83D4A8C8-5B13-4468-9F4C-A8B989A5C9DE}"
EndProject
Project("{2150E333-8FDC-42A3-9474-1A3956D46DE8}") = "TVPApi", "TVPApi", "{173647D2-B5B7-46DC-80FB-0326B428418A}"
EndProject
Project("{2150E333-8FDC-42A3-9474-1A3956D46DE8}") = "z -Tvinci.Libs", "z -Tvinci.Libs", "{75C2CAD2-4BA9-4D93-8D14-5C005BEC0D7F}"
EndProject
Project("{2150E333-8FDC-42A3-9474-1A3956D46DE8}") = "TVPApi.Libs", "TVPApi.Libs", "{2B6AD0A5-EDED-4C75-B92E-86D0C03D2A1E}"
EndProject
Project("{9A19103F-16F7-4668-BE54-9A1E7A4F7556}") = "TVPApiModule", "Libs\TVPApiModule\TVPApiModule.csproj", "{2DA122E7-8C17-49BC-8F28-108A4ED741E4}"
EndProject
Project("{9A19103F-16F7-4668-BE54-9A1E7A4F7556}") = "TVPPro.Configuration", "TVPPro.Configuration\TVPPro.Configuration.csproj", "{3C8A6707-CEFB-40E2-9E8F-9D94BDF6A10C}"
EndProject
Project("{9A19103F-16F7-4668-BE54-9A1E7A4F7556}") = "TVPPro.SiteManager", "TVPPro.SiteManager\TVPPro.SiteManager.csproj", "{1DF66DB2-D5D1-4B31-A7A0-5BEB650DA85F}"
EndProject
Project("{9A19103F-16F7-4668-BE54-9A1E7A4F7556}") = "iucon.Framework", "iucon\iucon.Framework.csproj", "{5D400DB4-C756-4B5C-8359-FE55084043F4}"
EndProject
Project("{9A19103F-16F7-4668-BE54-9A1E7A4F7556}") = "Localization", "Localization\Localization.csproj", "{E53BAE81-A07C-4112-A42D-4E899D6A52FC}"
EndProject
Project("{9A19103F-16F7-4668-BE54-9A1E7A4F7556}") = "TVPApi.ODBCWrapper", "ODBCWrapper\TVPApi.ODBCWrapper.csproj", "{48CB3B25-623B-4500-8E88-2E77A7074238}"
EndProject
Project("{9A19103F-16F7-4668-BE54-9A1E7A4F7556}") = "Tvinci.Configuration", "Tvinci.Configuration\Tvinci.Configuration.csproj", "{B7DDD3F9-1844-41B1-AE65-68CFE6F95915}"
EndProject
Project("{9A19103F-16F7-4668-BE54-9A1E7A4F7556}") = "Tvinci.Data.DataLoader", "DataLoader\Tvinci.Data.DataLoader.csproj", "{C14818ED-F1A0-4CDB-85DF-4F8018F60C31}"
EndProject
Project("{9A19103F-16F7-4668-BE54-9A1E7A4F7556}") = "Tvinci.Data.Loaders", "Tvinci.Data.Loaders\Tvinci.Data.Loaders.csproj", "{209EE212-3A89-4966-951E-0173DCC76BB0}"
EndProject
Project("{9A19103F-16F7-4668-BE54-9A1E7A4F7556}") = "Tvinci.Data.TVMDataLoader", "TvmDataLoader\Tvinci.Data.TVMDataLoader.csproj", "{BEAD66E3-143B-4C83-9352-50AFB0AA62FA}"
EndProject
Project("{9A19103F-16F7-4668-BE54-9A1E7A4F7556}") = "Tvinci.Helpers", "Tvinci.Helpers\Tvinci.Helpers.csproj", "{B76F07E3-91C2-44A7-B80B-EB60BFB07825}"
EndProject
Project("{9A19103F-16F7-4668-BE54-9A1E7A4F7556}") = "Tvinci.Helpers.Link", "Tvinci.Helpers.Link\Tvinci.Helpers.Link.csproj", "{53D79E6C-FE76-40FD-8C8E-6256D9DE79A3}"
EndProject
Project("{9A19103F-16F7-4668-BE54-9A1E7A4F7556}") = "Tvinci.MultiClient", "Tvinci.MultiClient\Tvinci.MultiClient.csproj", "{9C98DB15-9EFB-47A4-8BE1-9BB873518E8C}"
EndProject
Project("{9A19103F-16F7-4668-BE54-9A1E7A4F7556}") = "Tvinci.Performance", "Tvinci.Performance\Tvinci.Performance.csproj", "{D9C9D8FA-3215-4E73-8765-D573DA24D6BE}"
EndProject
Project("{9A19103F-16F7-4668-BE54-9A1E7A4F7556}") = "TVinci.TimePeriod", "TVinci.TimePeriod\TVinci.TimePeriod.csproj", "{9D2ABB52-E0A0-4DFA-9E24-7E0B98D3557D}"
EndProject
Project("{FAE04EC0-301F-11D3-BF4B-00C04F79EFBC}") = "Proxy", "Proxy\Proxy.csproj", "{23FA1EBA-D2D0-4F86-96A4-46C5BE96C780}"
EndProject
Project("{2150E333-8FDC-42A3-9474-1A3956D46DE8}") = "Solution Items", "Solution Items", "{E38B0778-DD6E-4932-82A4-EBE5BD773B46}"
	ProjectSection(SolutionItems) = preProject
		.gitignore = .gitignore
		Dockerfile = Dockerfile
		nightly.jenkinsfile = nightly.jenkinsfile
		README.md = README.md
	EndProjectSection
EndProject
Project("{FAE04EC0-301F-11D3-BF4B-00C04F79EFBC}") = "TVPApi.Legacy", "TVPApi.Legacy\TVPApi.Legacy.csproj", "{3500A840-C10F-4904-95D8-62D9ED6A0116}"
EndProject
Project("{2150E333-8FDC-42A3-9474-1A3956D46DE8}") = "Core", "Core", "{80535B55-CED9-4B4A-9040-933D6AC84B2E}"
EndProject
Project("{9A19103F-16F7-4668-BE54-9A1E7A4F7556}") = "ApiLogic", "..\Core\Logic\ApiLogic.csproj", "{30B747E2-22E4-407E-BB76-83B3479C8132}"
EndProject
Project("{9A19103F-16F7-4668-BE54-9A1E7A4F7556}") = "ApiObjects", "..\Core\ApiObjects\ApiObjects.csproj", "{80E18813-371F-4F6C-8646-6D70FACEB219}"
EndProject
Project("{9A19103F-16F7-4668-BE54-9A1E7A4F7556}") = "EpgBL", "..\Core\EpgBL\EpgBL.csproj", "{EC5315B5-29E9-45E6-A20E-8C5C7442C9BC}"
EndProject
Project("{9A19103F-16F7-4668-BE54-9A1E7A4F7556}") = "M1BL", "..\Core\M1BL\M1BL.csproj", "{5D656245-37B1-4787-AE34-A86F5E37A5F1}"
EndProject
Project("{9A19103F-16F7-4668-BE54-9A1E7A4F7556}") = "NPVR", "..\Core\NPVR\NPVR.csproj", "{939556AF-A17E-4719-B87C-7C0916602FA3}"
EndProject
Project("{9A19103F-16F7-4668-BE54-9A1E7A4F7556}") = "StaticticsBL", "..\Core\StaticticsBL\StaticticsBL.csproj", "{99494E7B-3B65-4EC9-A656-9F99DE287003}"
EndProject
Project("{2150E333-8FDC-42A3-9474-1A3956D46DE8}") = "WS_BL", "WS_BL", "{F87693E0-C8C1-416C-A8E4-2287D8FC2AEE}"
EndProject
Project("{2150E333-8FDC-42A3-9474-1A3956D46DE8}") = "Utils", "Utils", "{470ABA49-ACF5-4698-B8A6-8EE9ABE07803}"
EndProject
Project("{2150E333-8FDC-42A3-9474-1A3956D46DE8}") = "Tokenizers", "Tokenizers", "{1CC5B224-CDFE-4108-9160-C1400C0F4205}"
EndProject
Project("{9A19103F-16F7-4668-BE54-9A1E7A4F7556}") = "CachingHelpers", "..\Core\CachingHelpers\CachingHelpers.csproj", "{F26835EC-ED58-4FF0-A48C-9883DECEC31B}"
EndProject
Project("{9A19103F-16F7-4668-BE54-9A1E7A4F7556}") = "CDNTokenizers", "..\Core\CDNTokenizers\CDNTokenizers.csproj", "{F5344336-D876-4785-BE21-19035AF2C558}"
EndProject
Project("{9A19103F-16F7-4668-BE54-9A1E7A4F7556}") = "GoogleAPI", "..\Core\GoogleAPI\GoogleAPI.csproj", "{BF958DAB-F474-4307-AB34-BE59820B92A2}"
EndProject
Project("{9A19103F-16F7-4668-BE54-9A1E7A4F7556}") = "AkamaiTokenGenerator", "..\Core\AkamaiTokenGenerator\AkamaiTokenGenerator.csproj", "{40A35D6A-3415-4BA6-8DF2-A3DF9E036208}"
EndProject
Project("{9A19103F-16F7-4668-BE54-9A1E7A4F7556}") = "LLNWMediaVault", "..\Core\LLNWMediaVault\LLNWMediaVault.csproj", "{EAD079C2-5CAB-4942-9074-145DEF56BD1F}"
EndProject
Project("{9A19103F-16F7-4668-BE54-9A1E7A4F7556}") = "KLogMonitor", "..\Core\KLogMonitor\KLogMonitor.csproj", "{18062BE9-51DB-414A-9372-9CDF8B5DDD3C}"
EndProject
Project("{9A19103F-16F7-4668-BE54-9A1E7A4F7556}") = "KlogMonitorHelper", "..\Core\KlogMonitorHelper\KlogMonitorHelper.csproj", "{15FFF79B-66B4-4FB4-A455-7E7F64DDB105}"
EndProject
Project("{9A19103F-16F7-4668-BE54-9A1E7A4F7556}") = "Mailer", "..\Core\Mailer\Mailer.csproj", "{BA50A0F4-29E5-4DBE-95E2-67A57E481F95}"
EndProject
Project("{9A19103F-16F7-4668-BE54-9A1E7A4F7556}") = "MCGroupRules", "..\Core\MCGroupRules\MCGroupRules.csproj", "{790D4AD8-C2B8-4094-8125-BF01CB974000}"
EndProject
Project("{9A19103F-16F7-4668-BE54-9A1E7A4F7556}") = "Notifiers", "..\Core\Notifiers\Notifiers.csproj", "{8D26CFD2-5D8D-4713-930F-BE8953134825}"
EndProject
Project("{9A19103F-16F7-4668-BE54-9A1E7A4F7556}") = "ScheduledTasks", "..\Core\ScheduledTasks\ScheduledTasks.csproj", "{9E28AB72-C6FD-41B1-8614-4917F8A1FF87}"
EndProject
Project("{9A19103F-16F7-4668-BE54-9A1E7A4F7556}") = "ServiceExtensions", "..\Core\ServiceExtensions\ServiceExtensions.csproj", "{B50170CC-7A84-4574-A98E-90DA2DAC989A}"
EndProject
Project("{9A19103F-16F7-4668-BE54-9A1E7A4F7556}") = "StaticHttpContextForNetCore", "..\Core\StaticHttpContextForNetCore\StaticHttpContextForNetCore.csproj", "{53265D6B-1211-4244-B9AF-8B4AE60C8BB2}"
EndProject
Project("{9A19103F-16F7-4668-BE54-9A1E7A4F7556}") = "Synchronizer", "..\Core\Synchronizer\Synchronizer.csproj", "{0F026A05-D5D7-4E54-9BB2-977C2E720548}"
EndProject
Project("{9A19103F-16F7-4668-BE54-9A1E7A4F7556}") = "TVinciShared", "..\Core\TVinciShared\TVinciShared.csproj", "{D29EF6EA-805E-4A3A-8AF0-7E360EC12C12}"
EndProject
Project("{9A19103F-16F7-4668-BE54-9A1E7A4F7556}") = "UploadQueue", "..\Core\FTPUploadQueue\UploadQueue.csproj", "{BAFC75FC-E052-4829-A65F-E8C66120BF3A}"
EndProject
Project("{2150E333-8FDC-42A3-9474-1A3956D46DE8}") = "Managers", "Managers", "{8986F8B1-7C12-4AEE-A0DB-1A613A8E9F40}"
EndProject
Project("{9A19103F-16F7-4668-BE54-9A1E7A4F7556}") = "CachingManager", "..\Core\CachingManager\CachingManager.csproj", "{BA80A5B4-5485-4044-8C6E-81BCE7C47724}"
EndProject
Project("{9A19103F-16F7-4668-BE54-9A1E7A4F7556}") = "ConfigurationManager", "..\Core\ConfigurationManager\ConfigurationManager.csproj", "{077732D7-E13B-4B91-9356-8AC454F26C65}"
EndProject
Project("{9A19103F-16F7-4668-BE54-9A1E7A4F7556}") = "CouchbaseManager", "..\Core\CouchbaseManager\CouchbaseManager.csproj", "{3C7C3F29-198B-45CC-9F31-9ACE194E37E8}"
EndProject
Project("{9A19103F-16F7-4668-BE54-9A1E7A4F7556}") = "EventManager", "..\Core\EventManager\EventManager.csproj", "{F3705531-7906-4077-BFF2-1E7EF4A7C2DF}"
EndProject
Project("{9A19103F-16F7-4668-BE54-9A1E7A4F7556}") = "GroupsCacheManager", "..\Core\GroupsCacheManager\GroupsCacheManager.csproj", "{0AF52551-C654-46E9-A659-042CC7DD2A89}"
EndProject
Project("{9A19103F-16F7-4668-BE54-9A1E7A4F7556}") = "ImageManager", "..\Core\ImageManager\ImageManager.csproj", "{941E10CE-4D66-4193-9D4D-42BB3EECC1F5}"
EndProject
Project("{9A19103F-16F7-4668-BE54-9A1E7A4F7556}") = "QueueWrapper", "..\Core\QueueWrapper\QueueWrapper.csproj", "{BBF5F184-CC29-49F8-8A6B-BFA82DEEF862}"
EndProject
Project("{9A19103F-16F7-4668-BE54-9A1E7A4F7556}") = "StreamingProvider", "..\Core\StreamingProvider\StreamingProvider.csproj", "{21BA66F1-49FA-4CFF-8A1F-EC84FEBD2BB8}"
EndProject
Project("{9A19103F-16F7-4668-BE54-9A1E7A4F7556}") = "TvinciCache", "..\Core\TvinciCache\TvinciCache.csproj", "{BEED20AB-DBD7-40B2-8910-827EC2E734BF}"
EndProject
Project("{9A19103F-16F7-4668-BE54-9A1E7A4F7556}") = "Uploader", "..\Core\Uploader\Uploader.csproj", "{55DC5A62-1131-4082-A68A-D42368054B20}"
EndProject
Project("{2150E333-8FDC-42A3-9474-1A3956D46DE8}") = "EventBus", "EventBus", "{1DA53641-8E7E-4FF5-BA7D-2A467BCEB42F}"
EndProject
Project("{9A19103F-16F7-4668-BE54-9A1E7A4F7556}") = "EventBus.Abstraction", "..\Core\EventBus.Abstraction\EventBus.Abstraction.csproj", "{2E82090E-522A-4DDA-9225-464BA6B6CEF4}"
EndProject
Project("{9A19103F-16F7-4668-BE54-9A1E7A4F7556}") = "EventBus.RabbitMQ", "..\Core\EventBus.RabbitMQ\EventBus.RabbitMQ.csproj", "{B3A93A61-9597-4D3D-98D9-17DA3838D8A5}"
EndProject
Project("{2150E333-8FDC-42A3-9474-1A3956D46DE8}") = "DALs", "DALs", "{938993D6-76B1-4DE8-A0B5-F8A18FBF4E7A}"
EndProject
Project("{9A19103F-16F7-4668-BE54-9A1E7A4F7556}") = "CachingProvider", "..\Core\CachingProvider\CachingProvider.csproj", "{43DD9F76-572A-46FE-B54F-931002859593}"
EndProject
Project("{9A19103F-16F7-4668-BE54-9A1E7A4F7556}") = "DAL", "..\Core\DAL\DAL.csproj", "{CC5DD8C4-65C7-45EC-A188-E272A3E9AB28}"
EndProject
Project("{9A19103F-16F7-4668-BE54-9A1E7A4F7556}") = "DalCB", "..\Core\DalCB\DalCB.csproj", "{6045B0A4-6419-44BC-AC3D-9E8BF9BD9DF0}"
EndProject
Project("{9A19103F-16F7-4668-BE54-9A1E7A4F7556}") = "ElasticSearch", "..\Core\ElasticSearch\ElasticSearch.csproj", "{D38FD92E-4084-47C2-B831-3A9D62317043}"
EndProject
Project("{9A19103F-16F7-4668-BE54-9A1E7A4F7556}") = "ODBCWrapper", "..\Core\ODBCWrapper\ODBCWrapper.csproj", "{11A50AA2-138D-46A7-AD98-E5782EC8815F}"
EndProject
Project("{9A19103F-16F7-4668-BE54-9A1E7A4F7556}") = "TCMClient", "..\Core\TCMClient\TCMClient.csproj", "{BAC5DC27-79D6-4BFB-8584-DFEC4DEFD696}"
EndProject
Project("{2150E333-8FDC-42A3-9474-1A3956D46DE8}") = "AdapterClients", "AdapterClients", "{136B28E9-CF4B-4800-843A-00E223EDF7B0}"
EndProject
Project("{9A19103F-16F7-4668-BE54-9A1E7A4F7556}") = "AdapterControllers", "..\Core\AdapterControllers\AdapterControllers.csproj", "{97FFEDB2-FAF4-4F26-BAB9-EFFBC5B8AB34}"
EndProject
Project("{9A19103F-16F7-4668-BE54-9A1E7A4F7556}") = "IngestTransformationAdapterClient", "..\Core\IngestTransformationAdapterClient\IngestTransformationAdapterClient.csproj", "{C45EDF13-931F-42E7-8315-0EA052E781DB}"
EndProject
Project("{9A19103F-16F7-4668-BE54-9A1E7A4F7556}") = "RestAdaptersCommon", "..\Core\RestAdaptersCommon\RestAdaptersCommon.csproj", "{3D5467FE-D416-4008-AD0A-0F664E54DCA5}"
EndProject
Project("{9A19103F-16F7-4668-BE54-9A1E7A4F7556}") = "TVPApi.Api", "TVPApi.Api\TVPApi.Api.csproj", "{C46350E3-5F73-459E-BE01-13426446BC39}"
EndProject
Project("{9A19103F-16F7-4668-BE54-9A1E7A4F7556}") = "TVPApi.Common", "TVPApi.Common\TVPApi.Common.csproj", "{F2A5E10B-E848-4F0B-A730-BFCD76FE5043}"
EndProject
Project("{9A19103F-16F7-4668-BE54-9A1E7A4F7556}") = "Core.Middleware", "..\Core\Core.Middleware\Core.Middleware.csproj", "{1DF83BE0-6095-4F0E-9E91-5F5046DA1AB3}"
EndProject
Project("{9A19103F-16F7-4668-BE54-9A1E7A4F7556}") = "WebAPI", "..\Core\WebAPI\WebAPI.csproj", "{27B8AB82-1D17-430C-A86F-4F305DC40FAD}"
EndProject
Project("{9A19103F-16F7-4668-BE54-9A1E7A4F7556}") = "HealthCheck", "..\Core\HealthCheck\HealthCheck.csproj", "{678EAB95-EEF6-434C-A251-90F32B887DB3}"
EndProject
Project("{9A19103F-16F7-4668-BE54-9A1E7A4F7556}") = "LogReloader", "..\Core\LogReloader\LogReloader.csproj", "{C02477CD-FE0B-459B-B760-281948BF3931}"
EndProject
Global
	GlobalSection(SolutionConfigurationPlatforms) = preSolution
		AllClients|Any CPU = AllClients|Any CPU
		Debug|Any CPU = Debug|Any CPU
		debug32|Any CPU = debug32|Any CPU
		Local|Any CPU = Local|Any CPU
		Release|Any CPU = Release|Any CPU
		test|Any CPU = test|Any CPU
		Yes|Any CPU = Yes|Any CPU
	EndGlobalSection
	GlobalSection(ProjectConfigurationPlatforms) = postSolution
		{2DA122E7-8C17-49BC-8F28-108A4ED741E4}.AllClients|Any CPU.ActiveCfg = Release|Any CPU
		{2DA122E7-8C17-49BC-8F28-108A4ED741E4}.AllClients|Any CPU.Build.0 = Release|Any CPU
		{2DA122E7-8C17-49BC-8F28-108A4ED741E4}.Debug|Any CPU.ActiveCfg = Debug|Any CPU
		{2DA122E7-8C17-49BC-8F28-108A4ED741E4}.Debug|Any CPU.Build.0 = Debug|Any CPU
		{2DA122E7-8C17-49BC-8F28-108A4ED741E4}.debug32|Any CPU.ActiveCfg = Debug|Any CPU
		{2DA122E7-8C17-49BC-8F28-108A4ED741E4}.debug32|Any CPU.Build.0 = Debug|Any CPU
		{2DA122E7-8C17-49BC-8F28-108A4ED741E4}.Local|Any CPU.ActiveCfg = Debug|Any CPU
		{2DA122E7-8C17-49BC-8F28-108A4ED741E4}.Local|Any CPU.Build.0 = Debug|Any CPU
		{2DA122E7-8C17-49BC-8F28-108A4ED741E4}.Release|Any CPU.ActiveCfg = Release|Any CPU
		{2DA122E7-8C17-49BC-8F28-108A4ED741E4}.Release|Any CPU.Build.0 = Release|Any CPU
		{2DA122E7-8C17-49BC-8F28-108A4ED741E4}.test|Any CPU.ActiveCfg = Release|Any CPU
		{2DA122E7-8C17-49BC-8F28-108A4ED741E4}.test|Any CPU.Build.0 = Release|Any CPU
		{2DA122E7-8C17-49BC-8F28-108A4ED741E4}.Yes|Any CPU.ActiveCfg = Release|Any CPU
		{2DA122E7-8C17-49BC-8F28-108A4ED741E4}.Yes|Any CPU.Build.0 = Release|Any CPU
		{3C8A6707-CEFB-40E2-9E8F-9D94BDF6A10C}.AllClients|Any CPU.ActiveCfg = Release|Any CPU
		{3C8A6707-CEFB-40E2-9E8F-9D94BDF6A10C}.AllClients|Any CPU.Build.0 = Release|Any CPU
		{3C8A6707-CEFB-40E2-9E8F-9D94BDF6A10C}.Debug|Any CPU.ActiveCfg = Debug|Any CPU
		{3C8A6707-CEFB-40E2-9E8F-9D94BDF6A10C}.Debug|Any CPU.Build.0 = Debug|Any CPU
		{3C8A6707-CEFB-40E2-9E8F-9D94BDF6A10C}.debug32|Any CPU.ActiveCfg = Debug|Any CPU
		{3C8A6707-CEFB-40E2-9E8F-9D94BDF6A10C}.debug32|Any CPU.Build.0 = Debug|Any CPU
		{3C8A6707-CEFB-40E2-9E8F-9D94BDF6A10C}.Local|Any CPU.ActiveCfg = Release|Any CPU
		{3C8A6707-CEFB-40E2-9E8F-9D94BDF6A10C}.Local|Any CPU.Build.0 = Release|Any CPU
		{3C8A6707-CEFB-40E2-9E8F-9D94BDF6A10C}.Release|Any CPU.ActiveCfg = Release|Any CPU
		{3C8A6707-CEFB-40E2-9E8F-9D94BDF6A10C}.Release|Any CPU.Build.0 = Release|Any CPU
		{3C8A6707-CEFB-40E2-9E8F-9D94BDF6A10C}.test|Any CPU.ActiveCfg = Release|Any CPU
		{3C8A6707-CEFB-40E2-9E8F-9D94BDF6A10C}.test|Any CPU.Build.0 = Release|Any CPU
		{3C8A6707-CEFB-40E2-9E8F-9D94BDF6A10C}.Yes|Any CPU.ActiveCfg = Release|Any CPU
		{3C8A6707-CEFB-40E2-9E8F-9D94BDF6A10C}.Yes|Any CPU.Build.0 = Release|Any CPU
		{1DF66DB2-D5D1-4B31-A7A0-5BEB650DA85F}.AllClients|Any CPU.ActiveCfg = Release|Any CPU
		{1DF66DB2-D5D1-4B31-A7A0-5BEB650DA85F}.AllClients|Any CPU.Build.0 = Release|Any CPU
		{1DF66DB2-D5D1-4B31-A7A0-5BEB650DA85F}.Debug|Any CPU.ActiveCfg = Debug|Any CPU
		{1DF66DB2-D5D1-4B31-A7A0-5BEB650DA85F}.Debug|Any CPU.Build.0 = Debug|Any CPU
		{1DF66DB2-D5D1-4B31-A7A0-5BEB650DA85F}.debug32|Any CPU.ActiveCfg = Debug|Any CPU
		{1DF66DB2-D5D1-4B31-A7A0-5BEB650DA85F}.debug32|Any CPU.Build.0 = Debug|Any CPU
		{1DF66DB2-D5D1-4B31-A7A0-5BEB650DA85F}.Local|Any CPU.ActiveCfg = Release|Any CPU
		{1DF66DB2-D5D1-4B31-A7A0-5BEB650DA85F}.Local|Any CPU.Build.0 = Release|Any CPU
		{1DF66DB2-D5D1-4B31-A7A0-5BEB650DA85F}.Release|Any CPU.ActiveCfg = Release|Any CPU
		{1DF66DB2-D5D1-4B31-A7A0-5BEB650DA85F}.Release|Any CPU.Build.0 = Release|Any CPU
		{1DF66DB2-D5D1-4B31-A7A0-5BEB650DA85F}.test|Any CPU.ActiveCfg = Release|Any CPU
		{1DF66DB2-D5D1-4B31-A7A0-5BEB650DA85F}.test|Any CPU.Build.0 = Release|Any CPU
		{1DF66DB2-D5D1-4B31-A7A0-5BEB650DA85F}.Yes|Any CPU.ActiveCfg = Release|Any CPU
		{1DF66DB2-D5D1-4B31-A7A0-5BEB650DA85F}.Yes|Any CPU.Build.0 = Release|Any CPU
		{5D400DB4-C756-4B5C-8359-FE55084043F4}.AllClients|Any CPU.ActiveCfg = Release|Any CPU
		{5D400DB4-C756-4B5C-8359-FE55084043F4}.AllClients|Any CPU.Build.0 = Release|Any CPU
		{5D400DB4-C756-4B5C-8359-FE55084043F4}.Debug|Any CPU.ActiveCfg = Debug|Any CPU
		{5D400DB4-C756-4B5C-8359-FE55084043F4}.Debug|Any CPU.Build.0 = Debug|Any CPU
		{5D400DB4-C756-4B5C-8359-FE55084043F4}.debug32|Any CPU.ActiveCfg = Debug|Any CPU
		{5D400DB4-C756-4B5C-8359-FE55084043F4}.debug32|Any CPU.Build.0 = Debug|Any CPU
		{5D400DB4-C756-4B5C-8359-FE55084043F4}.Local|Any CPU.ActiveCfg = Release|Any CPU
		{5D400DB4-C756-4B5C-8359-FE55084043F4}.Local|Any CPU.Build.0 = Release|Any CPU
		{5D400DB4-C756-4B5C-8359-FE55084043F4}.Release|Any CPU.ActiveCfg = Release|Any CPU
		{5D400DB4-C756-4B5C-8359-FE55084043F4}.Release|Any CPU.Build.0 = Release|Any CPU
		{5D400DB4-C756-4B5C-8359-FE55084043F4}.test|Any CPU.ActiveCfg = Release|Any CPU
		{5D400DB4-C756-4B5C-8359-FE55084043F4}.test|Any CPU.Build.0 = Release|Any CPU
		{5D400DB4-C756-4B5C-8359-FE55084043F4}.Yes|Any CPU.ActiveCfg = Release|Any CPU
		{5D400DB4-C756-4B5C-8359-FE55084043F4}.Yes|Any CPU.Build.0 = Release|Any CPU
		{E53BAE81-A07C-4112-A42D-4E899D6A52FC}.AllClients|Any CPU.ActiveCfg = Release|Any CPU
		{E53BAE81-A07C-4112-A42D-4E899D6A52FC}.AllClients|Any CPU.Build.0 = Release|Any CPU
		{E53BAE81-A07C-4112-A42D-4E899D6A52FC}.Debug|Any CPU.ActiveCfg = Debug|Any CPU
		{E53BAE81-A07C-4112-A42D-4E899D6A52FC}.Debug|Any CPU.Build.0 = Debug|Any CPU
		{E53BAE81-A07C-4112-A42D-4E899D6A52FC}.debug32|Any CPU.ActiveCfg = Debug|Any CPU
		{E53BAE81-A07C-4112-A42D-4E899D6A52FC}.debug32|Any CPU.Build.0 = Debug|Any CPU
		{E53BAE81-A07C-4112-A42D-4E899D6A52FC}.Local|Any CPU.ActiveCfg = Release|Any CPU
		{E53BAE81-A07C-4112-A42D-4E899D6A52FC}.Local|Any CPU.Build.0 = Release|Any CPU
		{E53BAE81-A07C-4112-A42D-4E899D6A52FC}.Release|Any CPU.ActiveCfg = Release|Any CPU
		{E53BAE81-A07C-4112-A42D-4E899D6A52FC}.Release|Any CPU.Build.0 = Release|Any CPU
		{E53BAE81-A07C-4112-A42D-4E899D6A52FC}.test|Any CPU.ActiveCfg = Release|Any CPU
		{E53BAE81-A07C-4112-A42D-4E899D6A52FC}.test|Any CPU.Build.0 = Release|Any CPU
		{E53BAE81-A07C-4112-A42D-4E899D6A52FC}.Yes|Any CPU.ActiveCfg = Release|Any CPU
		{E53BAE81-A07C-4112-A42D-4E899D6A52FC}.Yes|Any CPU.Build.0 = Release|Any CPU
		{48CB3B25-623B-4500-8E88-2E77A7074238}.AllClients|Any CPU.ActiveCfg = Release|Any CPU
		{48CB3B25-623B-4500-8E88-2E77A7074238}.AllClients|Any CPU.Build.0 = Release|Any CPU
		{48CB3B25-623B-4500-8E88-2E77A7074238}.Debug|Any CPU.ActiveCfg = Debug|Any CPU
		{48CB3B25-623B-4500-8E88-2E77A7074238}.Debug|Any CPU.Build.0 = Debug|Any CPU
		{48CB3B25-623B-4500-8E88-2E77A7074238}.debug32|Any CPU.ActiveCfg = Debug|Any CPU
		{48CB3B25-623B-4500-8E88-2E77A7074238}.debug32|Any CPU.Build.0 = Debug|Any CPU
		{48CB3B25-623B-4500-8E88-2E77A7074238}.Local|Any CPU.ActiveCfg = Release|Any CPU
		{48CB3B25-623B-4500-8E88-2E77A7074238}.Local|Any CPU.Build.0 = Release|Any CPU
		{48CB3B25-623B-4500-8E88-2E77A7074238}.Release|Any CPU.ActiveCfg = Release|Any CPU
		{48CB3B25-623B-4500-8E88-2E77A7074238}.Release|Any CPU.Build.0 = Release|Any CPU
		{48CB3B25-623B-4500-8E88-2E77A7074238}.test|Any CPU.ActiveCfg = Release|Any CPU
		{48CB3B25-623B-4500-8E88-2E77A7074238}.test|Any CPU.Build.0 = Release|Any CPU
		{48CB3B25-623B-4500-8E88-2E77A7074238}.Yes|Any CPU.ActiveCfg = Release|Any CPU
		{48CB3B25-623B-4500-8E88-2E77A7074238}.Yes|Any CPU.Build.0 = Release|Any CPU
		{B7DDD3F9-1844-41B1-AE65-68CFE6F95915}.AllClients|Any CPU.ActiveCfg = Release|Any CPU
		{B7DDD3F9-1844-41B1-AE65-68CFE6F95915}.AllClients|Any CPU.Build.0 = Release|Any CPU
		{B7DDD3F9-1844-41B1-AE65-68CFE6F95915}.Debug|Any CPU.ActiveCfg = Debug|Any CPU
		{B7DDD3F9-1844-41B1-AE65-68CFE6F95915}.Debug|Any CPU.Build.0 = Debug|Any CPU
		{B7DDD3F9-1844-41B1-AE65-68CFE6F95915}.debug32|Any CPU.ActiveCfg = Debug|Any CPU
		{B7DDD3F9-1844-41B1-AE65-68CFE6F95915}.debug32|Any CPU.Build.0 = Debug|Any CPU
		{B7DDD3F9-1844-41B1-AE65-68CFE6F95915}.Local|Any CPU.ActiveCfg = Release|Any CPU
		{B7DDD3F9-1844-41B1-AE65-68CFE6F95915}.Local|Any CPU.Build.0 = Release|Any CPU
		{B7DDD3F9-1844-41B1-AE65-68CFE6F95915}.Release|Any CPU.ActiveCfg = Release|Any CPU
		{B7DDD3F9-1844-41B1-AE65-68CFE6F95915}.Release|Any CPU.Build.0 = Release|Any CPU
		{B7DDD3F9-1844-41B1-AE65-68CFE6F95915}.test|Any CPU.ActiveCfg = Release|Any CPU
		{B7DDD3F9-1844-41B1-AE65-68CFE6F95915}.test|Any CPU.Build.0 = Release|Any CPU
		{B7DDD3F9-1844-41B1-AE65-68CFE6F95915}.Yes|Any CPU.ActiveCfg = Release|Any CPU
		{B7DDD3F9-1844-41B1-AE65-68CFE6F95915}.Yes|Any CPU.Build.0 = Release|Any CPU
		{C14818ED-F1A0-4CDB-85DF-4F8018F60C31}.AllClients|Any CPU.ActiveCfg = Release|Any CPU
		{C14818ED-F1A0-4CDB-85DF-4F8018F60C31}.AllClients|Any CPU.Build.0 = Release|Any CPU
		{C14818ED-F1A0-4CDB-85DF-4F8018F60C31}.Debug|Any CPU.ActiveCfg = Debug|Any CPU
		{C14818ED-F1A0-4CDB-85DF-4F8018F60C31}.Debug|Any CPU.Build.0 = Debug|Any CPU
		{C14818ED-F1A0-4CDB-85DF-4F8018F60C31}.debug32|Any CPU.ActiveCfg = Debug|Any CPU
		{C14818ED-F1A0-4CDB-85DF-4F8018F60C31}.debug32|Any CPU.Build.0 = Debug|Any CPU
		{C14818ED-F1A0-4CDB-85DF-4F8018F60C31}.Local|Any CPU.ActiveCfg = Release|Any CPU
		{C14818ED-F1A0-4CDB-85DF-4F8018F60C31}.Local|Any CPU.Build.0 = Release|Any CPU
		{C14818ED-F1A0-4CDB-85DF-4F8018F60C31}.Release|Any CPU.ActiveCfg = Release|Any CPU
		{C14818ED-F1A0-4CDB-85DF-4F8018F60C31}.Release|Any CPU.Build.0 = Release|Any CPU
		{C14818ED-F1A0-4CDB-85DF-4F8018F60C31}.test|Any CPU.ActiveCfg = Release|Any CPU
		{C14818ED-F1A0-4CDB-85DF-4F8018F60C31}.test|Any CPU.Build.0 = Release|Any CPU
		{C14818ED-F1A0-4CDB-85DF-4F8018F60C31}.Yes|Any CPU.ActiveCfg = Release|Any CPU
		{C14818ED-F1A0-4CDB-85DF-4F8018F60C31}.Yes|Any CPU.Build.0 = Release|Any CPU
		{209EE212-3A89-4966-951E-0173DCC76BB0}.AllClients|Any CPU.ActiveCfg = Release|Any CPU
		{209EE212-3A89-4966-951E-0173DCC76BB0}.AllClients|Any CPU.Build.0 = Release|Any CPU
		{209EE212-3A89-4966-951E-0173DCC76BB0}.Debug|Any CPU.ActiveCfg = Debug|Any CPU
		{209EE212-3A89-4966-951E-0173DCC76BB0}.Debug|Any CPU.Build.0 = Debug|Any CPU
		{209EE212-3A89-4966-951E-0173DCC76BB0}.debug32|Any CPU.ActiveCfg = Debug|Any CPU
		{209EE212-3A89-4966-951E-0173DCC76BB0}.debug32|Any CPU.Build.0 = Debug|Any CPU
		{209EE212-3A89-4966-951E-0173DCC76BB0}.Local|Any CPU.ActiveCfg = Debug|Any CPU
		{209EE212-3A89-4966-951E-0173DCC76BB0}.Local|Any CPU.Build.0 = Debug|Any CPU
		{209EE212-3A89-4966-951E-0173DCC76BB0}.Release|Any CPU.ActiveCfg = Release|Any CPU
		{209EE212-3A89-4966-951E-0173DCC76BB0}.Release|Any CPU.Build.0 = Release|Any CPU
		{209EE212-3A89-4966-951E-0173DCC76BB0}.test|Any CPU.ActiveCfg = Release|Any CPU
		{209EE212-3A89-4966-951E-0173DCC76BB0}.test|Any CPU.Build.0 = Release|Any CPU
		{209EE212-3A89-4966-951E-0173DCC76BB0}.Yes|Any CPU.ActiveCfg = Release|Any CPU
		{209EE212-3A89-4966-951E-0173DCC76BB0}.Yes|Any CPU.Build.0 = Release|Any CPU
		{BEAD66E3-143B-4C83-9352-50AFB0AA62FA}.AllClients|Any CPU.ActiveCfg = Release|Any CPU
		{BEAD66E3-143B-4C83-9352-50AFB0AA62FA}.AllClients|Any CPU.Build.0 = Release|Any CPU
		{BEAD66E3-143B-4C83-9352-50AFB0AA62FA}.Debug|Any CPU.ActiveCfg = Debug|Any CPU
		{BEAD66E3-143B-4C83-9352-50AFB0AA62FA}.Debug|Any CPU.Build.0 = Debug|Any CPU
		{BEAD66E3-143B-4C83-9352-50AFB0AA62FA}.debug32|Any CPU.ActiveCfg = Debug|Any CPU
		{BEAD66E3-143B-4C83-9352-50AFB0AA62FA}.debug32|Any CPU.Build.0 = Debug|Any CPU
		{BEAD66E3-143B-4C83-9352-50AFB0AA62FA}.Local|Any CPU.ActiveCfg = Release|Any CPU
		{BEAD66E3-143B-4C83-9352-50AFB0AA62FA}.Local|Any CPU.Build.0 = Release|Any CPU
		{BEAD66E3-143B-4C83-9352-50AFB0AA62FA}.Release|Any CPU.ActiveCfg = Release|Any CPU
		{BEAD66E3-143B-4C83-9352-50AFB0AA62FA}.Release|Any CPU.Build.0 = Release|Any CPU
		{BEAD66E3-143B-4C83-9352-50AFB0AA62FA}.test|Any CPU.ActiveCfg = Release|Any CPU
		{BEAD66E3-143B-4C83-9352-50AFB0AA62FA}.test|Any CPU.Build.0 = Release|Any CPU
		{BEAD66E3-143B-4C83-9352-50AFB0AA62FA}.Yes|Any CPU.ActiveCfg = Release|Any CPU
		{BEAD66E3-143B-4C83-9352-50AFB0AA62FA}.Yes|Any CPU.Build.0 = Release|Any CPU
		{B76F07E3-91C2-44A7-B80B-EB60BFB07825}.AllClients|Any CPU.ActiveCfg = Release|Any CPU
		{B76F07E3-91C2-44A7-B80B-EB60BFB07825}.AllClients|Any CPU.Build.0 = Release|Any CPU
		{B76F07E3-91C2-44A7-B80B-EB60BFB07825}.Debug|Any CPU.ActiveCfg = Debug|Any CPU
		{B76F07E3-91C2-44A7-B80B-EB60BFB07825}.Debug|Any CPU.Build.0 = Debug|Any CPU
		{B76F07E3-91C2-44A7-B80B-EB60BFB07825}.debug32|Any CPU.ActiveCfg = Debug|Any CPU
		{B76F07E3-91C2-44A7-B80B-EB60BFB07825}.debug32|Any CPU.Build.0 = Debug|Any CPU
		{B76F07E3-91C2-44A7-B80B-EB60BFB07825}.Local|Any CPU.ActiveCfg = Release|Any CPU
		{B76F07E3-91C2-44A7-B80B-EB60BFB07825}.Local|Any CPU.Build.0 = Release|Any CPU
		{B76F07E3-91C2-44A7-B80B-EB60BFB07825}.Release|Any CPU.ActiveCfg = Release|Any CPU
		{B76F07E3-91C2-44A7-B80B-EB60BFB07825}.Release|Any CPU.Build.0 = Release|Any CPU
		{B76F07E3-91C2-44A7-B80B-EB60BFB07825}.test|Any CPU.ActiveCfg = Release|Any CPU
		{B76F07E3-91C2-44A7-B80B-EB60BFB07825}.test|Any CPU.Build.0 = Release|Any CPU
		{B76F07E3-91C2-44A7-B80B-EB60BFB07825}.Yes|Any CPU.ActiveCfg = Release|Any CPU
		{B76F07E3-91C2-44A7-B80B-EB60BFB07825}.Yes|Any CPU.Build.0 = Release|Any CPU
		{53D79E6C-FE76-40FD-8C8E-6256D9DE79A3}.AllClients|Any CPU.ActiveCfg = Release|Any CPU
		{53D79E6C-FE76-40FD-8C8E-6256D9DE79A3}.AllClients|Any CPU.Build.0 = Release|Any CPU
		{53D79E6C-FE76-40FD-8C8E-6256D9DE79A3}.Debug|Any CPU.ActiveCfg = Debug|Any CPU
		{53D79E6C-FE76-40FD-8C8E-6256D9DE79A3}.Debug|Any CPU.Build.0 = Debug|Any CPU
		{53D79E6C-FE76-40FD-8C8E-6256D9DE79A3}.debug32|Any CPU.ActiveCfg = Debug|Any CPU
		{53D79E6C-FE76-40FD-8C8E-6256D9DE79A3}.debug32|Any CPU.Build.0 = Debug|Any CPU
		{53D79E6C-FE76-40FD-8C8E-6256D9DE79A3}.Local|Any CPU.ActiveCfg = Release|Any CPU
		{53D79E6C-FE76-40FD-8C8E-6256D9DE79A3}.Local|Any CPU.Build.0 = Release|Any CPU
		{53D79E6C-FE76-40FD-8C8E-6256D9DE79A3}.Release|Any CPU.ActiveCfg = Release|Any CPU
		{53D79E6C-FE76-40FD-8C8E-6256D9DE79A3}.Release|Any CPU.Build.0 = Release|Any CPU
		{53D79E6C-FE76-40FD-8C8E-6256D9DE79A3}.test|Any CPU.ActiveCfg = Release|Any CPU
		{53D79E6C-FE76-40FD-8C8E-6256D9DE79A3}.test|Any CPU.Build.0 = Release|Any CPU
		{53D79E6C-FE76-40FD-8C8E-6256D9DE79A3}.Yes|Any CPU.ActiveCfg = Release|Any CPU
		{53D79E6C-FE76-40FD-8C8E-6256D9DE79A3}.Yes|Any CPU.Build.0 = Release|Any CPU
		{9C98DB15-9EFB-47A4-8BE1-9BB873518E8C}.AllClients|Any CPU.ActiveCfg = Release|Any CPU
		{9C98DB15-9EFB-47A4-8BE1-9BB873518E8C}.AllClients|Any CPU.Build.0 = Release|Any CPU
		{9C98DB15-9EFB-47A4-8BE1-9BB873518E8C}.Debug|Any CPU.ActiveCfg = Debug|Any CPU
		{9C98DB15-9EFB-47A4-8BE1-9BB873518E8C}.Debug|Any CPU.Build.0 = Debug|Any CPU
		{9C98DB15-9EFB-47A4-8BE1-9BB873518E8C}.debug32|Any CPU.ActiveCfg = Debug|Any CPU
		{9C98DB15-9EFB-47A4-8BE1-9BB873518E8C}.debug32|Any CPU.Build.0 = Debug|Any CPU
		{9C98DB15-9EFB-47A4-8BE1-9BB873518E8C}.Local|Any CPU.ActiveCfg = Release|Any CPU
		{9C98DB15-9EFB-47A4-8BE1-9BB873518E8C}.Local|Any CPU.Build.0 = Release|Any CPU
		{9C98DB15-9EFB-47A4-8BE1-9BB873518E8C}.Release|Any CPU.ActiveCfg = Release|Any CPU
		{9C98DB15-9EFB-47A4-8BE1-9BB873518E8C}.Release|Any CPU.Build.0 = Release|Any CPU
		{9C98DB15-9EFB-47A4-8BE1-9BB873518E8C}.test|Any CPU.ActiveCfg = Release|Any CPU
		{9C98DB15-9EFB-47A4-8BE1-9BB873518E8C}.test|Any CPU.Build.0 = Release|Any CPU
		{9C98DB15-9EFB-47A4-8BE1-9BB873518E8C}.Yes|Any CPU.ActiveCfg = Release|Any CPU
		{9C98DB15-9EFB-47A4-8BE1-9BB873518E8C}.Yes|Any CPU.Build.0 = Release|Any CPU
		{D9C9D8FA-3215-4E73-8765-D573DA24D6BE}.AllClients|Any CPU.ActiveCfg = Release|Any CPU
		{D9C9D8FA-3215-4E73-8765-D573DA24D6BE}.AllClients|Any CPU.Build.0 = Release|Any CPU
		{D9C9D8FA-3215-4E73-8765-D573DA24D6BE}.Debug|Any CPU.ActiveCfg = Debug|Any CPU
		{D9C9D8FA-3215-4E73-8765-D573DA24D6BE}.Debug|Any CPU.Build.0 = Debug|Any CPU
		{D9C9D8FA-3215-4E73-8765-D573DA24D6BE}.debug32|Any CPU.ActiveCfg = Debug|Any CPU
		{D9C9D8FA-3215-4E73-8765-D573DA24D6BE}.debug32|Any CPU.Build.0 = Debug|Any CPU
		{D9C9D8FA-3215-4E73-8765-D573DA24D6BE}.Local|Any CPU.ActiveCfg = Release|Any CPU
		{D9C9D8FA-3215-4E73-8765-D573DA24D6BE}.Local|Any CPU.Build.0 = Release|Any CPU
		{D9C9D8FA-3215-4E73-8765-D573DA24D6BE}.Release|Any CPU.ActiveCfg = Release|Any CPU
		{D9C9D8FA-3215-4E73-8765-D573DA24D6BE}.Release|Any CPU.Build.0 = Release|Any CPU
		{D9C9D8FA-3215-4E73-8765-D573DA24D6BE}.test|Any CPU.ActiveCfg = Release|Any CPU
		{D9C9D8FA-3215-4E73-8765-D573DA24D6BE}.test|Any CPU.Build.0 = Release|Any CPU
		{D9C9D8FA-3215-4E73-8765-D573DA24D6BE}.Yes|Any CPU.ActiveCfg = Release|Any CPU
		{D9C9D8FA-3215-4E73-8765-D573DA24D6BE}.Yes|Any CPU.Build.0 = Release|Any CPU
		{9D2ABB52-E0A0-4DFA-9E24-7E0B98D3557D}.AllClients|Any CPU.ActiveCfg = Release|Any CPU
		{9D2ABB52-E0A0-4DFA-9E24-7E0B98D3557D}.AllClients|Any CPU.Build.0 = Release|Any CPU
		{9D2ABB52-E0A0-4DFA-9E24-7E0B98D3557D}.Debug|Any CPU.ActiveCfg = Debug|Any CPU
		{9D2ABB52-E0A0-4DFA-9E24-7E0B98D3557D}.Debug|Any CPU.Build.0 = Debug|Any CPU
		{9D2ABB52-E0A0-4DFA-9E24-7E0B98D3557D}.debug32|Any CPU.ActiveCfg = Debug|Any CPU
		{9D2ABB52-E0A0-4DFA-9E24-7E0B98D3557D}.debug32|Any CPU.Build.0 = Debug|Any CPU
		{9D2ABB52-E0A0-4DFA-9E24-7E0B98D3557D}.Local|Any CPU.ActiveCfg = Release|Any CPU
		{9D2ABB52-E0A0-4DFA-9E24-7E0B98D3557D}.Local|Any CPU.Build.0 = Release|Any CPU
		{9D2ABB52-E0A0-4DFA-9E24-7E0B98D3557D}.Release|Any CPU.ActiveCfg = Release|Any CPU
		{9D2ABB52-E0A0-4DFA-9E24-7E0B98D3557D}.Release|Any CPU.Build.0 = Release|Any CPU
		{9D2ABB52-E0A0-4DFA-9E24-7E0B98D3557D}.test|Any CPU.ActiveCfg = Release|Any CPU
		{9D2ABB52-E0A0-4DFA-9E24-7E0B98D3557D}.test|Any CPU.Build.0 = Release|Any CPU
		{9D2ABB52-E0A0-4DFA-9E24-7E0B98D3557D}.Yes|Any CPU.ActiveCfg = Release|Any CPU
		{9D2ABB52-E0A0-4DFA-9E24-7E0B98D3557D}.Yes|Any CPU.Build.0 = Release|Any CPU
		{23FA1EBA-D2D0-4F86-96A4-46C5BE96C780}.AllClients|Any CPU.ActiveCfg = Release|Any CPU
		{23FA1EBA-D2D0-4F86-96A4-46C5BE96C780}.AllClients|Any CPU.Build.0 = Release|Any CPU
		{23FA1EBA-D2D0-4F86-96A4-46C5BE96C780}.Debug|Any CPU.ActiveCfg = Debug|Any CPU
		{23FA1EBA-D2D0-4F86-96A4-46C5BE96C780}.Debug|Any CPU.Build.0 = Debug|Any CPU
		{23FA1EBA-D2D0-4F86-96A4-46C5BE96C780}.debug32|Any CPU.ActiveCfg = Debug|Any CPU
		{23FA1EBA-D2D0-4F86-96A4-46C5BE96C780}.debug32|Any CPU.Build.0 = Debug|Any CPU
		{23FA1EBA-D2D0-4F86-96A4-46C5BE96C780}.Local|Any CPU.ActiveCfg = Release|Any CPU
		{23FA1EBA-D2D0-4F86-96A4-46C5BE96C780}.Local|Any CPU.Build.0 = Release|Any CPU
		{23FA1EBA-D2D0-4F86-96A4-46C5BE96C780}.Release|Any CPU.ActiveCfg = Release|Any CPU
		{23FA1EBA-D2D0-4F86-96A4-46C5BE96C780}.Release|Any CPU.Build.0 = Release|Any CPU
		{23FA1EBA-D2D0-4F86-96A4-46C5BE96C780}.test|Any CPU.ActiveCfg = Release|Any CPU
		{23FA1EBA-D2D0-4F86-96A4-46C5BE96C780}.test|Any CPU.Build.0 = Release|Any CPU
		{23FA1EBA-D2D0-4F86-96A4-46C5BE96C780}.Yes|Any CPU.ActiveCfg = Release|Any CPU
		{23FA1EBA-D2D0-4F86-96A4-46C5BE96C780}.Yes|Any CPU.Build.0 = Release|Any CPU
		{3500A840-C10F-4904-95D8-62D9ED6A0116}.AllClients|Any CPU.ActiveCfg = Release|Any CPU
		{3500A840-C10F-4904-95D8-62D9ED6A0116}.AllClients|Any CPU.Build.0 = Release|Any CPU
		{3500A840-C10F-4904-95D8-62D9ED6A0116}.Debug|Any CPU.ActiveCfg = Debug|Any CPU
		{3500A840-C10F-4904-95D8-62D9ED6A0116}.Debug|Any CPU.Build.0 = Debug|Any CPU
		{3500A840-C10F-4904-95D8-62D9ED6A0116}.debug32|Any CPU.ActiveCfg = Debug|Any CPU
		{3500A840-C10F-4904-95D8-62D9ED6A0116}.debug32|Any CPU.Build.0 = Debug|Any CPU
		{3500A840-C10F-4904-95D8-62D9ED6A0116}.Local|Any CPU.ActiveCfg = Release|Any CPU
		{3500A840-C10F-4904-95D8-62D9ED6A0116}.Local|Any CPU.Build.0 = Release|Any CPU
		{3500A840-C10F-4904-95D8-62D9ED6A0116}.Release|Any CPU.ActiveCfg = Release|Any CPU
		{3500A840-C10F-4904-95D8-62D9ED6A0116}.Release|Any CPU.Build.0 = Release|Any CPU
		{3500A840-C10F-4904-95D8-62D9ED6A0116}.test|Any CPU.ActiveCfg = Release|Any CPU
		{3500A840-C10F-4904-95D8-62D9ED6A0116}.test|Any CPU.Build.0 = Release|Any CPU
		{3500A840-C10F-4904-95D8-62D9ED6A0116}.Yes|Any CPU.ActiveCfg = Release|Any CPU
		{3500A840-C10F-4904-95D8-62D9ED6A0116}.Yes|Any CPU.Build.0 = Release|Any CPU
		{30B747E2-22E4-407E-BB76-83B3479C8132}.AllClients|Any CPU.ActiveCfg = Debug|Any CPU
		{30B747E2-22E4-407E-BB76-83B3479C8132}.AllClients|Any CPU.Build.0 = Debug|Any CPU
		{30B747E2-22E4-407E-BB76-83B3479C8132}.Debug|Any CPU.ActiveCfg = Debug|Any CPU
		{30B747E2-22E4-407E-BB76-83B3479C8132}.Debug|Any CPU.Build.0 = Debug|Any CPU
		{30B747E2-22E4-407E-BB76-83B3479C8132}.debug32|Any CPU.ActiveCfg = Debug|Any CPU
		{30B747E2-22E4-407E-BB76-83B3479C8132}.debug32|Any CPU.Build.0 = Debug|Any CPU
		{30B747E2-22E4-407E-BB76-83B3479C8132}.Local|Any CPU.ActiveCfg = Debug|Any CPU
		{30B747E2-22E4-407E-BB76-83B3479C8132}.Local|Any CPU.Build.0 = Debug|Any CPU
		{30B747E2-22E4-407E-BB76-83B3479C8132}.Release|Any CPU.ActiveCfg = Release|Any CPU
		{30B747E2-22E4-407E-BB76-83B3479C8132}.Release|Any CPU.Build.0 = Release|Any CPU
		{30B747E2-22E4-407E-BB76-83B3479C8132}.test|Any CPU.ActiveCfg = Debug|Any CPU
		{30B747E2-22E4-407E-BB76-83B3479C8132}.test|Any CPU.Build.0 = Debug|Any CPU
		{30B747E2-22E4-407E-BB76-83B3479C8132}.Yes|Any CPU.ActiveCfg = Debug|Any CPU
		{30B747E2-22E4-407E-BB76-83B3479C8132}.Yes|Any CPU.Build.0 = Debug|Any CPU
		{80E18813-371F-4F6C-8646-6D70FACEB219}.AllClients|Any CPU.ActiveCfg = Debug|Any CPU
		{80E18813-371F-4F6C-8646-6D70FACEB219}.AllClients|Any CPU.Build.0 = Debug|Any CPU
		{80E18813-371F-4F6C-8646-6D70FACEB219}.Debug|Any CPU.ActiveCfg = Debug|Any CPU
		{80E18813-371F-4F6C-8646-6D70FACEB219}.Debug|Any CPU.Build.0 = Debug|Any CPU
		{80E18813-371F-4F6C-8646-6D70FACEB219}.debug32|Any CPU.ActiveCfg = Debug|Any CPU
		{80E18813-371F-4F6C-8646-6D70FACEB219}.debug32|Any CPU.Build.0 = Debug|Any CPU
		{80E18813-371F-4F6C-8646-6D70FACEB219}.Local|Any CPU.ActiveCfg = Debug|Any CPU
		{80E18813-371F-4F6C-8646-6D70FACEB219}.Local|Any CPU.Build.0 = Debug|Any CPU
		{80E18813-371F-4F6C-8646-6D70FACEB219}.Release|Any CPU.ActiveCfg = Release|Any CPU
		{80E18813-371F-4F6C-8646-6D70FACEB219}.Release|Any CPU.Build.0 = Release|Any CPU
		{80E18813-371F-4F6C-8646-6D70FACEB219}.test|Any CPU.ActiveCfg = Debug|Any CPU
		{80E18813-371F-4F6C-8646-6D70FACEB219}.test|Any CPU.Build.0 = Debug|Any CPU
		{80E18813-371F-4F6C-8646-6D70FACEB219}.Yes|Any CPU.ActiveCfg = Debug|Any CPU
		{80E18813-371F-4F6C-8646-6D70FACEB219}.Yes|Any CPU.Build.0 = Debug|Any CPU
		{EC5315B5-29E9-45E6-A20E-8C5C7442C9BC}.AllClients|Any CPU.ActiveCfg = Debug|Any CPU
		{EC5315B5-29E9-45E6-A20E-8C5C7442C9BC}.AllClients|Any CPU.Build.0 = Debug|Any CPU
		{EC5315B5-29E9-45E6-A20E-8C5C7442C9BC}.Debug|Any CPU.ActiveCfg = Debug|Any CPU
		{EC5315B5-29E9-45E6-A20E-8C5C7442C9BC}.Debug|Any CPU.Build.0 = Debug|Any CPU
		{EC5315B5-29E9-45E6-A20E-8C5C7442C9BC}.debug32|Any CPU.ActiveCfg = Debug|Any CPU
		{EC5315B5-29E9-45E6-A20E-8C5C7442C9BC}.debug32|Any CPU.Build.0 = Debug|Any CPU
		{EC5315B5-29E9-45E6-A20E-8C5C7442C9BC}.Local|Any CPU.ActiveCfg = Debug|Any CPU
		{EC5315B5-29E9-45E6-A20E-8C5C7442C9BC}.Local|Any CPU.Build.0 = Debug|Any CPU
		{EC5315B5-29E9-45E6-A20E-8C5C7442C9BC}.Release|Any CPU.ActiveCfg = Release|Any CPU
		{EC5315B5-29E9-45E6-A20E-8C5C7442C9BC}.Release|Any CPU.Build.0 = Release|Any CPU
		{EC5315B5-29E9-45E6-A20E-8C5C7442C9BC}.test|Any CPU.ActiveCfg = Debug|Any CPU
		{EC5315B5-29E9-45E6-A20E-8C5C7442C9BC}.test|Any CPU.Build.0 = Debug|Any CPU
		{EC5315B5-29E9-45E6-A20E-8C5C7442C9BC}.Yes|Any CPU.ActiveCfg = Debug|Any CPU
		{EC5315B5-29E9-45E6-A20E-8C5C7442C9BC}.Yes|Any CPU.Build.0 = Debug|Any CPU
		{5D656245-37B1-4787-AE34-A86F5E37A5F1}.AllClients|Any CPU.ActiveCfg = Debug|Any CPU
		{5D656245-37B1-4787-AE34-A86F5E37A5F1}.AllClients|Any CPU.Build.0 = Debug|Any CPU
		{5D656245-37B1-4787-AE34-A86F5E37A5F1}.Debug|Any CPU.ActiveCfg = Debug|Any CPU
		{5D656245-37B1-4787-AE34-A86F5E37A5F1}.Debug|Any CPU.Build.0 = Debug|Any CPU
		{5D656245-37B1-4787-AE34-A86F5E37A5F1}.debug32|Any CPU.ActiveCfg = Debug|Any CPU
		{5D656245-37B1-4787-AE34-A86F5E37A5F1}.debug32|Any CPU.Build.0 = Debug|Any CPU
		{5D656245-37B1-4787-AE34-A86F5E37A5F1}.Local|Any CPU.ActiveCfg = Debug|Any CPU
		{5D656245-37B1-4787-AE34-A86F5E37A5F1}.Local|Any CPU.Build.0 = Debug|Any CPU
		{5D656245-37B1-4787-AE34-A86F5E37A5F1}.Release|Any CPU.ActiveCfg = Release|Any CPU
		{5D656245-37B1-4787-AE34-A86F5E37A5F1}.Release|Any CPU.Build.0 = Release|Any CPU
		{5D656245-37B1-4787-AE34-A86F5E37A5F1}.test|Any CPU.ActiveCfg = Debug|Any CPU
		{5D656245-37B1-4787-AE34-A86F5E37A5F1}.test|Any CPU.Build.0 = Debug|Any CPU
		{5D656245-37B1-4787-AE34-A86F5E37A5F1}.Yes|Any CPU.ActiveCfg = Debug|Any CPU
		{5D656245-37B1-4787-AE34-A86F5E37A5F1}.Yes|Any CPU.Build.0 = Debug|Any CPU
		{939556AF-A17E-4719-B87C-7C0916602FA3}.AllClients|Any CPU.ActiveCfg = Debug|Any CPU
		{939556AF-A17E-4719-B87C-7C0916602FA3}.AllClients|Any CPU.Build.0 = Debug|Any CPU
		{939556AF-A17E-4719-B87C-7C0916602FA3}.Debug|Any CPU.ActiveCfg = Debug|Any CPU
		{939556AF-A17E-4719-B87C-7C0916602FA3}.Debug|Any CPU.Build.0 = Debug|Any CPU
		{939556AF-A17E-4719-B87C-7C0916602FA3}.debug32|Any CPU.ActiveCfg = Debug|Any CPU
		{939556AF-A17E-4719-B87C-7C0916602FA3}.debug32|Any CPU.Build.0 = Debug|Any CPU
		{939556AF-A17E-4719-B87C-7C0916602FA3}.Local|Any CPU.ActiveCfg = Debug|Any CPU
		{939556AF-A17E-4719-B87C-7C0916602FA3}.Local|Any CPU.Build.0 = Debug|Any CPU
		{939556AF-A17E-4719-B87C-7C0916602FA3}.Release|Any CPU.ActiveCfg = Release|Any CPU
		{939556AF-A17E-4719-B87C-7C0916602FA3}.Release|Any CPU.Build.0 = Release|Any CPU
		{939556AF-A17E-4719-B87C-7C0916602FA3}.test|Any CPU.ActiveCfg = Debug|Any CPU
		{939556AF-A17E-4719-B87C-7C0916602FA3}.test|Any CPU.Build.0 = Debug|Any CPU
		{939556AF-A17E-4719-B87C-7C0916602FA3}.Yes|Any CPU.ActiveCfg = Debug|Any CPU
		{939556AF-A17E-4719-B87C-7C0916602FA3}.Yes|Any CPU.Build.0 = Debug|Any CPU
		{99494E7B-3B65-4EC9-A656-9F99DE287003}.AllClients|Any CPU.ActiveCfg = Debug|Any CPU
		{99494E7B-3B65-4EC9-A656-9F99DE287003}.AllClients|Any CPU.Build.0 = Debug|Any CPU
		{99494E7B-3B65-4EC9-A656-9F99DE287003}.Debug|Any CPU.ActiveCfg = Debug|Any CPU
		{99494E7B-3B65-4EC9-A656-9F99DE287003}.Debug|Any CPU.Build.0 = Debug|Any CPU
		{99494E7B-3B65-4EC9-A656-9F99DE287003}.debug32|Any CPU.ActiveCfg = Debug|Any CPU
		{99494E7B-3B65-4EC9-A656-9F99DE287003}.debug32|Any CPU.Build.0 = Debug|Any CPU
		{99494E7B-3B65-4EC9-A656-9F99DE287003}.Local|Any CPU.ActiveCfg = Debug|Any CPU
		{99494E7B-3B65-4EC9-A656-9F99DE287003}.Local|Any CPU.Build.0 = Debug|Any CPU
		{99494E7B-3B65-4EC9-A656-9F99DE287003}.Release|Any CPU.ActiveCfg = Release|Any CPU
		{99494E7B-3B65-4EC9-A656-9F99DE287003}.Release|Any CPU.Build.0 = Release|Any CPU
		{99494E7B-3B65-4EC9-A656-9F99DE287003}.test|Any CPU.ActiveCfg = Debug|Any CPU
		{99494E7B-3B65-4EC9-A656-9F99DE287003}.test|Any CPU.Build.0 = Debug|Any CPU
		{99494E7B-3B65-4EC9-A656-9F99DE287003}.Yes|Any CPU.ActiveCfg = Debug|Any CPU
		{99494E7B-3B65-4EC9-A656-9F99DE287003}.Yes|Any CPU.Build.0 = Debug|Any CPU
		{F26835EC-ED58-4FF0-A48C-9883DECEC31B}.AllClients|Any CPU.ActiveCfg = Debug|Any CPU
		{F26835EC-ED58-4FF0-A48C-9883DECEC31B}.AllClients|Any CPU.Build.0 = Debug|Any CPU
		{F26835EC-ED58-4FF0-A48C-9883DECEC31B}.Debug|Any CPU.ActiveCfg = Debug|Any CPU
		{F26835EC-ED58-4FF0-A48C-9883DECEC31B}.Debug|Any CPU.Build.0 = Debug|Any CPU
		{F26835EC-ED58-4FF0-A48C-9883DECEC31B}.debug32|Any CPU.ActiveCfg = Debug|Any CPU
		{F26835EC-ED58-4FF0-A48C-9883DECEC31B}.debug32|Any CPU.Build.0 = Debug|Any CPU
		{F26835EC-ED58-4FF0-A48C-9883DECEC31B}.Local|Any CPU.ActiveCfg = Debug|Any CPU
		{F26835EC-ED58-4FF0-A48C-9883DECEC31B}.Local|Any CPU.Build.0 = Debug|Any CPU
		{F26835EC-ED58-4FF0-A48C-9883DECEC31B}.Release|Any CPU.ActiveCfg = Release|Any CPU
		{F26835EC-ED58-4FF0-A48C-9883DECEC31B}.Release|Any CPU.Build.0 = Release|Any CPU
		{F26835EC-ED58-4FF0-A48C-9883DECEC31B}.test|Any CPU.ActiveCfg = Debug|Any CPU
		{F26835EC-ED58-4FF0-A48C-9883DECEC31B}.test|Any CPU.Build.0 = Debug|Any CPU
		{F26835EC-ED58-4FF0-A48C-9883DECEC31B}.Yes|Any CPU.ActiveCfg = Debug|Any CPU
		{F26835EC-ED58-4FF0-A48C-9883DECEC31B}.Yes|Any CPU.Build.0 = Debug|Any CPU
		{F5344336-D876-4785-BE21-19035AF2C558}.AllClients|Any CPU.ActiveCfg = Debug|Any CPU
		{F5344336-D876-4785-BE21-19035AF2C558}.AllClients|Any CPU.Build.0 = Debug|Any CPU
		{F5344336-D876-4785-BE21-19035AF2C558}.Debug|Any CPU.ActiveCfg = Debug|Any CPU
		{F5344336-D876-4785-BE21-19035AF2C558}.Debug|Any CPU.Build.0 = Debug|Any CPU
		{F5344336-D876-4785-BE21-19035AF2C558}.debug32|Any CPU.ActiveCfg = Debug|Any CPU
		{F5344336-D876-4785-BE21-19035AF2C558}.debug32|Any CPU.Build.0 = Debug|Any CPU
		{F5344336-D876-4785-BE21-19035AF2C558}.Local|Any CPU.ActiveCfg = Debug|Any CPU
		{F5344336-D876-4785-BE21-19035AF2C558}.Local|Any CPU.Build.0 = Debug|Any CPU
		{F5344336-D876-4785-BE21-19035AF2C558}.Release|Any CPU.ActiveCfg = Release|Any CPU
		{F5344336-D876-4785-BE21-19035AF2C558}.Release|Any CPU.Build.0 = Release|Any CPU
		{F5344336-D876-4785-BE21-19035AF2C558}.test|Any CPU.ActiveCfg = Debug|Any CPU
		{F5344336-D876-4785-BE21-19035AF2C558}.test|Any CPU.Build.0 = Debug|Any CPU
		{F5344336-D876-4785-BE21-19035AF2C558}.Yes|Any CPU.ActiveCfg = Debug|Any CPU
		{F5344336-D876-4785-BE21-19035AF2C558}.Yes|Any CPU.Build.0 = Debug|Any CPU
		{1543408F-0B7C-4F47-B696-8EEBDF54BA96}.AllClients|Any CPU.ActiveCfg = Debug|Any CPU
		{1543408F-0B7C-4F47-B696-8EEBDF54BA96}.AllClients|Any CPU.Build.0 = Debug|Any CPU
		{1543408F-0B7C-4F47-B696-8EEBDF54BA96}.Debug|Any CPU.ActiveCfg = Debug|Any CPU
		{1543408F-0B7C-4F47-B696-8EEBDF54BA96}.Debug|Any CPU.Build.0 = Debug|Any CPU
		{1543408F-0B7C-4F47-B696-8EEBDF54BA96}.debug32|Any CPU.ActiveCfg = Debug|Any CPU
		{1543408F-0B7C-4F47-B696-8EEBDF54BA96}.debug32|Any CPU.Build.0 = Debug|Any CPU
		{1543408F-0B7C-4F47-B696-8EEBDF54BA96}.Local|Any CPU.ActiveCfg = Debug|Any CPU
		{1543408F-0B7C-4F47-B696-8EEBDF54BA96}.Local|Any CPU.Build.0 = Debug|Any CPU
		{1543408F-0B7C-4F47-B696-8EEBDF54BA96}.Release|Any CPU.ActiveCfg = Release|Any CPU
		{1543408F-0B7C-4F47-B696-8EEBDF54BA96}.Release|Any CPU.Build.0 = Release|Any CPU
		{1543408F-0B7C-4F47-B696-8EEBDF54BA96}.test|Any CPU.ActiveCfg = Debug|Any CPU
		{1543408F-0B7C-4F47-B696-8EEBDF54BA96}.test|Any CPU.Build.0 = Debug|Any CPU
		{1543408F-0B7C-4F47-B696-8EEBDF54BA96}.Yes|Any CPU.ActiveCfg = Debug|Any CPU
		{1543408F-0B7C-4F47-B696-8EEBDF54BA96}.Yes|Any CPU.Build.0 = Debug|Any CPU
		{BF958DAB-F474-4307-AB34-BE59820B92A2}.AllClients|Any CPU.ActiveCfg = Debug|Any CPU
		{BF958DAB-F474-4307-AB34-BE59820B92A2}.AllClients|Any CPU.Build.0 = Debug|Any CPU
		{BF958DAB-F474-4307-AB34-BE59820B92A2}.Debug|Any CPU.ActiveCfg = Debug|Any CPU
		{BF958DAB-F474-4307-AB34-BE59820B92A2}.Debug|Any CPU.Build.0 = Debug|Any CPU
		{BF958DAB-F474-4307-AB34-BE59820B92A2}.debug32|Any CPU.ActiveCfg = Debug|Any CPU
		{BF958DAB-F474-4307-AB34-BE59820B92A2}.debug32|Any CPU.Build.0 = Debug|Any CPU
		{BF958DAB-F474-4307-AB34-BE59820B92A2}.Local|Any CPU.ActiveCfg = Debug|Any CPU
		{BF958DAB-F474-4307-AB34-BE59820B92A2}.Local|Any CPU.Build.0 = Debug|Any CPU
		{BF958DAB-F474-4307-AB34-BE59820B92A2}.Release|Any CPU.ActiveCfg = Release|Any CPU
		{BF958DAB-F474-4307-AB34-BE59820B92A2}.Release|Any CPU.Build.0 = Release|Any CPU
		{BF958DAB-F474-4307-AB34-BE59820B92A2}.test|Any CPU.ActiveCfg = Debug|Any CPU
		{BF958DAB-F474-4307-AB34-BE59820B92A2}.test|Any CPU.Build.0 = Debug|Any CPU
		{BF958DAB-F474-4307-AB34-BE59820B92A2}.Yes|Any CPU.ActiveCfg = Debug|Any CPU
		{BF958DAB-F474-4307-AB34-BE59820B92A2}.Yes|Any CPU.Build.0 = Debug|Any CPU
		{40A35D6A-3415-4BA6-8DF2-A3DF9E036208}.AllClients|Any CPU.ActiveCfg = Debug|Any CPU
		{40A35D6A-3415-4BA6-8DF2-A3DF9E036208}.AllClients|Any CPU.Build.0 = Debug|Any CPU
		{40A35D6A-3415-4BA6-8DF2-A3DF9E036208}.Debug|Any CPU.ActiveCfg = Debug|Any CPU
		{40A35D6A-3415-4BA6-8DF2-A3DF9E036208}.Debug|Any CPU.Build.0 = Debug|Any CPU
		{40A35D6A-3415-4BA6-8DF2-A3DF9E036208}.debug32|Any CPU.ActiveCfg = Debug|Any CPU
		{40A35D6A-3415-4BA6-8DF2-A3DF9E036208}.debug32|Any CPU.Build.0 = Debug|Any CPU
		{40A35D6A-3415-4BA6-8DF2-A3DF9E036208}.Local|Any CPU.ActiveCfg = Debug|Any CPU
		{40A35D6A-3415-4BA6-8DF2-A3DF9E036208}.Local|Any CPU.Build.0 = Debug|Any CPU
		{40A35D6A-3415-4BA6-8DF2-A3DF9E036208}.Release|Any CPU.ActiveCfg = Release|Any CPU
		{40A35D6A-3415-4BA6-8DF2-A3DF9E036208}.Release|Any CPU.Build.0 = Release|Any CPU
		{40A35D6A-3415-4BA6-8DF2-A3DF9E036208}.test|Any CPU.ActiveCfg = Debug|Any CPU
		{40A35D6A-3415-4BA6-8DF2-A3DF9E036208}.test|Any CPU.Build.0 = Debug|Any CPU
		{40A35D6A-3415-4BA6-8DF2-A3DF9E036208}.Yes|Any CPU.ActiveCfg = Debug|Any CPU
		{40A35D6A-3415-4BA6-8DF2-A3DF9E036208}.Yes|Any CPU.Build.0 = Debug|Any CPU
		{EAD079C2-5CAB-4942-9074-145DEF56BD1F}.AllClients|Any CPU.ActiveCfg = Debug|Any CPU
		{EAD079C2-5CAB-4942-9074-145DEF56BD1F}.AllClients|Any CPU.Build.0 = Debug|Any CPU
		{EAD079C2-5CAB-4942-9074-145DEF56BD1F}.Debug|Any CPU.ActiveCfg = Debug|Any CPU
		{EAD079C2-5CAB-4942-9074-145DEF56BD1F}.Debug|Any CPU.Build.0 = Debug|Any CPU
		{EAD079C2-5CAB-4942-9074-145DEF56BD1F}.debug32|Any CPU.ActiveCfg = Debug|Any CPU
		{EAD079C2-5CAB-4942-9074-145DEF56BD1F}.debug32|Any CPU.Build.0 = Debug|Any CPU
		{EAD079C2-5CAB-4942-9074-145DEF56BD1F}.Local|Any CPU.ActiveCfg = Debug|Any CPU
		{EAD079C2-5CAB-4942-9074-145DEF56BD1F}.Local|Any CPU.Build.0 = Debug|Any CPU
		{EAD079C2-5CAB-4942-9074-145DEF56BD1F}.Release|Any CPU.ActiveCfg = Release|Any CPU
		{EAD079C2-5CAB-4942-9074-145DEF56BD1F}.Release|Any CPU.Build.0 = Release|Any CPU
		{EAD079C2-5CAB-4942-9074-145DEF56BD1F}.test|Any CPU.ActiveCfg = Debug|Any CPU
		{EAD079C2-5CAB-4942-9074-145DEF56BD1F}.test|Any CPU.Build.0 = Debug|Any CPU
		{EAD079C2-5CAB-4942-9074-145DEF56BD1F}.Yes|Any CPU.ActiveCfg = Debug|Any CPU
		{EAD079C2-5CAB-4942-9074-145DEF56BD1F}.Yes|Any CPU.Build.0 = Debug|Any CPU
		{18062BE9-51DB-414A-9372-9CDF8B5DDD3C}.AllClients|Any CPU.ActiveCfg = Debug|Any CPU
		{18062BE9-51DB-414A-9372-9CDF8B5DDD3C}.AllClients|Any CPU.Build.0 = Debug|Any CPU
		{18062BE9-51DB-414A-9372-9CDF8B5DDD3C}.Debug|Any CPU.ActiveCfg = Debug|Any CPU
		{18062BE9-51DB-414A-9372-9CDF8B5DDD3C}.Debug|Any CPU.Build.0 = Debug|Any CPU
		{18062BE9-51DB-414A-9372-9CDF8B5DDD3C}.debug32|Any CPU.ActiveCfg = Debug|Any CPU
		{18062BE9-51DB-414A-9372-9CDF8B5DDD3C}.debug32|Any CPU.Build.0 = Debug|Any CPU
		{18062BE9-51DB-414A-9372-9CDF8B5DDD3C}.Local|Any CPU.ActiveCfg = Debug|Any CPU
		{18062BE9-51DB-414A-9372-9CDF8B5DDD3C}.Local|Any CPU.Build.0 = Debug|Any CPU
		{18062BE9-51DB-414A-9372-9CDF8B5DDD3C}.Release|Any CPU.ActiveCfg = Release|Any CPU
		{18062BE9-51DB-414A-9372-9CDF8B5DDD3C}.Release|Any CPU.Build.0 = Release|Any CPU
		{18062BE9-51DB-414A-9372-9CDF8B5DDD3C}.test|Any CPU.ActiveCfg = Debug|Any CPU
		{18062BE9-51DB-414A-9372-9CDF8B5DDD3C}.test|Any CPU.Build.0 = Debug|Any CPU
		{18062BE9-51DB-414A-9372-9CDF8B5DDD3C}.Yes|Any CPU.ActiveCfg = Debug|Any CPU
		{18062BE9-51DB-414A-9372-9CDF8B5DDD3C}.Yes|Any CPU.Build.0 = Debug|Any CPU
		{15FFF79B-66B4-4FB4-A455-7E7F64DDB105}.AllClients|Any CPU.ActiveCfg = Debug|Any CPU
		{15FFF79B-66B4-4FB4-A455-7E7F64DDB105}.AllClients|Any CPU.Build.0 = Debug|Any CPU
		{15FFF79B-66B4-4FB4-A455-7E7F64DDB105}.Debug|Any CPU.ActiveCfg = Debug|Any CPU
		{15FFF79B-66B4-4FB4-A455-7E7F64DDB105}.Debug|Any CPU.Build.0 = Debug|Any CPU
		{15FFF79B-66B4-4FB4-A455-7E7F64DDB105}.debug32|Any CPU.ActiveCfg = Debug|Any CPU
		{15FFF79B-66B4-4FB4-A455-7E7F64DDB105}.debug32|Any CPU.Build.0 = Debug|Any CPU
		{15FFF79B-66B4-4FB4-A455-7E7F64DDB105}.Local|Any CPU.ActiveCfg = Debug|Any CPU
		{15FFF79B-66B4-4FB4-A455-7E7F64DDB105}.Local|Any CPU.Build.0 = Debug|Any CPU
		{15FFF79B-66B4-4FB4-A455-7E7F64DDB105}.Release|Any CPU.ActiveCfg = Release|Any CPU
		{15FFF79B-66B4-4FB4-A455-7E7F64DDB105}.Release|Any CPU.Build.0 = Release|Any CPU
		{15FFF79B-66B4-4FB4-A455-7E7F64DDB105}.test|Any CPU.ActiveCfg = Debug|Any CPU
		{15FFF79B-66B4-4FB4-A455-7E7F64DDB105}.test|Any CPU.Build.0 = Debug|Any CPU
		{15FFF79B-66B4-4FB4-A455-7E7F64DDB105}.Yes|Any CPU.ActiveCfg = Debug|Any CPU
		{15FFF79B-66B4-4FB4-A455-7E7F64DDB105}.Yes|Any CPU.Build.0 = Debug|Any CPU
		{BA50A0F4-29E5-4DBE-95E2-67A57E481F95}.AllClients|Any CPU.ActiveCfg = Debug|Any CPU
		{BA50A0F4-29E5-4DBE-95E2-67A57E481F95}.AllClients|Any CPU.Build.0 = Debug|Any CPU
		{BA50A0F4-29E5-4DBE-95E2-67A57E481F95}.Debug|Any CPU.ActiveCfg = Debug|Any CPU
		{BA50A0F4-29E5-4DBE-95E2-67A57E481F95}.Debug|Any CPU.Build.0 = Debug|Any CPU
		{BA50A0F4-29E5-4DBE-95E2-67A57E481F95}.debug32|Any CPU.ActiveCfg = Debug|Any CPU
		{BA50A0F4-29E5-4DBE-95E2-67A57E481F95}.debug32|Any CPU.Build.0 = Debug|Any CPU
		{BA50A0F4-29E5-4DBE-95E2-67A57E481F95}.Local|Any CPU.ActiveCfg = Debug|Any CPU
		{BA50A0F4-29E5-4DBE-95E2-67A57E481F95}.Local|Any CPU.Build.0 = Debug|Any CPU
		{BA50A0F4-29E5-4DBE-95E2-67A57E481F95}.Release|Any CPU.ActiveCfg = Release|Any CPU
		{BA50A0F4-29E5-4DBE-95E2-67A57E481F95}.Release|Any CPU.Build.0 = Release|Any CPU
		{BA50A0F4-29E5-4DBE-95E2-67A57E481F95}.test|Any CPU.ActiveCfg = Debug|Any CPU
		{BA50A0F4-29E5-4DBE-95E2-67A57E481F95}.test|Any CPU.Build.0 = Debug|Any CPU
		{BA50A0F4-29E5-4DBE-95E2-67A57E481F95}.Yes|Any CPU.ActiveCfg = Debug|Any CPU
		{BA50A0F4-29E5-4DBE-95E2-67A57E481F95}.Yes|Any CPU.Build.0 = Debug|Any CPU
		{790D4AD8-C2B8-4094-8125-BF01CB974000}.AllClients|Any CPU.ActiveCfg = Debug|Any CPU
		{790D4AD8-C2B8-4094-8125-BF01CB974000}.AllClients|Any CPU.Build.0 = Debug|Any CPU
		{790D4AD8-C2B8-4094-8125-BF01CB974000}.Debug|Any CPU.ActiveCfg = Debug|Any CPU
		{790D4AD8-C2B8-4094-8125-BF01CB974000}.Debug|Any CPU.Build.0 = Debug|Any CPU
		{790D4AD8-C2B8-4094-8125-BF01CB974000}.debug32|Any CPU.ActiveCfg = Debug|Any CPU
		{790D4AD8-C2B8-4094-8125-BF01CB974000}.debug32|Any CPU.Build.0 = Debug|Any CPU
		{790D4AD8-C2B8-4094-8125-BF01CB974000}.Local|Any CPU.ActiveCfg = Debug|Any CPU
		{790D4AD8-C2B8-4094-8125-BF01CB974000}.Local|Any CPU.Build.0 = Debug|Any CPU
		{790D4AD8-C2B8-4094-8125-BF01CB974000}.Release|Any CPU.ActiveCfg = Release|Any CPU
		{790D4AD8-C2B8-4094-8125-BF01CB974000}.Release|Any CPU.Build.0 = Release|Any CPU
		{790D4AD8-C2B8-4094-8125-BF01CB974000}.test|Any CPU.ActiveCfg = Debug|Any CPU
		{790D4AD8-C2B8-4094-8125-BF01CB974000}.test|Any CPU.Build.0 = Debug|Any CPU
		{790D4AD8-C2B8-4094-8125-BF01CB974000}.Yes|Any CPU.ActiveCfg = Debug|Any CPU
		{790D4AD8-C2B8-4094-8125-BF01CB974000}.Yes|Any CPU.Build.0 = Debug|Any CPU
		{8D26CFD2-5D8D-4713-930F-BE8953134825}.AllClients|Any CPU.ActiveCfg = Debug|Any CPU
		{8D26CFD2-5D8D-4713-930F-BE8953134825}.AllClients|Any CPU.Build.0 = Debug|Any CPU
		{8D26CFD2-5D8D-4713-930F-BE8953134825}.Debug|Any CPU.ActiveCfg = Debug|Any CPU
		{8D26CFD2-5D8D-4713-930F-BE8953134825}.Debug|Any CPU.Build.0 = Debug|Any CPU
		{8D26CFD2-5D8D-4713-930F-BE8953134825}.debug32|Any CPU.ActiveCfg = Debug|Any CPU
		{8D26CFD2-5D8D-4713-930F-BE8953134825}.debug32|Any CPU.Build.0 = Debug|Any CPU
		{8D26CFD2-5D8D-4713-930F-BE8953134825}.Local|Any CPU.ActiveCfg = Debug|Any CPU
		{8D26CFD2-5D8D-4713-930F-BE8953134825}.Local|Any CPU.Build.0 = Debug|Any CPU
		{8D26CFD2-5D8D-4713-930F-BE8953134825}.Release|Any CPU.ActiveCfg = Release|Any CPU
		{8D26CFD2-5D8D-4713-930F-BE8953134825}.Release|Any CPU.Build.0 = Release|Any CPU
		{8D26CFD2-5D8D-4713-930F-BE8953134825}.test|Any CPU.ActiveCfg = Debug|Any CPU
		{8D26CFD2-5D8D-4713-930F-BE8953134825}.test|Any CPU.Build.0 = Debug|Any CPU
		{8D26CFD2-5D8D-4713-930F-BE8953134825}.Yes|Any CPU.ActiveCfg = Debug|Any CPU
		{8D26CFD2-5D8D-4713-930F-BE8953134825}.Yes|Any CPU.Build.0 = Debug|Any CPU
		{9E28AB72-C6FD-41B1-8614-4917F8A1FF87}.AllClients|Any CPU.ActiveCfg = Debug|Any CPU
		{9E28AB72-C6FD-41B1-8614-4917F8A1FF87}.AllClients|Any CPU.Build.0 = Debug|Any CPU
		{9E28AB72-C6FD-41B1-8614-4917F8A1FF87}.Debug|Any CPU.ActiveCfg = Debug|Any CPU
		{9E28AB72-C6FD-41B1-8614-4917F8A1FF87}.Debug|Any CPU.Build.0 = Debug|Any CPU
		{9E28AB72-C6FD-41B1-8614-4917F8A1FF87}.debug32|Any CPU.ActiveCfg = Debug|Any CPU
		{9E28AB72-C6FD-41B1-8614-4917F8A1FF87}.debug32|Any CPU.Build.0 = Debug|Any CPU
		{9E28AB72-C6FD-41B1-8614-4917F8A1FF87}.Local|Any CPU.ActiveCfg = Debug|Any CPU
		{9E28AB72-C6FD-41B1-8614-4917F8A1FF87}.Local|Any CPU.Build.0 = Debug|Any CPU
		{9E28AB72-C6FD-41B1-8614-4917F8A1FF87}.Release|Any CPU.ActiveCfg = Release|Any CPU
		{9E28AB72-C6FD-41B1-8614-4917F8A1FF87}.Release|Any CPU.Build.0 = Release|Any CPU
		{9E28AB72-C6FD-41B1-8614-4917F8A1FF87}.test|Any CPU.ActiveCfg = Debug|Any CPU
		{9E28AB72-C6FD-41B1-8614-4917F8A1FF87}.test|Any CPU.Build.0 = Debug|Any CPU
		{9E28AB72-C6FD-41B1-8614-4917F8A1FF87}.Yes|Any CPU.ActiveCfg = Debug|Any CPU
		{9E28AB72-C6FD-41B1-8614-4917F8A1FF87}.Yes|Any CPU.Build.0 = Debug|Any CPU
		{B50170CC-7A84-4574-A98E-90DA2DAC989A}.AllClients|Any CPU.ActiveCfg = Debug|Any CPU
		{B50170CC-7A84-4574-A98E-90DA2DAC989A}.AllClients|Any CPU.Build.0 = Debug|Any CPU
		{B50170CC-7A84-4574-A98E-90DA2DAC989A}.Debug|Any CPU.ActiveCfg = Debug|Any CPU
		{B50170CC-7A84-4574-A98E-90DA2DAC989A}.Debug|Any CPU.Build.0 = Debug|Any CPU
		{B50170CC-7A84-4574-A98E-90DA2DAC989A}.debug32|Any CPU.ActiveCfg = Debug|Any CPU
		{B50170CC-7A84-4574-A98E-90DA2DAC989A}.debug32|Any CPU.Build.0 = Debug|Any CPU
		{B50170CC-7A84-4574-A98E-90DA2DAC989A}.Local|Any CPU.ActiveCfg = Debug|Any CPU
		{B50170CC-7A84-4574-A98E-90DA2DAC989A}.Local|Any CPU.Build.0 = Debug|Any CPU
		{B50170CC-7A84-4574-A98E-90DA2DAC989A}.Release|Any CPU.ActiveCfg = Release|Any CPU
		{B50170CC-7A84-4574-A98E-90DA2DAC989A}.Release|Any CPU.Build.0 = Release|Any CPU
		{B50170CC-7A84-4574-A98E-90DA2DAC989A}.test|Any CPU.ActiveCfg = Debug|Any CPU
		{B50170CC-7A84-4574-A98E-90DA2DAC989A}.test|Any CPU.Build.0 = Debug|Any CPU
		{B50170CC-7A84-4574-A98E-90DA2DAC989A}.Yes|Any CPU.ActiveCfg = Debug|Any CPU
		{B50170CC-7A84-4574-A98E-90DA2DAC989A}.Yes|Any CPU.Build.0 = Debug|Any CPU
		{53265D6B-1211-4244-B9AF-8B4AE60C8BB2}.AllClients|Any CPU.ActiveCfg = Debug|Any CPU
		{53265D6B-1211-4244-B9AF-8B4AE60C8BB2}.AllClients|Any CPU.Build.0 = Debug|Any CPU
		{53265D6B-1211-4244-B9AF-8B4AE60C8BB2}.Debug|Any CPU.ActiveCfg = Debug|Any CPU
		{53265D6B-1211-4244-B9AF-8B4AE60C8BB2}.Debug|Any CPU.Build.0 = Debug|Any CPU
		{53265D6B-1211-4244-B9AF-8B4AE60C8BB2}.debug32|Any CPU.ActiveCfg = Debug|Any CPU
		{53265D6B-1211-4244-B9AF-8B4AE60C8BB2}.debug32|Any CPU.Build.0 = Debug|Any CPU
		{53265D6B-1211-4244-B9AF-8B4AE60C8BB2}.Local|Any CPU.ActiveCfg = Debug|Any CPU
		{53265D6B-1211-4244-B9AF-8B4AE60C8BB2}.Local|Any CPU.Build.0 = Debug|Any CPU
		{53265D6B-1211-4244-B9AF-8B4AE60C8BB2}.Release|Any CPU.ActiveCfg = Release|Any CPU
		{53265D6B-1211-4244-B9AF-8B4AE60C8BB2}.Release|Any CPU.Build.0 = Release|Any CPU
		{53265D6B-1211-4244-B9AF-8B4AE60C8BB2}.test|Any CPU.ActiveCfg = Debug|Any CPU
		{53265D6B-1211-4244-B9AF-8B4AE60C8BB2}.test|Any CPU.Build.0 = Debug|Any CPU
		{53265D6B-1211-4244-B9AF-8B4AE60C8BB2}.Yes|Any CPU.ActiveCfg = Debug|Any CPU
		{53265D6B-1211-4244-B9AF-8B4AE60C8BB2}.Yes|Any CPU.Build.0 = Debug|Any CPU
		{0F026A05-D5D7-4E54-9BB2-977C2E720548}.AllClients|Any CPU.ActiveCfg = Debug|Any CPU
		{0F026A05-D5D7-4E54-9BB2-977C2E720548}.AllClients|Any CPU.Build.0 = Debug|Any CPU
		{0F026A05-D5D7-4E54-9BB2-977C2E720548}.Debug|Any CPU.ActiveCfg = Debug|Any CPU
		{0F026A05-D5D7-4E54-9BB2-977C2E720548}.Debug|Any CPU.Build.0 = Debug|Any CPU
		{0F026A05-D5D7-4E54-9BB2-977C2E720548}.debug32|Any CPU.ActiveCfg = Debug|Any CPU
		{0F026A05-D5D7-4E54-9BB2-977C2E720548}.debug32|Any CPU.Build.0 = Debug|Any CPU
		{0F026A05-D5D7-4E54-9BB2-977C2E720548}.Local|Any CPU.ActiveCfg = Debug|Any CPU
		{0F026A05-D5D7-4E54-9BB2-977C2E720548}.Local|Any CPU.Build.0 = Debug|Any CPU
		{0F026A05-D5D7-4E54-9BB2-977C2E720548}.Release|Any CPU.ActiveCfg = Release|Any CPU
		{0F026A05-D5D7-4E54-9BB2-977C2E720548}.Release|Any CPU.Build.0 = Release|Any CPU
		{0F026A05-D5D7-4E54-9BB2-977C2E720548}.test|Any CPU.ActiveCfg = Debug|Any CPU
		{0F026A05-D5D7-4E54-9BB2-977C2E720548}.test|Any CPU.Build.0 = Debug|Any CPU
		{0F026A05-D5D7-4E54-9BB2-977C2E720548}.Yes|Any CPU.ActiveCfg = Debug|Any CPU
		{0F026A05-D5D7-4E54-9BB2-977C2E720548}.Yes|Any CPU.Build.0 = Debug|Any CPU
		{D29EF6EA-805E-4A3A-8AF0-7E360EC12C12}.AllClients|Any CPU.ActiveCfg = Debug|Any CPU
		{D29EF6EA-805E-4A3A-8AF0-7E360EC12C12}.AllClients|Any CPU.Build.0 = Debug|Any CPU
		{D29EF6EA-805E-4A3A-8AF0-7E360EC12C12}.Debug|Any CPU.ActiveCfg = Debug|Any CPU
		{D29EF6EA-805E-4A3A-8AF0-7E360EC12C12}.Debug|Any CPU.Build.0 = Debug|Any CPU
		{D29EF6EA-805E-4A3A-8AF0-7E360EC12C12}.debug32|Any CPU.ActiveCfg = Debug|Any CPU
		{D29EF6EA-805E-4A3A-8AF0-7E360EC12C12}.debug32|Any CPU.Build.0 = Debug|Any CPU
		{D29EF6EA-805E-4A3A-8AF0-7E360EC12C12}.Local|Any CPU.ActiveCfg = Debug|Any CPU
		{D29EF6EA-805E-4A3A-8AF0-7E360EC12C12}.Local|Any CPU.Build.0 = Debug|Any CPU
		{D29EF6EA-805E-4A3A-8AF0-7E360EC12C12}.Release|Any CPU.ActiveCfg = Release|Any CPU
		{D29EF6EA-805E-4A3A-8AF0-7E360EC12C12}.Release|Any CPU.Build.0 = Release|Any CPU
		{D29EF6EA-805E-4A3A-8AF0-7E360EC12C12}.test|Any CPU.ActiveCfg = Debug|Any CPU
		{D29EF6EA-805E-4A3A-8AF0-7E360EC12C12}.test|Any CPU.Build.0 = Debug|Any CPU
		{D29EF6EA-805E-4A3A-8AF0-7E360EC12C12}.Yes|Any CPU.ActiveCfg = Debug|Any CPU
		{D29EF6EA-805E-4A3A-8AF0-7E360EC12C12}.Yes|Any CPU.Build.0 = Debug|Any CPU
		{BAFC75FC-E052-4829-A65F-E8C66120BF3A}.AllClients|Any CPU.ActiveCfg = Debug|Any CPU
		{BAFC75FC-E052-4829-A65F-E8C66120BF3A}.AllClients|Any CPU.Build.0 = Debug|Any CPU
		{BAFC75FC-E052-4829-A65F-E8C66120BF3A}.Debug|Any CPU.ActiveCfg = Debug|Any CPU
		{BAFC75FC-E052-4829-A65F-E8C66120BF3A}.Debug|Any CPU.Build.0 = Debug|Any CPU
		{BAFC75FC-E052-4829-A65F-E8C66120BF3A}.debug32|Any CPU.ActiveCfg = Debug|Any CPU
		{BAFC75FC-E052-4829-A65F-E8C66120BF3A}.debug32|Any CPU.Build.0 = Debug|Any CPU
		{BAFC75FC-E052-4829-A65F-E8C66120BF3A}.Local|Any CPU.ActiveCfg = Debug|Any CPU
		{BAFC75FC-E052-4829-A65F-E8C66120BF3A}.Local|Any CPU.Build.0 = Debug|Any CPU
		{BAFC75FC-E052-4829-A65F-E8C66120BF3A}.Release|Any CPU.ActiveCfg = Release|Any CPU
		{BAFC75FC-E052-4829-A65F-E8C66120BF3A}.Release|Any CPU.Build.0 = Release|Any CPU
		{BAFC75FC-E052-4829-A65F-E8C66120BF3A}.test|Any CPU.ActiveCfg = Debug|Any CPU
		{BAFC75FC-E052-4829-A65F-E8C66120BF3A}.test|Any CPU.Build.0 = Debug|Any CPU
		{BAFC75FC-E052-4829-A65F-E8C66120BF3A}.Yes|Any CPU.ActiveCfg = Debug|Any CPU
		{BAFC75FC-E052-4829-A65F-E8C66120BF3A}.Yes|Any CPU.Build.0 = Debug|Any CPU
		{BA80A5B4-5485-4044-8C6E-81BCE7C47724}.AllClients|Any CPU.ActiveCfg = Debug|Any CPU
		{BA80A5B4-5485-4044-8C6E-81BCE7C47724}.AllClients|Any CPU.Build.0 = Debug|Any CPU
		{BA80A5B4-5485-4044-8C6E-81BCE7C47724}.Debug|Any CPU.ActiveCfg = Debug|Any CPU
		{BA80A5B4-5485-4044-8C6E-81BCE7C47724}.Debug|Any CPU.Build.0 = Debug|Any CPU
		{BA80A5B4-5485-4044-8C6E-81BCE7C47724}.debug32|Any CPU.ActiveCfg = Debug|Any CPU
		{BA80A5B4-5485-4044-8C6E-81BCE7C47724}.debug32|Any CPU.Build.0 = Debug|Any CPU
		{BA80A5B4-5485-4044-8C6E-81BCE7C47724}.Local|Any CPU.ActiveCfg = Debug|Any CPU
		{BA80A5B4-5485-4044-8C6E-81BCE7C47724}.Local|Any CPU.Build.0 = Debug|Any CPU
		{BA80A5B4-5485-4044-8C6E-81BCE7C47724}.Release|Any CPU.ActiveCfg = Release|Any CPU
		{BA80A5B4-5485-4044-8C6E-81BCE7C47724}.Release|Any CPU.Build.0 = Release|Any CPU
		{BA80A5B4-5485-4044-8C6E-81BCE7C47724}.test|Any CPU.ActiveCfg = Debug|Any CPU
		{BA80A5B4-5485-4044-8C6E-81BCE7C47724}.test|Any CPU.Build.0 = Debug|Any CPU
		{BA80A5B4-5485-4044-8C6E-81BCE7C47724}.Yes|Any CPU.ActiveCfg = Debug|Any CPU
		{BA80A5B4-5485-4044-8C6E-81BCE7C47724}.Yes|Any CPU.Build.0 = Debug|Any CPU
		{077732D7-E13B-4B91-9356-8AC454F26C65}.AllClients|Any CPU.ActiveCfg = Debug|Any CPU
		{077732D7-E13B-4B91-9356-8AC454F26C65}.AllClients|Any CPU.Build.0 = Debug|Any CPU
		{077732D7-E13B-4B91-9356-8AC454F26C65}.Debug|Any CPU.ActiveCfg = Debug|Any CPU
		{077732D7-E13B-4B91-9356-8AC454F26C65}.Debug|Any CPU.Build.0 = Debug|Any CPU
		{077732D7-E13B-4B91-9356-8AC454F26C65}.debug32|Any CPU.ActiveCfg = Debug|Any CPU
		{077732D7-E13B-4B91-9356-8AC454F26C65}.debug32|Any CPU.Build.0 = Debug|Any CPU
		{077732D7-E13B-4B91-9356-8AC454F26C65}.Local|Any CPU.ActiveCfg = Debug|Any CPU
		{077732D7-E13B-4B91-9356-8AC454F26C65}.Local|Any CPU.Build.0 = Debug|Any CPU
		{077732D7-E13B-4B91-9356-8AC454F26C65}.Release|Any CPU.ActiveCfg = Release|Any CPU
		{077732D7-E13B-4B91-9356-8AC454F26C65}.Release|Any CPU.Build.0 = Release|Any CPU
		{077732D7-E13B-4B91-9356-8AC454F26C65}.test|Any CPU.ActiveCfg = Debug|Any CPU
		{077732D7-E13B-4B91-9356-8AC454F26C65}.test|Any CPU.Build.0 = Debug|Any CPU
		{077732D7-E13B-4B91-9356-8AC454F26C65}.Yes|Any CPU.ActiveCfg = Debug|Any CPU
		{077732D7-E13B-4B91-9356-8AC454F26C65}.Yes|Any CPU.Build.0 = Debug|Any CPU
		{3C7C3F29-198B-45CC-9F31-9ACE194E37E8}.AllClients|Any CPU.ActiveCfg = Debug|Any CPU
		{3C7C3F29-198B-45CC-9F31-9ACE194E37E8}.AllClients|Any CPU.Build.0 = Debug|Any CPU
		{3C7C3F29-198B-45CC-9F31-9ACE194E37E8}.Debug|Any CPU.ActiveCfg = Debug|Any CPU
		{3C7C3F29-198B-45CC-9F31-9ACE194E37E8}.Debug|Any CPU.Build.0 = Debug|Any CPU
		{3C7C3F29-198B-45CC-9F31-9ACE194E37E8}.debug32|Any CPU.ActiveCfg = Debug|Any CPU
		{3C7C3F29-198B-45CC-9F31-9ACE194E37E8}.debug32|Any CPU.Build.0 = Debug|Any CPU
		{3C7C3F29-198B-45CC-9F31-9ACE194E37E8}.Local|Any CPU.ActiveCfg = Debug|Any CPU
		{3C7C3F29-198B-45CC-9F31-9ACE194E37E8}.Local|Any CPU.Build.0 = Debug|Any CPU
		{3C7C3F29-198B-45CC-9F31-9ACE194E37E8}.Release|Any CPU.ActiveCfg = Release|Any CPU
		{3C7C3F29-198B-45CC-9F31-9ACE194E37E8}.Release|Any CPU.Build.0 = Release|Any CPU
		{3C7C3F29-198B-45CC-9F31-9ACE194E37E8}.test|Any CPU.ActiveCfg = Debug|Any CPU
		{3C7C3F29-198B-45CC-9F31-9ACE194E37E8}.test|Any CPU.Build.0 = Debug|Any CPU
		{3C7C3F29-198B-45CC-9F31-9ACE194E37E8}.Yes|Any CPU.ActiveCfg = Debug|Any CPU
		{3C7C3F29-198B-45CC-9F31-9ACE194E37E8}.Yes|Any CPU.Build.0 = Debug|Any CPU
		{F3705531-7906-4077-BFF2-1E7EF4A7C2DF}.AllClients|Any CPU.ActiveCfg = Debug|Any CPU
		{F3705531-7906-4077-BFF2-1E7EF4A7C2DF}.AllClients|Any CPU.Build.0 = Debug|Any CPU
		{F3705531-7906-4077-BFF2-1E7EF4A7C2DF}.Debug|Any CPU.ActiveCfg = Debug|Any CPU
		{F3705531-7906-4077-BFF2-1E7EF4A7C2DF}.Debug|Any CPU.Build.0 = Debug|Any CPU
		{F3705531-7906-4077-BFF2-1E7EF4A7C2DF}.debug32|Any CPU.ActiveCfg = Debug|Any CPU
		{F3705531-7906-4077-BFF2-1E7EF4A7C2DF}.debug32|Any CPU.Build.0 = Debug|Any CPU
		{F3705531-7906-4077-BFF2-1E7EF4A7C2DF}.Local|Any CPU.ActiveCfg = Debug|Any CPU
		{F3705531-7906-4077-BFF2-1E7EF4A7C2DF}.Local|Any CPU.Build.0 = Debug|Any CPU
		{F3705531-7906-4077-BFF2-1E7EF4A7C2DF}.Release|Any CPU.ActiveCfg = Release|Any CPU
		{F3705531-7906-4077-BFF2-1E7EF4A7C2DF}.Release|Any CPU.Build.0 = Release|Any CPU
		{F3705531-7906-4077-BFF2-1E7EF4A7C2DF}.test|Any CPU.ActiveCfg = Debug|Any CPU
		{F3705531-7906-4077-BFF2-1E7EF4A7C2DF}.test|Any CPU.Build.0 = Debug|Any CPU
		{F3705531-7906-4077-BFF2-1E7EF4A7C2DF}.Yes|Any CPU.ActiveCfg = Debug|Any CPU
		{F3705531-7906-4077-BFF2-1E7EF4A7C2DF}.Yes|Any CPU.Build.0 = Debug|Any CPU
		{0AF52551-C654-46E9-A659-042CC7DD2A89}.AllClients|Any CPU.ActiveCfg = Debug|Any CPU
		{0AF52551-C654-46E9-A659-042CC7DD2A89}.AllClients|Any CPU.Build.0 = Debug|Any CPU
		{0AF52551-C654-46E9-A659-042CC7DD2A89}.Debug|Any CPU.ActiveCfg = Debug|Any CPU
		{0AF52551-C654-46E9-A659-042CC7DD2A89}.Debug|Any CPU.Build.0 = Debug|Any CPU
		{0AF52551-C654-46E9-A659-042CC7DD2A89}.debug32|Any CPU.ActiveCfg = Debug|Any CPU
		{0AF52551-C654-46E9-A659-042CC7DD2A89}.debug32|Any CPU.Build.0 = Debug|Any CPU
		{0AF52551-C654-46E9-A659-042CC7DD2A89}.Local|Any CPU.ActiveCfg = Debug|Any CPU
		{0AF52551-C654-46E9-A659-042CC7DD2A89}.Local|Any CPU.Build.0 = Debug|Any CPU
		{0AF52551-C654-46E9-A659-042CC7DD2A89}.Release|Any CPU.ActiveCfg = Release|Any CPU
		{0AF52551-C654-46E9-A659-042CC7DD2A89}.Release|Any CPU.Build.0 = Release|Any CPU
		{0AF52551-C654-46E9-A659-042CC7DD2A89}.test|Any CPU.ActiveCfg = Debug|Any CPU
		{0AF52551-C654-46E9-A659-042CC7DD2A89}.test|Any CPU.Build.0 = Debug|Any CPU
		{0AF52551-C654-46E9-A659-042CC7DD2A89}.Yes|Any CPU.ActiveCfg = Debug|Any CPU
		{0AF52551-C654-46E9-A659-042CC7DD2A89}.Yes|Any CPU.Build.0 = Debug|Any CPU
		{941E10CE-4D66-4193-9D4D-42BB3EECC1F5}.AllClients|Any CPU.ActiveCfg = Debug|Any CPU
		{941E10CE-4D66-4193-9D4D-42BB3EECC1F5}.AllClients|Any CPU.Build.0 = Debug|Any CPU
		{941E10CE-4D66-4193-9D4D-42BB3EECC1F5}.Debug|Any CPU.ActiveCfg = Debug|Any CPU
		{941E10CE-4D66-4193-9D4D-42BB3EECC1F5}.Debug|Any CPU.Build.0 = Debug|Any CPU
		{941E10CE-4D66-4193-9D4D-42BB3EECC1F5}.debug32|Any CPU.ActiveCfg = Debug|Any CPU
		{941E10CE-4D66-4193-9D4D-42BB3EECC1F5}.debug32|Any CPU.Build.0 = Debug|Any CPU
		{941E10CE-4D66-4193-9D4D-42BB3EECC1F5}.Local|Any CPU.ActiveCfg = Debug|Any CPU
		{941E10CE-4D66-4193-9D4D-42BB3EECC1F5}.Local|Any CPU.Build.0 = Debug|Any CPU
		{941E10CE-4D66-4193-9D4D-42BB3EECC1F5}.Release|Any CPU.ActiveCfg = Release|Any CPU
		{941E10CE-4D66-4193-9D4D-42BB3EECC1F5}.Release|Any CPU.Build.0 = Release|Any CPU
		{941E10CE-4D66-4193-9D4D-42BB3EECC1F5}.test|Any CPU.ActiveCfg = Debug|Any CPU
		{941E10CE-4D66-4193-9D4D-42BB3EECC1F5}.test|Any CPU.Build.0 = Debug|Any CPU
		{941E10CE-4D66-4193-9D4D-42BB3EECC1F5}.Yes|Any CPU.ActiveCfg = Debug|Any CPU
		{941E10CE-4D66-4193-9D4D-42BB3EECC1F5}.Yes|Any CPU.Build.0 = Debug|Any CPU
		{BBF5F184-CC29-49F8-8A6B-BFA82DEEF862}.AllClients|Any CPU.ActiveCfg = Debug|Any CPU
		{BBF5F184-CC29-49F8-8A6B-BFA82DEEF862}.AllClients|Any CPU.Build.0 = Debug|Any CPU
		{BBF5F184-CC29-49F8-8A6B-BFA82DEEF862}.Debug|Any CPU.ActiveCfg = Debug|Any CPU
		{BBF5F184-CC29-49F8-8A6B-BFA82DEEF862}.Debug|Any CPU.Build.0 = Debug|Any CPU
		{BBF5F184-CC29-49F8-8A6B-BFA82DEEF862}.debug32|Any CPU.ActiveCfg = Debug|Any CPU
		{BBF5F184-CC29-49F8-8A6B-BFA82DEEF862}.debug32|Any CPU.Build.0 = Debug|Any CPU
		{BBF5F184-CC29-49F8-8A6B-BFA82DEEF862}.Local|Any CPU.ActiveCfg = Debug|Any CPU
		{BBF5F184-CC29-49F8-8A6B-BFA82DEEF862}.Local|Any CPU.Build.0 = Debug|Any CPU
		{BBF5F184-CC29-49F8-8A6B-BFA82DEEF862}.Release|Any CPU.ActiveCfg = Release|Any CPU
		{BBF5F184-CC29-49F8-8A6B-BFA82DEEF862}.Release|Any CPU.Build.0 = Release|Any CPU
		{BBF5F184-CC29-49F8-8A6B-BFA82DEEF862}.test|Any CPU.ActiveCfg = Debug|Any CPU
		{BBF5F184-CC29-49F8-8A6B-BFA82DEEF862}.test|Any CPU.Build.0 = Debug|Any CPU
		{BBF5F184-CC29-49F8-8A6B-BFA82DEEF862}.Yes|Any CPU.ActiveCfg = Debug|Any CPU
		{BBF5F184-CC29-49F8-8A6B-BFA82DEEF862}.Yes|Any CPU.Build.0 = Debug|Any CPU
		{21BA66F1-49FA-4CFF-8A1F-EC84FEBD2BB8}.AllClients|Any CPU.ActiveCfg = Debug|Any CPU
		{21BA66F1-49FA-4CFF-8A1F-EC84FEBD2BB8}.AllClients|Any CPU.Build.0 = Debug|Any CPU
		{21BA66F1-49FA-4CFF-8A1F-EC84FEBD2BB8}.Debug|Any CPU.ActiveCfg = Debug|Any CPU
		{21BA66F1-49FA-4CFF-8A1F-EC84FEBD2BB8}.Debug|Any CPU.Build.0 = Debug|Any CPU
		{21BA66F1-49FA-4CFF-8A1F-EC84FEBD2BB8}.debug32|Any CPU.ActiveCfg = Debug|Any CPU
		{21BA66F1-49FA-4CFF-8A1F-EC84FEBD2BB8}.debug32|Any CPU.Build.0 = Debug|Any CPU
		{21BA66F1-49FA-4CFF-8A1F-EC84FEBD2BB8}.Local|Any CPU.ActiveCfg = Debug|Any CPU
		{21BA66F1-49FA-4CFF-8A1F-EC84FEBD2BB8}.Local|Any CPU.Build.0 = Debug|Any CPU
		{21BA66F1-49FA-4CFF-8A1F-EC84FEBD2BB8}.Release|Any CPU.ActiveCfg = Release|Any CPU
		{21BA66F1-49FA-4CFF-8A1F-EC84FEBD2BB8}.Release|Any CPU.Build.0 = Release|Any CPU
		{21BA66F1-49FA-4CFF-8A1F-EC84FEBD2BB8}.test|Any CPU.ActiveCfg = Debug|Any CPU
		{21BA66F1-49FA-4CFF-8A1F-EC84FEBD2BB8}.test|Any CPU.Build.0 = Debug|Any CPU
		{21BA66F1-49FA-4CFF-8A1F-EC84FEBD2BB8}.Yes|Any CPU.ActiveCfg = Debug|Any CPU
		{21BA66F1-49FA-4CFF-8A1F-EC84FEBD2BB8}.Yes|Any CPU.Build.0 = Debug|Any CPU
		{BEED20AB-DBD7-40B2-8910-827EC2E734BF}.AllClients|Any CPU.ActiveCfg = Debug|Any CPU
		{BEED20AB-DBD7-40B2-8910-827EC2E734BF}.AllClients|Any CPU.Build.0 = Debug|Any CPU
		{BEED20AB-DBD7-40B2-8910-827EC2E734BF}.Debug|Any CPU.ActiveCfg = Debug|Any CPU
		{BEED20AB-DBD7-40B2-8910-827EC2E734BF}.Debug|Any CPU.Build.0 = Debug|Any CPU
		{BEED20AB-DBD7-40B2-8910-827EC2E734BF}.debug32|Any CPU.ActiveCfg = Debug|Any CPU
		{BEED20AB-DBD7-40B2-8910-827EC2E734BF}.debug32|Any CPU.Build.0 = Debug|Any CPU
		{BEED20AB-DBD7-40B2-8910-827EC2E734BF}.Local|Any CPU.ActiveCfg = Debug|Any CPU
		{BEED20AB-DBD7-40B2-8910-827EC2E734BF}.Local|Any CPU.Build.0 = Debug|Any CPU
		{BEED20AB-DBD7-40B2-8910-827EC2E734BF}.Release|Any CPU.ActiveCfg = Release|Any CPU
		{BEED20AB-DBD7-40B2-8910-827EC2E734BF}.Release|Any CPU.Build.0 = Release|Any CPU
		{BEED20AB-DBD7-40B2-8910-827EC2E734BF}.test|Any CPU.ActiveCfg = Debug|Any CPU
		{BEED20AB-DBD7-40B2-8910-827EC2E734BF}.test|Any CPU.Build.0 = Debug|Any CPU
		{BEED20AB-DBD7-40B2-8910-827EC2E734BF}.Yes|Any CPU.ActiveCfg = Debug|Any CPU
		{BEED20AB-DBD7-40B2-8910-827EC2E734BF}.Yes|Any CPU.Build.0 = Debug|Any CPU
		{55DC5A62-1131-4082-A68A-D42368054B20}.AllClients|Any CPU.ActiveCfg = Debug|Any CPU
		{55DC5A62-1131-4082-A68A-D42368054B20}.AllClients|Any CPU.Build.0 = Debug|Any CPU
		{55DC5A62-1131-4082-A68A-D42368054B20}.Debug|Any CPU.ActiveCfg = Debug|Any CPU
		{55DC5A62-1131-4082-A68A-D42368054B20}.Debug|Any CPU.Build.0 = Debug|Any CPU
		{55DC5A62-1131-4082-A68A-D42368054B20}.debug32|Any CPU.ActiveCfg = Debug|Any CPU
		{55DC5A62-1131-4082-A68A-D42368054B20}.debug32|Any CPU.Build.0 = Debug|Any CPU
		{55DC5A62-1131-4082-A68A-D42368054B20}.Local|Any CPU.ActiveCfg = Debug|Any CPU
		{55DC5A62-1131-4082-A68A-D42368054B20}.Local|Any CPU.Build.0 = Debug|Any CPU
		{55DC5A62-1131-4082-A68A-D42368054B20}.Release|Any CPU.ActiveCfg = Release|Any CPU
		{55DC5A62-1131-4082-A68A-D42368054B20}.Release|Any CPU.Build.0 = Release|Any CPU
		{55DC5A62-1131-4082-A68A-D42368054B20}.test|Any CPU.ActiveCfg = Debug|Any CPU
		{55DC5A62-1131-4082-A68A-D42368054B20}.test|Any CPU.Build.0 = Debug|Any CPU
		{55DC5A62-1131-4082-A68A-D42368054B20}.Yes|Any CPU.ActiveCfg = Debug|Any CPU
		{55DC5A62-1131-4082-A68A-D42368054B20}.Yes|Any CPU.Build.0 = Debug|Any CPU
		{2E82090E-522A-4DDA-9225-464BA6B6CEF4}.AllClients|Any CPU.ActiveCfg = Debug|Any CPU
		{2E82090E-522A-4DDA-9225-464BA6B6CEF4}.AllClients|Any CPU.Build.0 = Debug|Any CPU
		{2E82090E-522A-4DDA-9225-464BA6B6CEF4}.Debug|Any CPU.ActiveCfg = Debug|Any CPU
		{2E82090E-522A-4DDA-9225-464BA6B6CEF4}.Debug|Any CPU.Build.0 = Debug|Any CPU
		{2E82090E-522A-4DDA-9225-464BA6B6CEF4}.debug32|Any CPU.ActiveCfg = Debug|Any CPU
		{2E82090E-522A-4DDA-9225-464BA6B6CEF4}.debug32|Any CPU.Build.0 = Debug|Any CPU
		{2E82090E-522A-4DDA-9225-464BA6B6CEF4}.Local|Any CPU.ActiveCfg = Debug|Any CPU
		{2E82090E-522A-4DDA-9225-464BA6B6CEF4}.Local|Any CPU.Build.0 = Debug|Any CPU
		{2E82090E-522A-4DDA-9225-464BA6B6CEF4}.Release|Any CPU.ActiveCfg = Release|Any CPU
		{2E82090E-522A-4DDA-9225-464BA6B6CEF4}.Release|Any CPU.Build.0 = Release|Any CPU
		{2E82090E-522A-4DDA-9225-464BA6B6CEF4}.test|Any CPU.ActiveCfg = Debug|Any CPU
		{2E82090E-522A-4DDA-9225-464BA6B6CEF4}.test|Any CPU.Build.0 = Debug|Any CPU
		{2E82090E-522A-4DDA-9225-464BA6B6CEF4}.Yes|Any CPU.ActiveCfg = Debug|Any CPU
		{2E82090E-522A-4DDA-9225-464BA6B6CEF4}.Yes|Any CPU.Build.0 = Debug|Any CPU
		{B3A93A61-9597-4D3D-98D9-17DA3838D8A5}.AllClients|Any CPU.ActiveCfg = Debug|Any CPU
		{B3A93A61-9597-4D3D-98D9-17DA3838D8A5}.AllClients|Any CPU.Build.0 = Debug|Any CPU
		{B3A93A61-9597-4D3D-98D9-17DA3838D8A5}.Debug|Any CPU.ActiveCfg = Debug|Any CPU
		{B3A93A61-9597-4D3D-98D9-17DA3838D8A5}.Debug|Any CPU.Build.0 = Debug|Any CPU
		{B3A93A61-9597-4D3D-98D9-17DA3838D8A5}.debug32|Any CPU.ActiveCfg = Debug|Any CPU
		{B3A93A61-9597-4D3D-98D9-17DA3838D8A5}.debug32|Any CPU.Build.0 = Debug|Any CPU
		{B3A93A61-9597-4D3D-98D9-17DA3838D8A5}.Local|Any CPU.ActiveCfg = Debug|Any CPU
		{B3A93A61-9597-4D3D-98D9-17DA3838D8A5}.Local|Any CPU.Build.0 = Debug|Any CPU
		{B3A93A61-9597-4D3D-98D9-17DA3838D8A5}.Release|Any CPU.ActiveCfg = Release|Any CPU
		{B3A93A61-9597-4D3D-98D9-17DA3838D8A5}.Release|Any CPU.Build.0 = Release|Any CPU
		{B3A93A61-9597-4D3D-98D9-17DA3838D8A5}.test|Any CPU.ActiveCfg = Debug|Any CPU
		{B3A93A61-9597-4D3D-98D9-17DA3838D8A5}.test|Any CPU.Build.0 = Debug|Any CPU
		{B3A93A61-9597-4D3D-98D9-17DA3838D8A5}.Yes|Any CPU.ActiveCfg = Debug|Any CPU
		{B3A93A61-9597-4D3D-98D9-17DA3838D8A5}.Yes|Any CPU.Build.0 = Debug|Any CPU
		{43DD9F76-572A-46FE-B54F-931002859593}.AllClients|Any CPU.ActiveCfg = Debug|Any CPU
		{43DD9F76-572A-46FE-B54F-931002859593}.AllClients|Any CPU.Build.0 = Debug|Any CPU
		{43DD9F76-572A-46FE-B54F-931002859593}.Debug|Any CPU.ActiveCfg = Debug|Any CPU
		{43DD9F76-572A-46FE-B54F-931002859593}.Debug|Any CPU.Build.0 = Debug|Any CPU
		{43DD9F76-572A-46FE-B54F-931002859593}.debug32|Any CPU.ActiveCfg = Debug|Any CPU
		{43DD9F76-572A-46FE-B54F-931002859593}.debug32|Any CPU.Build.0 = Debug|Any CPU
		{43DD9F76-572A-46FE-B54F-931002859593}.Local|Any CPU.ActiveCfg = Debug|Any CPU
		{43DD9F76-572A-46FE-B54F-931002859593}.Local|Any CPU.Build.0 = Debug|Any CPU
		{43DD9F76-572A-46FE-B54F-931002859593}.Release|Any CPU.ActiveCfg = Release|Any CPU
		{43DD9F76-572A-46FE-B54F-931002859593}.Release|Any CPU.Build.0 = Release|Any CPU
		{43DD9F76-572A-46FE-B54F-931002859593}.test|Any CPU.ActiveCfg = Debug|Any CPU
		{43DD9F76-572A-46FE-B54F-931002859593}.test|Any CPU.Build.0 = Debug|Any CPU
		{43DD9F76-572A-46FE-B54F-931002859593}.Yes|Any CPU.ActiveCfg = Debug|Any CPU
		{43DD9F76-572A-46FE-B54F-931002859593}.Yes|Any CPU.Build.0 = Debug|Any CPU
		{CC5DD8C4-65C7-45EC-A188-E272A3E9AB28}.AllClients|Any CPU.ActiveCfg = Debug|Any CPU
		{CC5DD8C4-65C7-45EC-A188-E272A3E9AB28}.AllClients|Any CPU.Build.0 = Debug|Any CPU
		{CC5DD8C4-65C7-45EC-A188-E272A3E9AB28}.Debug|Any CPU.ActiveCfg = Debug|Any CPU
		{CC5DD8C4-65C7-45EC-A188-E272A3E9AB28}.Debug|Any CPU.Build.0 = Debug|Any CPU
		{CC5DD8C4-65C7-45EC-A188-E272A3E9AB28}.debug32|Any CPU.ActiveCfg = Debug|Any CPU
		{CC5DD8C4-65C7-45EC-A188-E272A3E9AB28}.debug32|Any CPU.Build.0 = Debug|Any CPU
		{CC5DD8C4-65C7-45EC-A188-E272A3E9AB28}.Local|Any CPU.ActiveCfg = Debug|Any CPU
		{CC5DD8C4-65C7-45EC-A188-E272A3E9AB28}.Local|Any CPU.Build.0 = Debug|Any CPU
		{CC5DD8C4-65C7-45EC-A188-E272A3E9AB28}.Release|Any CPU.ActiveCfg = Release|Any CPU
		{CC5DD8C4-65C7-45EC-A188-E272A3E9AB28}.Release|Any CPU.Build.0 = Release|Any CPU
		{CC5DD8C4-65C7-45EC-A188-E272A3E9AB28}.test|Any CPU.ActiveCfg = Debug|Any CPU
		{CC5DD8C4-65C7-45EC-A188-E272A3E9AB28}.test|Any CPU.Build.0 = Debug|Any CPU
		{CC5DD8C4-65C7-45EC-A188-E272A3E9AB28}.Yes|Any CPU.ActiveCfg = Debug|Any CPU
		{CC5DD8C4-65C7-45EC-A188-E272A3E9AB28}.Yes|Any CPU.Build.0 = Debug|Any CPU
		{6045B0A4-6419-44BC-AC3D-9E8BF9BD9DF0}.AllClients|Any CPU.ActiveCfg = Debug|Any CPU
		{6045B0A4-6419-44BC-AC3D-9E8BF9BD9DF0}.AllClients|Any CPU.Build.0 = Debug|Any CPU
		{6045B0A4-6419-44BC-AC3D-9E8BF9BD9DF0}.Debug|Any CPU.ActiveCfg = Debug|Any CPU
		{6045B0A4-6419-44BC-AC3D-9E8BF9BD9DF0}.Debug|Any CPU.Build.0 = Debug|Any CPU
		{6045B0A4-6419-44BC-AC3D-9E8BF9BD9DF0}.debug32|Any CPU.ActiveCfg = Debug|Any CPU
		{6045B0A4-6419-44BC-AC3D-9E8BF9BD9DF0}.debug32|Any CPU.Build.0 = Debug|Any CPU
		{6045B0A4-6419-44BC-AC3D-9E8BF9BD9DF0}.Local|Any CPU.ActiveCfg = Debug|Any CPU
		{6045B0A4-6419-44BC-AC3D-9E8BF9BD9DF0}.Local|Any CPU.Build.0 = Debug|Any CPU
		{6045B0A4-6419-44BC-AC3D-9E8BF9BD9DF0}.Release|Any CPU.ActiveCfg = Release|Any CPU
		{6045B0A4-6419-44BC-AC3D-9E8BF9BD9DF0}.Release|Any CPU.Build.0 = Release|Any CPU
		{6045B0A4-6419-44BC-AC3D-9E8BF9BD9DF0}.test|Any CPU.ActiveCfg = Debug|Any CPU
		{6045B0A4-6419-44BC-AC3D-9E8BF9BD9DF0}.test|Any CPU.Build.0 = Debug|Any CPU
		{6045B0A4-6419-44BC-AC3D-9E8BF9BD9DF0}.Yes|Any CPU.ActiveCfg = Debug|Any CPU
		{6045B0A4-6419-44BC-AC3D-9E8BF9BD9DF0}.Yes|Any CPU.Build.0 = Debug|Any CPU
		{D38FD92E-4084-47C2-B831-3A9D62317043}.AllClients|Any CPU.ActiveCfg = Debug|Any CPU
		{D38FD92E-4084-47C2-B831-3A9D62317043}.AllClients|Any CPU.Build.0 = Debug|Any CPU
		{D38FD92E-4084-47C2-B831-3A9D62317043}.Debug|Any CPU.ActiveCfg = Debug|Any CPU
		{D38FD92E-4084-47C2-B831-3A9D62317043}.Debug|Any CPU.Build.0 = Debug|Any CPU
		{D38FD92E-4084-47C2-B831-3A9D62317043}.debug32|Any CPU.ActiveCfg = Debug|Any CPU
		{D38FD92E-4084-47C2-B831-3A9D62317043}.debug32|Any CPU.Build.0 = Debug|Any CPU
		{D38FD92E-4084-47C2-B831-3A9D62317043}.Local|Any CPU.ActiveCfg = Debug|Any CPU
		{D38FD92E-4084-47C2-B831-3A9D62317043}.Local|Any CPU.Build.0 = Debug|Any CPU
		{D38FD92E-4084-47C2-B831-3A9D62317043}.Release|Any CPU.ActiveCfg = Release|Any CPU
		{D38FD92E-4084-47C2-B831-3A9D62317043}.Release|Any CPU.Build.0 = Release|Any CPU
		{D38FD92E-4084-47C2-B831-3A9D62317043}.test|Any CPU.ActiveCfg = Debug|Any CPU
		{D38FD92E-4084-47C2-B831-3A9D62317043}.test|Any CPU.Build.0 = Debug|Any CPU
		{D38FD92E-4084-47C2-B831-3A9D62317043}.Yes|Any CPU.ActiveCfg = Debug|Any CPU
		{D38FD92E-4084-47C2-B831-3A9D62317043}.Yes|Any CPU.Build.0 = Debug|Any CPU
		{11A50AA2-138D-46A7-AD98-E5782EC8815F}.AllClients|Any CPU.ActiveCfg = Debug|Any CPU
		{11A50AA2-138D-46A7-AD98-E5782EC8815F}.AllClients|Any CPU.Build.0 = Debug|Any CPU
		{11A50AA2-138D-46A7-AD98-E5782EC8815F}.Debug|Any CPU.ActiveCfg = Debug|Any CPU
		{11A50AA2-138D-46A7-AD98-E5782EC8815F}.Debug|Any CPU.Build.0 = Debug|Any CPU
		{11A50AA2-138D-46A7-AD98-E5782EC8815F}.debug32|Any CPU.ActiveCfg = Debug|Any CPU
		{11A50AA2-138D-46A7-AD98-E5782EC8815F}.debug32|Any CPU.Build.0 = Debug|Any CPU
		{11A50AA2-138D-46A7-AD98-E5782EC8815F}.Local|Any CPU.ActiveCfg = Debug|Any CPU
		{11A50AA2-138D-46A7-AD98-E5782EC8815F}.Local|Any CPU.Build.0 = Debug|Any CPU
		{11A50AA2-138D-46A7-AD98-E5782EC8815F}.Release|Any CPU.ActiveCfg = Release|Any CPU
		{11A50AA2-138D-46A7-AD98-E5782EC8815F}.Release|Any CPU.Build.0 = Release|Any CPU
		{11A50AA2-138D-46A7-AD98-E5782EC8815F}.test|Any CPU.ActiveCfg = Debug|Any CPU
		{11A50AA2-138D-46A7-AD98-E5782EC8815F}.test|Any CPU.Build.0 = Debug|Any CPU
		{11A50AA2-138D-46A7-AD98-E5782EC8815F}.Yes|Any CPU.ActiveCfg = Debug|Any CPU
		{11A50AA2-138D-46A7-AD98-E5782EC8815F}.Yes|Any CPU.Build.0 = Debug|Any CPU
		{BAC5DC27-79D6-4BFB-8584-DFEC4DEFD696}.AllClients|Any CPU.ActiveCfg = Debug|Any CPU
		{BAC5DC27-79D6-4BFB-8584-DFEC4DEFD696}.AllClients|Any CPU.Build.0 = Debug|Any CPU
		{BAC5DC27-79D6-4BFB-8584-DFEC4DEFD696}.Debug|Any CPU.ActiveCfg = Debug|Any CPU
		{BAC5DC27-79D6-4BFB-8584-DFEC4DEFD696}.Debug|Any CPU.Build.0 = Debug|Any CPU
		{BAC5DC27-79D6-4BFB-8584-DFEC4DEFD696}.debug32|Any CPU.ActiveCfg = Debug|Any CPU
		{BAC5DC27-79D6-4BFB-8584-DFEC4DEFD696}.debug32|Any CPU.Build.0 = Debug|Any CPU
		{BAC5DC27-79D6-4BFB-8584-DFEC4DEFD696}.Local|Any CPU.ActiveCfg = Debug|Any CPU
		{BAC5DC27-79D6-4BFB-8584-DFEC4DEFD696}.Local|Any CPU.Build.0 = Debug|Any CPU
		{BAC5DC27-79D6-4BFB-8584-DFEC4DEFD696}.Release|Any CPU.ActiveCfg = Release|Any CPU
		{BAC5DC27-79D6-4BFB-8584-DFEC4DEFD696}.Release|Any CPU.Build.0 = Release|Any CPU
		{BAC5DC27-79D6-4BFB-8584-DFEC4DEFD696}.test|Any CPU.ActiveCfg = Debug|Any CPU
		{BAC5DC27-79D6-4BFB-8584-DFEC4DEFD696}.test|Any CPU.Build.0 = Debug|Any CPU
		{BAC5DC27-79D6-4BFB-8584-DFEC4DEFD696}.Yes|Any CPU.ActiveCfg = Debug|Any CPU
		{BAC5DC27-79D6-4BFB-8584-DFEC4DEFD696}.Yes|Any CPU.Build.0 = Debug|Any CPU
		{97FFEDB2-FAF4-4F26-BAB9-EFFBC5B8AB34}.AllClients|Any CPU.ActiveCfg = Debug|Any CPU
		{97FFEDB2-FAF4-4F26-BAB9-EFFBC5B8AB34}.AllClients|Any CPU.Build.0 = Debug|Any CPU
		{97FFEDB2-FAF4-4F26-BAB9-EFFBC5B8AB34}.Debug|Any CPU.ActiveCfg = Debug|Any CPU
		{97FFEDB2-FAF4-4F26-BAB9-EFFBC5B8AB34}.Debug|Any CPU.Build.0 = Debug|Any CPU
		{97FFEDB2-FAF4-4F26-BAB9-EFFBC5B8AB34}.debug32|Any CPU.ActiveCfg = Debug|Any CPU
		{97FFEDB2-FAF4-4F26-BAB9-EFFBC5B8AB34}.debug32|Any CPU.Build.0 = Debug|Any CPU
		{97FFEDB2-FAF4-4F26-BAB9-EFFBC5B8AB34}.Local|Any CPU.ActiveCfg = Debug|Any CPU
		{97FFEDB2-FAF4-4F26-BAB9-EFFBC5B8AB34}.Local|Any CPU.Build.0 = Debug|Any CPU
		{97FFEDB2-FAF4-4F26-BAB9-EFFBC5B8AB34}.Release|Any CPU.ActiveCfg = Release|Any CPU
		{97FFEDB2-FAF4-4F26-BAB9-EFFBC5B8AB34}.Release|Any CPU.Build.0 = Release|Any CPU
		{97FFEDB2-FAF4-4F26-BAB9-EFFBC5B8AB34}.test|Any CPU.ActiveCfg = Debug|Any CPU
		{97FFEDB2-FAF4-4F26-BAB9-EFFBC5B8AB34}.test|Any CPU.Build.0 = Debug|Any CPU
		{97FFEDB2-FAF4-4F26-BAB9-EFFBC5B8AB34}.Yes|Any CPU.ActiveCfg = Debug|Any CPU
		{97FFEDB2-FAF4-4F26-BAB9-EFFBC5B8AB34}.Yes|Any CPU.Build.0 = Debug|Any CPU
		{C45EDF13-931F-42E7-8315-0EA052E781DB}.AllClients|Any CPU.ActiveCfg = Debug|Any CPU
		{C45EDF13-931F-42E7-8315-0EA052E781DB}.AllClients|Any CPU.Build.0 = Debug|Any CPU
		{C45EDF13-931F-42E7-8315-0EA052E781DB}.Debug|Any CPU.ActiveCfg = Debug|Any CPU
		{C45EDF13-931F-42E7-8315-0EA052E781DB}.Debug|Any CPU.Build.0 = Debug|Any CPU
		{C45EDF13-931F-42E7-8315-0EA052E781DB}.debug32|Any CPU.ActiveCfg = Debug|Any CPU
		{C45EDF13-931F-42E7-8315-0EA052E781DB}.debug32|Any CPU.Build.0 = Debug|Any CPU
		{C45EDF13-931F-42E7-8315-0EA052E781DB}.Local|Any CPU.ActiveCfg = Debug|Any CPU
		{C45EDF13-931F-42E7-8315-0EA052E781DB}.Local|Any CPU.Build.0 = Debug|Any CPU
		{C45EDF13-931F-42E7-8315-0EA052E781DB}.Release|Any CPU.ActiveCfg = Release|Any CPU
		{C45EDF13-931F-42E7-8315-0EA052E781DB}.Release|Any CPU.Build.0 = Release|Any CPU
		{C45EDF13-931F-42E7-8315-0EA052E781DB}.test|Any CPU.ActiveCfg = Debug|Any CPU
		{C45EDF13-931F-42E7-8315-0EA052E781DB}.test|Any CPU.Build.0 = Debug|Any CPU
		{C45EDF13-931F-42E7-8315-0EA052E781DB}.Yes|Any CPU.ActiveCfg = Debug|Any CPU
		{C45EDF13-931F-42E7-8315-0EA052E781DB}.Yes|Any CPU.Build.0 = Debug|Any CPU
		{3D5467FE-D416-4008-AD0A-0F664E54DCA5}.AllClients|Any CPU.ActiveCfg = Debug|Any CPU
		{3D5467FE-D416-4008-AD0A-0F664E54DCA5}.AllClients|Any CPU.Build.0 = Debug|Any CPU
		{3D5467FE-D416-4008-AD0A-0F664E54DCA5}.Debug|Any CPU.ActiveCfg = Debug|Any CPU
		{3D5467FE-D416-4008-AD0A-0F664E54DCA5}.Debug|Any CPU.Build.0 = Debug|Any CPU
		{3D5467FE-D416-4008-AD0A-0F664E54DCA5}.debug32|Any CPU.ActiveCfg = Debug|Any CPU
		{3D5467FE-D416-4008-AD0A-0F664E54DCA5}.debug32|Any CPU.Build.0 = Debug|Any CPU
		{3D5467FE-D416-4008-AD0A-0F664E54DCA5}.Local|Any CPU.ActiveCfg = Debug|Any CPU
		{3D5467FE-D416-4008-AD0A-0F664E54DCA5}.Local|Any CPU.Build.0 = Debug|Any CPU
		{3D5467FE-D416-4008-AD0A-0F664E54DCA5}.Release|Any CPU.ActiveCfg = Release|Any CPU
		{3D5467FE-D416-4008-AD0A-0F664E54DCA5}.Release|Any CPU.Build.0 = Release|Any CPU
		{3D5467FE-D416-4008-AD0A-0F664E54DCA5}.test|Any CPU.ActiveCfg = Debug|Any CPU
		{3D5467FE-D416-4008-AD0A-0F664E54DCA5}.test|Any CPU.Build.0 = Debug|Any CPU
		{3D5467FE-D416-4008-AD0A-0F664E54DCA5}.Yes|Any CPU.ActiveCfg = Debug|Any CPU
		{3D5467FE-D416-4008-AD0A-0F664E54DCA5}.Yes|Any CPU.Build.0 = Debug|Any CPU
		{C46350E3-5F73-459E-BE01-13426446BC39}.AllClients|Any CPU.ActiveCfg = Debug|Any CPU
		{C46350E3-5F73-459E-BE01-13426446BC39}.AllClients|Any CPU.Build.0 = Debug|Any CPU
		{C46350E3-5F73-459E-BE01-13426446BC39}.Debug|Any CPU.ActiveCfg = Debug|Any CPU
		{C46350E3-5F73-459E-BE01-13426446BC39}.Debug|Any CPU.Build.0 = Debug|Any CPU
		{C46350E3-5F73-459E-BE01-13426446BC39}.debug32|Any CPU.ActiveCfg = Debug|Any CPU
		{C46350E3-5F73-459E-BE01-13426446BC39}.debug32|Any CPU.Build.0 = Debug|Any CPU
		{C46350E3-5F73-459E-BE01-13426446BC39}.Local|Any CPU.ActiveCfg = Debug|Any CPU
		{C46350E3-5F73-459E-BE01-13426446BC39}.Local|Any CPU.Build.0 = Debug|Any CPU
		{C46350E3-5F73-459E-BE01-13426446BC39}.Release|Any CPU.ActiveCfg = Release|Any CPU
		{C46350E3-5F73-459E-BE01-13426446BC39}.Release|Any CPU.Build.0 = Release|Any CPU
		{C46350E3-5F73-459E-BE01-13426446BC39}.test|Any CPU.ActiveCfg = Debug|Any CPU
		{C46350E3-5F73-459E-BE01-13426446BC39}.test|Any CPU.Build.0 = Debug|Any CPU
		{C46350E3-5F73-459E-BE01-13426446BC39}.Yes|Any CPU.ActiveCfg = Debug|Any CPU
		{C46350E3-5F73-459E-BE01-13426446BC39}.Yes|Any CPU.Build.0 = Debug|Any CPU
		{F2A5E10B-E848-4F0B-A730-BFCD76FE5043}.AllClients|Any CPU.ActiveCfg = Debug|Any CPU
		{F2A5E10B-E848-4F0B-A730-BFCD76FE5043}.AllClients|Any CPU.Build.0 = Debug|Any CPU
		{F2A5E10B-E848-4F0B-A730-BFCD76FE5043}.Debug|Any CPU.ActiveCfg = Debug|Any CPU
		{F2A5E10B-E848-4F0B-A730-BFCD76FE5043}.Debug|Any CPU.Build.0 = Debug|Any CPU
		{F2A5E10B-E848-4F0B-A730-BFCD76FE5043}.debug32|Any CPU.ActiveCfg = Debug|Any CPU
		{F2A5E10B-E848-4F0B-A730-BFCD76FE5043}.debug32|Any CPU.Build.0 = Debug|Any CPU
		{F2A5E10B-E848-4F0B-A730-BFCD76FE5043}.Local|Any CPU.ActiveCfg = Debug|Any CPU
		{F2A5E10B-E848-4F0B-A730-BFCD76FE5043}.Local|Any CPU.Build.0 = Debug|Any CPU
		{F2A5E10B-E848-4F0B-A730-BFCD76FE5043}.Release|Any CPU.ActiveCfg = Release|Any CPU
		{F2A5E10B-E848-4F0B-A730-BFCD76FE5043}.Release|Any CPU.Build.0 = Release|Any CPU
		{F2A5E10B-E848-4F0B-A730-BFCD76FE5043}.test|Any CPU.ActiveCfg = Debug|Any CPU
		{F2A5E10B-E848-4F0B-A730-BFCD76FE5043}.test|Any CPU.Build.0 = Debug|Any CPU
		{F2A5E10B-E848-4F0B-A730-BFCD76FE5043}.Yes|Any CPU.ActiveCfg = Debug|Any CPU
		{F2A5E10B-E848-4F0B-A730-BFCD76FE5043}.Yes|Any CPU.Build.0 = Debug|Any CPU
		{1DF83BE0-6095-4F0E-9E91-5F5046DA1AB3}.AllClients|Any CPU.ActiveCfg = Debug|Any CPU
		{1DF83BE0-6095-4F0E-9E91-5F5046DA1AB3}.AllClients|Any CPU.Build.0 = Debug|Any CPU
		{1DF83BE0-6095-4F0E-9E91-5F5046DA1AB3}.Debug|Any CPU.ActiveCfg = Debug|Any CPU
		{1DF83BE0-6095-4F0E-9E91-5F5046DA1AB3}.Debug|Any CPU.Build.0 = Debug|Any CPU
		{1DF83BE0-6095-4F0E-9E91-5F5046DA1AB3}.debug32|Any CPU.ActiveCfg = Debug|Any CPU
		{1DF83BE0-6095-4F0E-9E91-5F5046DA1AB3}.debug32|Any CPU.Build.0 = Debug|Any CPU
		{1DF83BE0-6095-4F0E-9E91-5F5046DA1AB3}.Local|Any CPU.ActiveCfg = Debug|Any CPU
		{1DF83BE0-6095-4F0E-9E91-5F5046DA1AB3}.Local|Any CPU.Build.0 = Debug|Any CPU
		{1DF83BE0-6095-4F0E-9E91-5F5046DA1AB3}.Release|Any CPU.ActiveCfg = Release|Any CPU
		{1DF83BE0-6095-4F0E-9E91-5F5046DA1AB3}.Release|Any CPU.Build.0 = Release|Any CPU
		{1DF83BE0-6095-4F0E-9E91-5F5046DA1AB3}.test|Any CPU.ActiveCfg = Debug|Any CPU
		{1DF83BE0-6095-4F0E-9E91-5F5046DA1AB3}.test|Any CPU.Build.0 = Debug|Any CPU
		{1DF83BE0-6095-4F0E-9E91-5F5046DA1AB3}.Yes|Any CPU.ActiveCfg = Debug|Any CPU
		{1DF83BE0-6095-4F0E-9E91-5F5046DA1AB3}.Yes|Any CPU.Build.0 = Debug|Any CPU
		{27B8AB82-1D17-430C-A86F-4F305DC40FAD}.AllClients|Any CPU.ActiveCfg = Release|Any CPU
		{27B8AB82-1D17-430C-A86F-4F305DC40FAD}.AllClients|Any CPU.Build.0 = Release|Any CPU
		{27B8AB82-1D17-430C-A86F-4F305DC40FAD}.Debug|Any CPU.ActiveCfg = Debug|Any CPU
		{27B8AB82-1D17-430C-A86F-4F305DC40FAD}.Debug|Any CPU.Build.0 = Debug|Any CPU
		{27B8AB82-1D17-430C-A86F-4F305DC40FAD}.debug32|Any CPU.ActiveCfg = Debug|Any CPU
		{27B8AB82-1D17-430C-A86F-4F305DC40FAD}.debug32|Any CPU.Build.0 = Debug|Any CPU
		{27B8AB82-1D17-430C-A86F-4F305DC40FAD}.Local|Any CPU.ActiveCfg = Release|Any CPU
		{27B8AB82-1D17-430C-A86F-4F305DC40FAD}.Local|Any CPU.Build.0 = Release|Any CPU
		{27B8AB82-1D17-430C-A86F-4F305DC40FAD}.Release|Any CPU.ActiveCfg = Release|Any CPU
		{27B8AB82-1D17-430C-A86F-4F305DC40FAD}.Release|Any CPU.Build.0 = Release|Any CPU
		{27B8AB82-1D17-430C-A86F-4F305DC40FAD}.test|Any CPU.ActiveCfg = Release|Any CPU
		{27B8AB82-1D17-430C-A86F-4F305DC40FAD}.test|Any CPU.Build.0 = Release|Any CPU
		{27B8AB82-1D17-430C-A86F-4F305DC40FAD}.Yes|Any CPU.ActiveCfg = Release|Any CPU
		{27B8AB82-1D17-430C-A86F-4F305DC40FAD}.Yes|Any CPU.Build.0 = Release|Any CPU
		{678EAB95-EEF6-434C-A251-90F32B887DB3}.AllClients|Any CPU.ActiveCfg = Debug|Any CPU
		{678EAB95-EEF6-434C-A251-90F32B887DB3}.AllClients|Any CPU.Build.0 = Debug|Any CPU
		{678EAB95-EEF6-434C-A251-90F32B887DB3}.Debug|Any CPU.ActiveCfg = Debug|Any CPU
		{678EAB95-EEF6-434C-A251-90F32B887DB3}.Debug|Any CPU.Build.0 = Debug|Any CPU
		{678EAB95-EEF6-434C-A251-90F32B887DB3}.debug32|Any CPU.ActiveCfg = Debug|Any CPU
		{678EAB95-EEF6-434C-A251-90F32B887DB3}.debug32|Any CPU.Build.0 = Debug|Any CPU
		{678EAB95-EEF6-434C-A251-90F32B887DB3}.Local|Any CPU.ActiveCfg = Debug|Any CPU
		{678EAB95-EEF6-434C-A251-90F32B887DB3}.Local|Any CPU.Build.0 = Debug|Any CPU
		{678EAB95-EEF6-434C-A251-90F32B887DB3}.Release|Any CPU.ActiveCfg = Release|Any CPU
		{678EAB95-EEF6-434C-A251-90F32B887DB3}.Release|Any CPU.Build.0 = Release|Any CPU
		{678EAB95-EEF6-434C-A251-90F32B887DB3}.test|Any CPU.ActiveCfg = Debug|Any CPU
		{678EAB95-EEF6-434C-A251-90F32B887DB3}.test|Any CPU.Build.0 = Debug|Any CPU
		{678EAB95-EEF6-434C-A251-90F32B887DB3}.Yes|Any CPU.ActiveCfg = Debug|Any CPU
		{678EAB95-EEF6-434C-A251-90F32B887DB3}.Yes|Any CPU.Build.0 = Debug|Any CPU
		{C02477CD-FE0B-459B-B760-281948BF3931}.AllClients|Any CPU.ActiveCfg = Release|Any CPU
		{C02477CD-FE0B-459B-B760-281948BF3931}.AllClients|Any CPU.Build.0 = Release|Any CPU
		{C02477CD-FE0B-459B-B760-281948BF3931}.Debug|Any CPU.ActiveCfg = Debug|Any CPU
		{C02477CD-FE0B-459B-B760-281948BF3931}.Debug|Any CPU.Build.0 = Debug|Any CPU
		{C02477CD-FE0B-459B-B760-281948BF3931}.debug32|Any CPU.ActiveCfg = Debug|Any CPU
		{C02477CD-FE0B-459B-B760-281948BF3931}.debug32|Any CPU.Build.0 = Debug|Any CPU
		{C02477CD-FE0B-459B-B760-281948BF3931}.Local|Any CPU.ActiveCfg = Release|Any CPU
		{C02477CD-FE0B-459B-B760-281948BF3931}.Local|Any CPU.Build.0 = Release|Any CPU
		{C02477CD-FE0B-459B-B760-281948BF3931}.Release|Any CPU.ActiveCfg = Release|Any CPU
		{C02477CD-FE0B-459B-B760-281948BF3931}.Release|Any CPU.Build.0 = Release|Any CPU
		{C02477CD-FE0B-459B-B760-281948BF3931}.test|Any CPU.ActiveCfg = Release|Any CPU
		{C02477CD-FE0B-459B-B760-281948BF3931}.test|Any CPU.Build.0 = Release|Any CPU
		{C02477CD-FE0B-459B-B760-281948BF3931}.Yes|Any CPU.ActiveCfg = Release|Any CPU
		{C02477CD-FE0B-459B-B760-281948BF3931}.Yes|Any CPU.Build.0 = Release|Any CPU
	EndGlobalSection
	GlobalSection(SolutionProperties) = preSolution
		HideSolutionNode = FALSE
	EndGlobalSection
	GlobalSection(NestedProjects) = preSolution
		{2DA122E7-8C17-49BC-8F28-108A4ED741E4} = {2B6AD0A5-EDED-4C75-B92E-86D0C03D2A1E}
		{3C8A6707-CEFB-40E2-9E8F-9D94BDF6A10C} = {83D4A8C8-5B13-4468-9F4C-A8B989A5C9DE}
		{1DF66DB2-D5D1-4B31-A7A0-5BEB650DA85F} = {83D4A8C8-5B13-4468-9F4C-A8B989A5C9DE}
		{5D400DB4-C756-4B5C-8359-FE55084043F4} = {75C2CAD2-4BA9-4D93-8D14-5C005BEC0D7F}
		{E53BAE81-A07C-4112-A42D-4E899D6A52FC} = {75C2CAD2-4BA9-4D93-8D14-5C005BEC0D7F}
		{48CB3B25-623B-4500-8E88-2E77A7074238} = {75C2CAD2-4BA9-4D93-8D14-5C005BEC0D7F}
		{B7DDD3F9-1844-41B1-AE65-68CFE6F95915} = {75C2CAD2-4BA9-4D93-8D14-5C005BEC0D7F}
		{C14818ED-F1A0-4CDB-85DF-4F8018F60C31} = {75C2CAD2-4BA9-4D93-8D14-5C005BEC0D7F}
		{209EE212-3A89-4966-951E-0173DCC76BB0} = {75C2CAD2-4BA9-4D93-8D14-5C005BEC0D7F}
		{BEAD66E3-143B-4C83-9352-50AFB0AA62FA} = {75C2CAD2-4BA9-4D93-8D14-5C005BEC0D7F}
		{B76F07E3-91C2-44A7-B80B-EB60BFB07825} = {75C2CAD2-4BA9-4D93-8D14-5C005BEC0D7F}
		{53D79E6C-FE76-40FD-8C8E-6256D9DE79A3} = {75C2CAD2-4BA9-4D93-8D14-5C005BEC0D7F}
		{9C98DB15-9EFB-47A4-8BE1-9BB873518E8C} = {75C2CAD2-4BA9-4D93-8D14-5C005BEC0D7F}
		{D9C9D8FA-3215-4E73-8765-D573DA24D6BE} = {75C2CAD2-4BA9-4D93-8D14-5C005BEC0D7F}
		{9D2ABB52-E0A0-4DFA-9E24-7E0B98D3557D} = {75C2CAD2-4BA9-4D93-8D14-5C005BEC0D7F}
		{23FA1EBA-D2D0-4F86-96A4-46C5BE96C780} = {173647D2-B5B7-46DC-80FB-0326B428418A}
		{3500A840-C10F-4904-95D8-62D9ED6A0116} = {173647D2-B5B7-46DC-80FB-0326B428418A}
		{30B747E2-22E4-407E-BB76-83B3479C8132} = {F87693E0-C8C1-416C-A8E4-2287D8FC2AEE}
		{80E18813-371F-4F6C-8646-6D70FACEB219} = {F87693E0-C8C1-416C-A8E4-2287D8FC2AEE}
		{EC5315B5-29E9-45E6-A20E-8C5C7442C9BC} = {F87693E0-C8C1-416C-A8E4-2287D8FC2AEE}
		{5D656245-37B1-4787-AE34-A86F5E37A5F1} = {F87693E0-C8C1-416C-A8E4-2287D8FC2AEE}
		{939556AF-A17E-4719-B87C-7C0916602FA3} = {F87693E0-C8C1-416C-A8E4-2287D8FC2AEE}
		{99494E7B-3B65-4EC9-A656-9F99DE287003} = {F87693E0-C8C1-416C-A8E4-2287D8FC2AEE}
		{F87693E0-C8C1-416C-A8E4-2287D8FC2AEE} = {80535B55-CED9-4B4A-9040-933D6AC84B2E}
		{470ABA49-ACF5-4698-B8A6-8EE9ABE07803} = {80535B55-CED9-4B4A-9040-933D6AC84B2E}
		{1CC5B224-CDFE-4108-9160-C1400C0F4205} = {470ABA49-ACF5-4698-B8A6-8EE9ABE07803}
		{F26835EC-ED58-4FF0-A48C-9883DECEC31B} = {470ABA49-ACF5-4698-B8A6-8EE9ABE07803}
		{F5344336-D876-4785-BE21-19035AF2C558} = {470ABA49-ACF5-4698-B8A6-8EE9ABE07803}
		{1543408F-0B7C-4F47-B696-8EEBDF54BA96} = {470ABA49-ACF5-4698-B8A6-8EE9ABE07803}
		{BF958DAB-F474-4307-AB34-BE59820B92A2} = {470ABA49-ACF5-4698-B8A6-8EE9ABE07803}
		{40A35D6A-3415-4BA6-8DF2-A3DF9E036208} = {1CC5B224-CDFE-4108-9160-C1400C0F4205}
		{EAD079C2-5CAB-4942-9074-145DEF56BD1F} = {1CC5B224-CDFE-4108-9160-C1400C0F4205}
		{18062BE9-51DB-414A-9372-9CDF8B5DDD3C} = {470ABA49-ACF5-4698-B8A6-8EE9ABE07803}
		{15FFF79B-66B4-4FB4-A455-7E7F64DDB105} = {470ABA49-ACF5-4698-B8A6-8EE9ABE07803}
		{BA50A0F4-29E5-4DBE-95E2-67A57E481F95} = {470ABA49-ACF5-4698-B8A6-8EE9ABE07803}
		{790D4AD8-C2B8-4094-8125-BF01CB974000} = {470ABA49-ACF5-4698-B8A6-8EE9ABE07803}
		{8D26CFD2-5D8D-4713-930F-BE8953134825} = {470ABA49-ACF5-4698-B8A6-8EE9ABE07803}
		{9E28AB72-C6FD-41B1-8614-4917F8A1FF87} = {470ABA49-ACF5-4698-B8A6-8EE9ABE07803}
		{B50170CC-7A84-4574-A98E-90DA2DAC989A} = {470ABA49-ACF5-4698-B8A6-8EE9ABE07803}
		{53265D6B-1211-4244-B9AF-8B4AE60C8BB2} = {470ABA49-ACF5-4698-B8A6-8EE9ABE07803}
		{0F026A05-D5D7-4E54-9BB2-977C2E720548} = {470ABA49-ACF5-4698-B8A6-8EE9ABE07803}
		{D29EF6EA-805E-4A3A-8AF0-7E360EC12C12} = {470ABA49-ACF5-4698-B8A6-8EE9ABE07803}
		{BAFC75FC-E052-4829-A65F-E8C66120BF3A} = {470ABA49-ACF5-4698-B8A6-8EE9ABE07803}
		{8986F8B1-7C12-4AEE-A0DB-1A613A8E9F40} = {80535B55-CED9-4B4A-9040-933D6AC84B2E}
		{BA80A5B4-5485-4044-8C6E-81BCE7C47724} = {8986F8B1-7C12-4AEE-A0DB-1A613A8E9F40}
		{077732D7-E13B-4B91-9356-8AC454F26C65} = {8986F8B1-7C12-4AEE-A0DB-1A613A8E9F40}
		{3C7C3F29-198B-45CC-9F31-9ACE194E37E8} = {8986F8B1-7C12-4AEE-A0DB-1A613A8E9F40}
		{F3705531-7906-4077-BFF2-1E7EF4A7C2DF} = {8986F8B1-7C12-4AEE-A0DB-1A613A8E9F40}
		{0AF52551-C654-46E9-A659-042CC7DD2A89} = {8986F8B1-7C12-4AEE-A0DB-1A613A8E9F40}
		{941E10CE-4D66-4193-9D4D-42BB3EECC1F5} = {8986F8B1-7C12-4AEE-A0DB-1A613A8E9F40}
		{BBF5F184-CC29-49F8-8A6B-BFA82DEEF862} = {8986F8B1-7C12-4AEE-A0DB-1A613A8E9F40}
		{21BA66F1-49FA-4CFF-8A1F-EC84FEBD2BB8} = {8986F8B1-7C12-4AEE-A0DB-1A613A8E9F40}
		{BEED20AB-DBD7-40B2-8910-827EC2E734BF} = {8986F8B1-7C12-4AEE-A0DB-1A613A8E9F40}
		{55DC5A62-1131-4082-A68A-D42368054B20} = {8986F8B1-7C12-4AEE-A0DB-1A613A8E9F40}
		{1DA53641-8E7E-4FF5-BA7D-2A467BCEB42F} = {80535B55-CED9-4B4A-9040-933D6AC84B2E}
		{2E82090E-522A-4DDA-9225-464BA6B6CEF4} = {1DA53641-8E7E-4FF5-BA7D-2A467BCEB42F}
		{B3A93A61-9597-4D3D-98D9-17DA3838D8A5} = {1DA53641-8E7E-4FF5-BA7D-2A467BCEB42F}
		{938993D6-76B1-4DE8-A0B5-F8A18FBF4E7A} = {80535B55-CED9-4B4A-9040-933D6AC84B2E}
		{43DD9F76-572A-46FE-B54F-931002859593} = {938993D6-76B1-4DE8-A0B5-F8A18FBF4E7A}
		{CC5DD8C4-65C7-45EC-A188-E272A3E9AB28} = {938993D6-76B1-4DE8-A0B5-F8A18FBF4E7A}
		{6045B0A4-6419-44BC-AC3D-9E8BF9BD9DF0} = {938993D6-76B1-4DE8-A0B5-F8A18FBF4E7A}
		{D38FD92E-4084-47C2-B831-3A9D62317043} = {938993D6-76B1-4DE8-A0B5-F8A18FBF4E7A}
		{11A50AA2-138D-46A7-AD98-E5782EC8815F} = {938993D6-76B1-4DE8-A0B5-F8A18FBF4E7A}
		{BAC5DC27-79D6-4BFB-8584-DFEC4DEFD696} = {938993D6-76B1-4DE8-A0B5-F8A18FBF4E7A}
		{136B28E9-CF4B-4800-843A-00E223EDF7B0} = {80535B55-CED9-4B4A-9040-933D6AC84B2E}
		{97FFEDB2-FAF4-4F26-BAB9-EFFBC5B8AB34} = {136B28E9-CF4B-4800-843A-00E223EDF7B0}
		{C45EDF13-931F-42E7-8315-0EA052E781DB} = {136B28E9-CF4B-4800-843A-00E223EDF7B0}
		{3D5467FE-D416-4008-AD0A-0F664E54DCA5} = {136B28E9-CF4B-4800-843A-00E223EDF7B0}
		{C46350E3-5F73-459E-BE01-13426446BC39} = {173647D2-B5B7-46DC-80FB-0326B428418A}
		{F2A5E10B-E848-4F0B-A730-BFCD76FE5043} = {173647D2-B5B7-46DC-80FB-0326B428418A}
		{1DF83BE0-6095-4F0E-9E91-5F5046DA1AB3} = {80535B55-CED9-4B4A-9040-933D6AC84B2E}
		{678EAB95-EEF6-434C-A251-90F32B887DB3} = {80535B55-CED9-4B4A-9040-933D6AC84B2E}
		{C02477CD-FE0B-459B-B760-281948BF3931} = {470ABA49-ACF5-4698-B8A6-8EE9ABE07803}
	EndGlobalSection
	GlobalSection(ExtensibilityGlobals) = postSolution
		EnterpriseLibraryConfigurationToolBinariesPath = packages\Unity.2.1.505.2\lib\NET35
		SolutionGuid = {5604D01E-691A-49EC-9DF9-EECBFAFD1E19}
	EndGlobalSection
EndGlobal
